
Microsoft Visual Studio Solution File, Format Version 12.00
# Visual Studio 14
VisualStudioVersion = 14.0.25420.1
MinimumVisualStudioVersion = 10.0.40219.1
Project("{FAE04EC0-301F-11D3-BF4B-00C04F79EFBC}") = "CustomPopupDialog", "CustomPopupDialog\CustomPopupDialog\CustomPopupDialog.csproj", "{8172C379-AEA2-449E-9DB9-82D915408E17}"
EndProject
Project("{FAE04EC0-301F-11D3-BF4B-00C04F79EFBC}") = "CustomPopupDialog.Droid", "CustomPopupDialog\CustomPopupDialog.Droid\CustomPopupDialog.Droid.csproj", "{7E8B4AF6-9461-4A06-BB8B-37C8320FE8DE}"
EndProject
Project("{FAE04EC0-301F-11D3-BF4B-00C04F79EFBC}") = "CustomPopupDialog.iOS", "CustomPopupDialog\CustomPopupDialog.iOS\CustomPopupDialog.iOS.csproj", "{612CCAB0-DB3D-45B4-BF8F-1FAE9E76AE7F}"
EndProject
Project("{FAE04EC0-301F-11D3-BF4B-00C04F79EFBC}") = "CustomPopupDialog.WinPhone", "CustomPopupDialog\CustomPopupDialog.WinPhone\CustomPopupDialog.WinPhone.csproj", "{5F0C751D-EC6D-4A30-985E-83987B63205C}"
EndProject
Project("{FAE04EC0-301F-11D3-BF4B-00C04F79EFBC}") = "CustomPopupDialog.UWP", "CustomPopupDialog\CustomPopupDialog.UWP\CustomPopupDialog.UWP.csproj", "{E566BEAA-5F39-4A91-A838-37AB2A307CCE}"
EndProject
Project("{FAE04EC0-301F-11D3-BF4B-00C04F79EFBC}") = "CustomPopupDialog.Windows", "CustomPopupDialog\CustomPopupDialog.Windows\CustomPopupDialog.Windows.csproj", "{CA9E9344-E59F-4A10-A8E3-68A6C0B58605}"
EndProject
Global
	GlobalSection(SolutionConfigurationPlatforms) = preSolution
		Ad-Hoc|Any CPU = Ad-Hoc|Any CPU
		Ad-Hoc|ARM = Ad-Hoc|ARM
		Ad-Hoc|iPhone = Ad-Hoc|iPhone
		Ad-Hoc|iPhoneSimulator = Ad-Hoc|iPhoneSimulator
		Ad-Hoc|x64 = Ad-Hoc|x64
		Ad-Hoc|x86 = Ad-Hoc|x86
		AppStore|Any CPU = AppStore|Any CPU
		AppStore|ARM = AppStore|ARM
		AppStore|iPhone = AppStore|iPhone
		AppStore|iPhoneSimulator = AppStore|iPhoneSimulator
		AppStore|x64 = AppStore|x64
		AppStore|x86 = AppStore|x86
		Debug|Any CPU = Debug|Any CPU
		Debug|ARM = Debug|ARM
		Debug|iPhone = Debug|iPhone
		Debug|iPhoneSimulator = Debug|iPhoneSimulator
		Debug|x64 = Debug|x64
		Debug|x86 = Debug|x86
		Release|Any CPU = Release|Any CPU
		Release|ARM = Release|ARM
		Release|iPhone = Release|iPhone
		Release|iPhoneSimulator = Release|iPhoneSimulator
		Release|x64 = Release|x64
		Release|x86 = Release|x86
	EndGlobalSection
	GlobalSection(ProjectConfigurationPlatforms) = postSolution
		{8172C379-AEA2-449E-9DB9-82D915408E17}.Ad-Hoc|Any CPU.ActiveCfg = Release|Any CPU
		{8172C379-AEA2-449E-9DB9-82D915408E17}.Ad-Hoc|Any CPU.Build.0 = Release|Any CPU
		{8172C379-AEA2-449E-9DB9-82D915408E17}.Ad-Hoc|ARM.ActiveCfg = Release|Any CPU
		{8172C379-AEA2-449E-9DB9-82D915408E17}.Ad-Hoc|ARM.Build.0 = Release|Any CPU
		{8172C379-AEA2-449E-9DB9-82D915408E17}.Ad-Hoc|iPhone.ActiveCfg = Release|Any CPU
		{8172C379-AEA2-449E-9DB9-82D915408E17}.Ad-Hoc|iPhone.Build.0 = Release|Any CPU
		{8172C379-AEA2-449E-9DB9-82D915408E17}.Ad-Hoc|iPhoneSimulator.ActiveCfg = Release|Any CPU
		{8172C379-AEA2-449E-9DB9-82D915408E17}.Ad-Hoc|iPhoneSimulator.Build.0 = Release|Any CPU
		{8172C379-AEA2-449E-9DB9-82D915408E17}.Ad-Hoc|x64.ActiveCfg = Release|Any CPU
		{8172C379-AEA2-449E-9DB9-82D915408E17}.Ad-Hoc|x64.Build.0 = Release|Any CPU
		{8172C379-AEA2-449E-9DB9-82D915408E17}.Ad-Hoc|x86.ActiveCfg = Release|Any CPU
		{8172C379-AEA2-449E-9DB9-82D915408E17}.Ad-Hoc|x86.Build.0 = Release|Any CPU
		{8172C379-AEA2-449E-9DB9-82D915408E17}.AppStore|Any CPU.ActiveCfg = Release|Any CPU
		{8172C379-AEA2-449E-9DB9-82D915408E17}.AppStore|Any CPU.Build.0 = Release|Any CPU
		{8172C379-AEA2-449E-9DB9-82D915408E17}.AppStore|ARM.ActiveCfg = Release|Any CPU
		{8172C379-AEA2-449E-9DB9-82D915408E17}.AppStore|ARM.Build.0 = Release|Any CPU
		{8172C379-AEA2-449E-9DB9-82D915408E17}.AppStore|iPhone.ActiveCfg = Release|Any CPU
		{8172C379-AEA2-449E-9DB9-82D915408E17}.AppStore|iPhone.Build.0 = Release|Any CPU
		{8172C379-AEA2-449E-9DB9-82D915408E17}.AppStore|iPhoneSimulator.ActiveCfg = Release|Any CPU
		{8172C379-AEA2-449E-9DB9-82D915408E17}.AppStore|iPhoneSimulator.Build.0 = Release|Any CPU
		{8172C379-AEA2-449E-9DB9-82D915408E17}.AppStore|x64.ActiveCfg = Release|Any CPU
		{8172C379-AEA2-449E-9DB9-82D915408E17}.AppStore|x64.Build.0 = Release|Any CPU
		{8172C379-AEA2-449E-9DB9-82D915408E17}.AppStore|x86.ActiveCfg = Release|Any CPU
		{8172C379-AEA2-449E-9DB9-82D915408E17}.AppStore|x86.Build.0 = Release|Any CPU
		{8172C379-AEA2-449E-9DB9-82D915408E17}.Debug|Any CPU.ActiveCfg = Debug|Any CPU
		{8172C379-AEA2-449E-9DB9-82D915408E17}.Debug|Any CPU.Build.0 = Debug|Any CPU
		{8172C379-AEA2-449E-9DB9-82D915408E17}.Debug|ARM.ActiveCfg = Debug|Any CPU
		{8172C379-AEA2-449E-9DB9-82D915408E17}.Debug|ARM.Build.0 = Debug|Any CPU
		{8172C379-AEA2-449E-9DB9-82D915408E17}.Debug|iPhone.ActiveCfg = Debug|Any CPU
		{8172C379-AEA2-449E-9DB9-82D915408E17}.Debug|iPhone.Build.0 = Debug|Any CPU
		{8172C379-AEA2-449E-9DB9-82D915408E17}.Debug|iPhoneSimulator.ActiveCfg = Debug|Any CPU
		{8172C379-AEA2-449E-9DB9-82D915408E17}.Debug|iPhoneSimulator.Build.0 = Debug|Any CPU
		{8172C379-AEA2-449E-9DB9-82D915408E17}.Debug|x64.ActiveCfg = Debug|Any CPU
		{8172C379-AEA2-449E-9DB9-82D915408E17}.Debug|x64.Build.0 = Debug|Any CPU
		{8172C379-AEA2-449E-9DB9-82D915408E17}.Debug|x86.ActiveCfg = Debug|Any CPU
		{8172C379-AEA2-449E-9DB9-82D915408E17}.Debug|x86.Build.0 = Debug|Any CPU
		{8172C379-AEA2-449E-9DB9-82D915408E17}.Release|Any CPU.ActiveCfg = Release|Any CPU
		{8172C379-AEA2-449E-9DB9-82D915408E17}.Release|Any CPU.Build.0 = Release|Any CPU
		{8172C379-AEA2-449E-9DB9-82D915408E17}.Release|ARM.ActiveCfg = Release|Any CPU
		{8172C379-AEA2-449E-9DB9-82D915408E17}.Release|ARM.Build.0 = Release|Any CPU
		{8172C379-AEA2-449E-9DB9-82D915408E17}.Release|iPhone.ActiveCfg = Release|Any CPU
		{8172C379-AEA2-449E-9DB9-82D915408E17}.Release|iPhone.Build.0 = Release|Any CPU
		{8172C379-AEA2-449E-9DB9-82D915408E17}.Release|iPhoneSimulator.ActiveCfg = Release|Any CPU
		{8172C379-AEA2-449E-9DB9-82D915408E17}.Release|iPhoneSimulator.Build.0 = Release|Any CPU
		{8172C379-AEA2-449E-9DB9-82D915408E17}.Release|x64.ActiveCfg = Release|Any CPU
		{8172C379-AEA2-449E-9DB9-82D915408E17}.Release|x64.Build.0 = Release|Any CPU
		{8172C379-AEA2-449E-9DB9-82D915408E17}.Release|x86.ActiveCfg = Release|Any CPU
		{8172C379-AEA2-449E-9DB9-82D915408E17}.Release|x86.Build.0 = Release|Any CPU
		{7E8B4AF6-9461-4A06-BB8B-37C8320FE8DE}.Ad-Hoc|Any CPU.ActiveCfg = Release|Any CPU
		{7E8B4AF6-9461-4A06-BB8B-37C8320FE8DE}.Ad-Hoc|Any CPU.Build.0 = Release|Any CPU
		{7E8B4AF6-9461-4A06-BB8B-37C8320FE8DE}.Ad-Hoc|Any CPU.Deploy.0 = Release|Any CPU
		{7E8B4AF6-9461-4A06-BB8B-37C8320FE8DE}.Ad-Hoc|ARM.ActiveCfg = Release|Any CPU
		{7E8B4AF6-9461-4A06-BB8B-37C8320FE8DE}.Ad-Hoc|ARM.Build.0 = Release|Any CPU
		{7E8B4AF6-9461-4A06-BB8B-37C8320FE8DE}.Ad-Hoc|ARM.Deploy.0 = Release|Any CPU
		{7E8B4AF6-9461-4A06-BB8B-37C8320FE8DE}.Ad-Hoc|iPhone.ActiveCfg = Release|Any CPU
		{7E8B4AF6-9461-4A06-BB8B-37C8320FE8DE}.Ad-Hoc|iPhone.Build.0 = Release|Any CPU
		{7E8B4AF6-9461-4A06-BB8B-37C8320FE8DE}.Ad-Hoc|iPhone.Deploy.0 = Release|Any CPU
		{7E8B4AF6-9461-4A06-BB8B-37C8320FE8DE}.Ad-Hoc|iPhoneSimulator.ActiveCfg = Release|Any CPU
		{7E8B4AF6-9461-4A06-BB8B-37C8320FE8DE}.Ad-Hoc|iPhoneSimulator.Build.0 = Release|Any CPU
		{7E8B4AF6-9461-4A06-BB8B-37C8320FE8DE}.Ad-Hoc|iPhoneSimulator.Deploy.0 = Release|Any CPU
		{7E8B4AF6-9461-4A06-BB8B-37C8320FE8DE}.Ad-Hoc|x64.ActiveCfg = Release|Any CPU
		{7E8B4AF6-9461-4A06-BB8B-37C8320FE8DE}.Ad-Hoc|x64.Build.0 = Release|Any CPU
		{7E8B4AF6-9461-4A06-BB8B-37C8320FE8DE}.Ad-Hoc|x64.Deploy.0 = Release|Any CPU
		{7E8B4AF6-9461-4A06-BB8B-37C8320FE8DE}.Ad-Hoc|x86.ActiveCfg = Release|Any CPU
		{7E8B4AF6-9461-4A06-BB8B-37C8320FE8DE}.Ad-Hoc|x86.Build.0 = Release|Any CPU
		{7E8B4AF6-9461-4A06-BB8B-37C8320FE8DE}.Ad-Hoc|x86.Deploy.0 = Release|Any CPU
		{7E8B4AF6-9461-4A06-BB8B-37C8320FE8DE}.AppStore|Any CPU.ActiveCfg = Release|Any CPU
		{7E8B4AF6-9461-4A06-BB8B-37C8320FE8DE}.AppStore|Any CPU.Build.0 = Release|Any CPU
		{7E8B4AF6-9461-4A06-BB8B-37C8320FE8DE}.AppStore|Any CPU.Deploy.0 = Release|Any CPU
		{7E8B4AF6-9461-4A06-BB8B-37C8320FE8DE}.AppStore|ARM.ActiveCfg = Release|Any CPU
		{7E8B4AF6-9461-4A06-BB8B-37C8320FE8DE}.AppStore|ARM.Build.0 = Release|Any CPU
		{7E8B4AF6-9461-4A06-BB8B-37C8320FE8DE}.AppStore|ARM.Deploy.0 = Release|Any CPU
		{7E8B4AF6-9461-4A06-BB8B-37C8320FE8DE}.AppStore|iPhone.ActiveCfg = Release|Any CPU
		{7E8B4AF6-9461-4A06-BB8B-37C8320FE8DE}.AppStore|iPhone.Build.0 = Release|Any CPU
		{7E8B4AF6-9461-4A06-BB8B-37C8320FE8DE}.AppStore|iPhone.Deploy.0 = Release|Any CPU
		{7E8B4AF6-9461-4A06-BB8B-37C8320FE8DE}.AppStore|iPhoneSimulator.ActiveCfg = Release|Any CPU
		{7E8B4AF6-9461-4A06-BB8B-37C8320FE8DE}.AppStore|iPhoneSimulator.Build.0 = Release|Any CPU
		{7E8B4AF6-9461-4A06-BB8B-37C8320FE8DE}.AppStore|iPhoneSimulator.Deploy.0 = Release|Any CPU
		{7E8B4AF6-9461-4A06-BB8B-37C8320FE8DE}.AppStore|x64.ActiveCfg = Release|Any CPU
		{7E8B4AF6-9461-4A06-BB8B-37C8320FE8DE}.AppStore|x64.Build.0 = Release|Any CPU
		{7E8B4AF6-9461-4A06-BB8B-37C8320FE8DE}.AppStore|x64.Deploy.0 = Release|Any CPU
		{7E8B4AF6-9461-4A06-BB8B-37C8320FE8DE}.AppStore|x86.ActiveCfg = Release|Any CPU
		{7E8B4AF6-9461-4A06-BB8B-37C8320FE8DE}.AppStore|x86.Build.0 = Release|Any CPU
		{7E8B4AF6-9461-4A06-BB8B-37C8320FE8DE}.AppStore|x86.Deploy.0 = Release|Any CPU
		{7E8B4AF6-9461-4A06-BB8B-37C8320FE8DE}.Debug|Any CPU.ActiveCfg = Debug|Any CPU
		{7E8B4AF6-9461-4A06-BB8B-37C8320FE8DE}.Debug|Any CPU.Build.0 = Debug|Any CPU
		{7E8B4AF6-9461-4A06-BB8B-37C8320FE8DE}.Debug|Any CPU.Deploy.0 = Debug|Any CPU
		{7E8B4AF6-9461-4A06-BB8B-37C8320FE8DE}.Debug|ARM.ActiveCfg = Debug|Any CPU
		{7E8B4AF6-9461-4A06-BB8B-37C8320FE8DE}.Debug|ARM.Build.0 = Debug|Any CPU
		{7E8B4AF6-9461-4A06-BB8B-37C8320FE8DE}.Debug|ARM.Deploy.0 = Debug|Any CPU
		{7E8B4AF6-9461-4A06-BB8B-37C8320FE8DE}.Debug|iPhone.ActiveCfg = Debug|Any CPU
		{7E8B4AF6-9461-4A06-BB8B-37C8320FE8DE}.Debug|iPhone.Build.0 = Debug|Any CPU
		{7E8B4AF6-9461-4A06-BB8B-37C8320FE8DE}.Debug|iPhone.Deploy.0 = Debug|Any CPU
		{7E8B4AF6-9461-4A06-BB8B-37C8320FE8DE}.Debug|iPhoneSimulator.ActiveCfg = Debug|Any CPU
		{7E8B4AF6-9461-4A06-BB8B-37C8320FE8DE}.Debug|iPhoneSimulator.Build.0 = Debug|Any CPU
		{7E8B4AF6-9461-4A06-BB8B-37C8320FE8DE}.Debug|iPhoneSimulator.Deploy.0 = Debug|Any CPU
		{7E8B4AF6-9461-4A06-BB8B-37C8320FE8DE}.Debug|x64.ActiveCfg = Debug|Any CPU
		{7E8B4AF6-9461-4A06-BB8B-37C8320FE8DE}.Debug|x64.Build.0 = Debug|Any CPU
		{7E8B4AF6-9461-4A06-BB8B-37C8320FE8DE}.Debug|x64.Deploy.0 = Debug|Any CPU
		{7E8B4AF6-9461-4A06-BB8B-37C8320FE8DE}.Debug|x86.ActiveCfg = Debug|Any CPU
		{7E8B4AF6-9461-4A06-BB8B-37C8320FE8DE}.Debug|x86.Build.0 = Debug|Any CPU
		{7E8B4AF6-9461-4A06-BB8B-37C8320FE8DE}.Debug|x86.Deploy.0 = Debug|Any CPU
		{7E8B4AF6-9461-4A06-BB8B-37C8320FE8DE}.Release|Any CPU.ActiveCfg = Release|Any CPU
		{7E8B4AF6-9461-4A06-BB8B-37C8320FE8DE}.Release|Any CPU.Build.0 = Release|Any CPU
		{7E8B4AF6-9461-4A06-BB8B-37C8320FE8DE}.Release|Any CPU.Deploy.0 = Release|Any CPU
		{7E8B4AF6-9461-4A06-BB8B-37C8320FE8DE}.Release|ARM.ActiveCfg = Release|Any CPU
		{7E8B4AF6-9461-4A06-BB8B-37C8320FE8DE}.Release|ARM.Build.0 = Release|Any CPU
		{7E8B4AF6-9461-4A06-BB8B-37C8320FE8DE}.Release|ARM.Deploy.0 = Release|Any CPU
		{7E8B4AF6-9461-4A06-BB8B-37C8320FE8DE}.Release|iPhone.ActiveCfg = Release|Any CPU
		{7E8B4AF6-9461-4A06-BB8B-37C8320FE8DE}.Release|iPhone.Build.0 = Release|Any CPU
		{7E8B4AF6-9461-4A06-BB8B-37C8320FE8DE}.Release|iPhone.Deploy.0 = Release|Any CPU
		{7E8B4AF6-9461-4A06-BB8B-37C8320FE8DE}.Release|iPhoneSimulator.ActiveCfg = Release|Any CPU
		{7E8B4AF6-9461-4A06-BB8B-37C8320FE8DE}.Release|iPhoneSimulator.Build.0 = Release|Any CPU
		{7E8B4AF6-9461-4A06-BB8B-37C8320FE8DE}.Release|iPhoneSimulator.Deploy.0 = Release|Any CPU
		{7E8B4AF6-9461-4A06-BB8B-37C8320FE8DE}.Release|x64.ActiveCfg = Release|Any CPU
		{7E8B4AF6-9461-4A06-BB8B-37C8320FE8DE}.Release|x64.Build.0 = Release|Any CPU
		{7E8B4AF6-9461-4A06-BB8B-37C8320FE8DE}.Release|x64.Deploy.0 = Release|Any CPU
		{7E8B4AF6-9461-4A06-BB8B-37C8320FE8DE}.Release|x86.ActiveCfg = Release|Any CPU
		{7E8B4AF6-9461-4A06-BB8B-37C8320FE8DE}.Release|x86.Build.0 = Release|Any CPU
		{7E8B4AF6-9461-4A06-BB8B-37C8320FE8DE}.Release|x86.Deploy.0 = Release|Any CPU
		{612CCAB0-DB3D-45B4-BF8F-1FAE9E76AE7F}.Ad-Hoc|Any CPU.ActiveCfg = Ad-Hoc|iPhone
		{612CCAB0-DB3D-45B4-BF8F-1FAE9E76AE7F}.Ad-Hoc|ARM.ActiveCfg = Ad-Hoc|iPhone
		{612CCAB0-DB3D-45B4-BF8F-1FAE9E76AE7F}.Ad-Hoc|iPhone.ActiveCfg = Ad-Hoc|iPhone
		{612CCAB0-DB3D-45B4-BF8F-1FAE9E76AE7F}.Ad-Hoc|iPhone.Build.0 = Ad-Hoc|iPhone
		{612CCAB0-DB3D-45B4-BF8F-1FAE9E76AE7F}.Ad-Hoc|iPhoneSimulator.ActiveCfg = Ad-Hoc|iPhoneSimulator
		{612CCAB0-DB3D-45B4-BF8F-1FAE9E76AE7F}.Ad-Hoc|iPhoneSimulator.Build.0 = Ad-Hoc|iPhoneSimulator
		{612CCAB0-DB3D-45B4-BF8F-1FAE9E76AE7F}.Ad-Hoc|x64.ActiveCfg = Ad-Hoc|iPhone
		{612CCAB0-DB3D-45B4-BF8F-1FAE9E76AE7F}.Ad-Hoc|x86.ActiveCfg = Ad-Hoc|iPhone
		{612CCAB0-DB3D-45B4-BF8F-1FAE9E76AE7F}.AppStore|Any CPU.ActiveCfg = AppStore|iPhone
		{612CCAB0-DB3D-45B4-BF8F-1FAE9E76AE7F}.AppStore|ARM.ActiveCfg = AppStore|iPhone
		{612CCAB0-DB3D-45B4-BF8F-1FAE9E76AE7F}.AppStore|iPhone.ActiveCfg = AppStore|iPhone
		{612CCAB0-DB3D-45B4-BF8F-1FAE9E76AE7F}.AppStore|iPhone.Build.0 = AppStore|iPhone
		{612CCAB0-DB3D-45B4-BF8F-1FAE9E76AE7F}.AppStore|iPhoneSimulator.ActiveCfg = AppStore|iPhoneSimulator
		{612CCAB0-DB3D-45B4-BF8F-1FAE9E76AE7F}.AppStore|iPhoneSimulator.Build.0 = AppStore|iPhoneSimulator
		{612CCAB0-DB3D-45B4-BF8F-1FAE9E76AE7F}.AppStore|x64.ActiveCfg = AppStore|iPhone
		{612CCAB0-DB3D-45B4-BF8F-1FAE9E76AE7F}.AppStore|x86.ActiveCfg = AppStore|iPhone
		{612CCAB0-DB3D-45B4-BF8F-1FAE9E76AE7F}.Debug|Any CPU.ActiveCfg = Debug|iPhone
		{612CCAB0-DB3D-45B4-BF8F-1FAE9E76AE7F}.Debug|ARM.ActiveCfg = Debug|iPhone
		{612CCAB0-DB3D-45B4-BF8F-1FAE9E76AE7F}.Debug|iPhone.ActiveCfg = Debug|iPhone
		{612CCAB0-DB3D-45B4-BF8F-1FAE9E76AE7F}.Debug|iPhone.Build.0 = Debug|iPhone
		{612CCAB0-DB3D-45B4-BF8F-1FAE9E76AE7F}.Debug|iPhoneSimulator.ActiveCfg = Debug|iPhoneSimulator
		{612CCAB0-DB3D-45B4-BF8F-1FAE9E76AE7F}.Debug|iPhoneSimulator.Build.0 = Debug|iPhoneSimulator
		{612CCAB0-DB3D-45B4-BF8F-1FAE9E76AE7F}.Debug|x64.ActiveCfg = Debug|iPhone
		{612CCAB0-DB3D-45B4-BF8F-1FAE9E76AE7F}.Debug|x86.ActiveCfg = Debug|iPhone
		{612CCAB0-DB3D-45B4-BF8F-1FAE9E76AE7F}.Release|Any CPU.ActiveCfg = Release|iPhone
		{612CCAB0-DB3D-45B4-BF8F-1FAE9E76AE7F}.Release|ARM.ActiveCfg = Release|iPhone
		{612CCAB0-DB3D-45B4-BF8F-1FAE9E76AE7F}.Release|iPhone.ActiveCfg = Release|iPhone
		{612CCAB0-DB3D-45B4-BF8F-1FAE9E76AE7F}.Release|iPhone.Build.0 = Release|iPhone
		{612CCAB0-DB3D-45B4-BF8F-1FAE9E76AE7F}.Release|iPhoneSimulator.ActiveCfg = Release|iPhoneSimulator
		{612CCAB0-DB3D-45B4-BF8F-1FAE9E76AE7F}.Release|iPhoneSimulator.Build.0 = Release|iPhoneSimulator
		{612CCAB0-DB3D-45B4-BF8F-1FAE9E76AE7F}.Release|x64.ActiveCfg = Release|iPhone
		{612CCAB0-DB3D-45B4-BF8F-1FAE9E76AE7F}.Release|x86.ActiveCfg = Release|iPhone
		{5F0C751D-EC6D-4A30-985E-83987B63205C}.Ad-Hoc|Any CPU.ActiveCfg = Release|Any CPU
		{5F0C751D-EC6D-4A30-985E-83987B63205C}.Ad-Hoc|Any CPU.Build.0 = Release|Any CPU
		{5F0C751D-EC6D-4A30-985E-83987B63205C}.Ad-Hoc|Any CPU.Deploy.0 = Release|Any CPU
		{5F0C751D-EC6D-4A30-985E-83987B63205C}.Ad-Hoc|ARM.ActiveCfg = Release|ARM
		{5F0C751D-EC6D-4A30-985E-83987B63205C}.Ad-Hoc|ARM.Build.0 = Release|ARM
		{5F0C751D-EC6D-4A30-985E-83987B63205C}.Ad-Hoc|ARM.Deploy.0 = Release|ARM
		{5F0C751D-EC6D-4A30-985E-83987B63205C}.Ad-Hoc|iPhone.ActiveCfg = Release|Any CPU
		{5F0C751D-EC6D-4A30-985E-83987B63205C}.Ad-Hoc|iPhone.Build.0 = Release|Any CPU
		{5F0C751D-EC6D-4A30-985E-83987B63205C}.Ad-Hoc|iPhone.Deploy.0 = Release|Any CPU
		{5F0C751D-EC6D-4A30-985E-83987B63205C}.Ad-Hoc|iPhoneSimulator.ActiveCfg = Release|Any CPU
		{5F0C751D-EC6D-4A30-985E-83987B63205C}.Ad-Hoc|iPhoneSimulator.Build.0 = Release|Any CPU
		{5F0C751D-EC6D-4A30-985E-83987B63205C}.Ad-Hoc|iPhoneSimulator.Deploy.0 = Release|Any CPU
		{5F0C751D-EC6D-4A30-985E-83987B63205C}.Ad-Hoc|x64.ActiveCfg = Release|Any CPU
		{5F0C751D-EC6D-4A30-985E-83987B63205C}.Ad-Hoc|x64.Build.0 = Release|Any CPU
		{5F0C751D-EC6D-4A30-985E-83987B63205C}.Ad-Hoc|x64.Deploy.0 = Release|Any CPU
		{5F0C751D-EC6D-4A30-985E-83987B63205C}.Ad-Hoc|x86.ActiveCfg = Release|x86
		{5F0C751D-EC6D-4A30-985E-83987B63205C}.Ad-Hoc|x86.Build.0 = Release|x86
		{5F0C751D-EC6D-4A30-985E-83987B63205C}.Ad-Hoc|x86.Deploy.0 = Release|x86
		{5F0C751D-EC6D-4A30-985E-83987B63205C}.AppStore|Any CPU.ActiveCfg = Release|Any CPU
		{5F0C751D-EC6D-4A30-985E-83987B63205C}.AppStore|Any CPU.Build.0 = Release|Any CPU
		{5F0C751D-EC6D-4A30-985E-83987B63205C}.AppStore|Any CPU.Deploy.0 = Release|Any CPU
		{5F0C751D-EC6D-4A30-985E-83987B63205C}.AppStore|ARM.ActiveCfg = Release|ARM
		{5F0C751D-EC6D-4A30-985E-83987B63205C}.AppStore|ARM.Build.0 = Release|ARM
		{5F0C751D-EC6D-4A30-985E-83987B63205C}.AppStore|ARM.Deploy.0 = Release|ARM
		{5F0C751D-EC6D-4A30-985E-83987B63205C}.AppStore|iPhone.ActiveCfg = Release|Any CPU
		{5F0C751D-EC6D-4A30-985E-83987B63205C}.AppStore|iPhone.Build.0 = Release|Any CPU
		{5F0C751D-EC6D-4A30-985E-83987B63205C}.AppStore|iPhone.Deploy.0 = Release|Any CPU
		{5F0C751D-EC6D-4A30-985E-83987B63205C}.AppStore|iPhoneSimulator.ActiveCfg = Release|Any CPU
		{5F0C751D-EC6D-4A30-985E-83987B63205C}.AppStore|iPhoneSimulator.Build.0 = Release|Any CPU
		{5F0C751D-EC6D-4A30-985E-83987B63205C}.AppStore|iPhoneSimulator.Deploy.0 = Release|Any CPU
		{5F0C751D-EC6D-4A30-985E-83987B63205C}.AppStore|x64.ActiveCfg = Release|Any CPU
		{5F0C751D-EC6D-4A30-985E-83987B63205C}.AppStore|x64.Build.0 = Release|Any CPU
		{5F0C751D-EC6D-4A30-985E-83987B63205C}.AppStore|x64.Deploy.0 = Release|Any CPU
		{5F0C751D-EC6D-4A30-985E-83987B63205C}.AppStore|x86.ActiveCfg = Release|x86
		{5F0C751D-EC6D-4A30-985E-83987B63205C}.AppStore|x86.Build.0 = Release|x86
		{5F0C751D-EC6D-4A30-985E-83987B63205C}.AppStore|x86.Deploy.0 = Release|x86
		{5F0C751D-EC6D-4A30-985E-83987B63205C}.Debug|Any CPU.ActiveCfg = Debug|Any CPU
		{5F0C751D-EC6D-4A30-985E-83987B63205C}.Debug|Any CPU.Build.0 = Debug|Any CPU
		{5F0C751D-EC6D-4A30-985E-83987B63205C}.Debug|Any CPU.Deploy.0 = Debug|Any CPU
		{5F0C751D-EC6D-4A30-985E-83987B63205C}.Debug|ARM.ActiveCfg = Debug|ARM
		{5F0C751D-EC6D-4A30-985E-83987B63205C}.Debug|ARM.Build.0 = Debug|ARM
		{5F0C751D-EC6D-4A30-985E-83987B63205C}.Debug|ARM.Deploy.0 = Debug|ARM
		{5F0C751D-EC6D-4A30-985E-83987B63205C}.Debug|iPhone.ActiveCfg = Debug|Any CPU
		{5F0C751D-EC6D-4A30-985E-83987B63205C}.Debug|iPhone.Build.0 = Debug|Any CPU
		{5F0C751D-EC6D-4A30-985E-83987B63205C}.Debug|iPhone.Deploy.0 = Debug|Any CPU
		{5F0C751D-EC6D-4A30-985E-83987B63205C}.Debug|iPhoneSimulator.ActiveCfg = Debug|Any CPU
		{5F0C751D-EC6D-4A30-985E-83987B63205C}.Debug|iPhoneSimulator.Build.0 = Debug|Any CPU
		{5F0C751D-EC6D-4A30-985E-83987B63205C}.Debug|iPhoneSimulator.Deploy.0 = Debug|Any CPU
		{5F0C751D-EC6D-4A30-985E-83987B63205C}.Debug|x64.ActiveCfg = Debug|Any CPU
		{5F0C751D-EC6D-4A30-985E-83987B63205C}.Debug|x64.Build.0 = Debug|Any CPU
		{5F0C751D-EC6D-4A30-985E-83987B63205C}.Debug|x64.Deploy.0 = Debug|Any CPU
		{5F0C751D-EC6D-4A30-985E-83987B63205C}.Debug|x86.ActiveCfg = Debug|x86
		{5F0C751D-EC6D-4A30-985E-83987B63205C}.Debug|x86.Build.0 = Debug|x86
		{5F0C751D-EC6D-4A30-985E-83987B63205C}.Debug|x86.Deploy.0 = Debug|x86
		{5F0C751D-EC6D-4A30-985E-83987B63205C}.Release|Any CPU.ActiveCfg = Release|Any CPU
		{5F0C751D-EC6D-4A30-985E-83987B63205C}.Release|Any CPU.Build.0 = Release|Any CPU
		{5F0C751D-EC6D-4A30-985E-83987B63205C}.Release|Any CPU.Deploy.0 = Release|Any CPU
		{5F0C751D-EC6D-4A30-985E-83987B63205C}.Release|ARM.ActiveCfg = Release|ARM
		{5F0C751D-EC6D-4A30-985E-83987B63205C}.Release|ARM.Build.0 = Release|ARM
		{5F0C751D-EC6D-4A30-985E-83987B63205C}.Release|ARM.Deploy.0 = Release|ARM
		{5F0C751D-EC6D-4A30-985E-83987B63205C}.Release|iPhone.ActiveCfg = Release|Any CPU
		{5F0C751D-EC6D-4A30-985E-83987B63205C}.Release|iPhone.Build.0 = Release|Any CPU
		{5F0C751D-EC6D-4A30-985E-83987B63205C}.Release|iPhone.Deploy.0 = Release|Any CPU
		{5F0C751D-EC6D-4A30-985E-83987B63205C}.Release|iPhoneSimulator.ActiveCfg = Release|Any CPU
		{5F0C751D-EC6D-4A30-985E-83987B63205C}.Release|iPhoneSimulator.Build.0 = Release|Any CPU
		{5F0C751D-EC6D-4A30-985E-83987B63205C}.Release|iPhoneSimulator.Deploy.0 = Release|Any CPU
		{5F0C751D-EC6D-4A30-985E-83987B63205C}.Release|x64.ActiveCfg = Release|Any CPU
		{5F0C751D-EC6D-4A30-985E-83987B63205C}.Release|x64.Build.0 = Release|Any CPU
		{5F0C751D-EC6D-4A30-985E-83987B63205C}.Release|x64.Deploy.0 = Release|Any CPU
		{5F0C751D-EC6D-4A30-985E-83987B63205C}.Release|x86.ActiveCfg = Release|x86
		{5F0C751D-EC6D-4A30-985E-83987B63205C}.Release|x86.Build.0 = Release|x86
		{5F0C751D-EC6D-4A30-985E-83987B63205C}.Release|x86.Deploy.0 = Release|x86
		{E566BEAA-5F39-4A91-A838-37AB2A307CCE}.Ad-Hoc|Any CPU.ActiveCfg = Release|x86
		{E566BEAA-5F39-4A91-A838-37AB2A307CCE}.Ad-Hoc|Any CPU.Build.0 = Release|x86
		{E566BEAA-5F39-4A91-A838-37AB2A307CCE}.Ad-Hoc|Any CPU.Deploy.0 = Release|x86
		{E566BEAA-5F39-4A91-A838-37AB2A307CCE}.Ad-Hoc|ARM.ActiveCfg = Release|ARM
		{E566BEAA-5F39-4A91-A838-37AB2A307CCE}.Ad-Hoc|ARM.Build.0 = Release|ARM
		{E566BEAA-5F39-4A91-A838-37AB2A307CCE}.Ad-Hoc|ARM.Deploy.0 = Release|ARM
		{E566BEAA-5F39-4A91-A838-37AB2A307CCE}.Ad-Hoc|iPhone.ActiveCfg = Release|x86
		{E566BEAA-5F39-4A91-A838-37AB2A307CCE}.Ad-Hoc|iPhone.Build.0 = Release|x86
		{E566BEAA-5F39-4A91-A838-37AB2A307CCE}.Ad-Hoc|iPhone.Deploy.0 = Release|x86
		{E566BEAA-5F39-4A91-A838-37AB2A307CCE}.Ad-Hoc|iPhoneSimulator.ActiveCfg = Release|x86
		{E566BEAA-5F39-4A91-A838-37AB2A307CCE}.Ad-Hoc|iPhoneSimulator.Build.0 = Release|x86
		{E566BEAA-5F39-4A91-A838-37AB2A307CCE}.Ad-Hoc|iPhoneSimulator.Deploy.0 = Release|x86
		{E566BEAA-5F39-4A91-A838-37AB2A307CCE}.Ad-Hoc|x64.ActiveCfg = Release|x64
		{E566BEAA-5F39-4A91-A838-37AB2A307CCE}.Ad-Hoc|x64.Build.0 = Release|x64
		{E566BEAA-5F39-4A91-A838-37AB2A307CCE}.Ad-Hoc|x64.Deploy.0 = Release|x64
		{E566BEAA-5F39-4A91-A838-37AB2A307CCE}.Ad-Hoc|x86.ActiveCfg = Release|x86
		{E566BEAA-5F39-4A91-A838-37AB2A307CCE}.Ad-Hoc|x86.Build.0 = Release|x86
		{E566BEAA-5F39-4A91-A838-37AB2A307CCE}.Ad-Hoc|x86.Deploy.0 = Release|x86
		{E566BEAA-5F39-4A91-A838-37AB2A307CCE}.AppStore|Any CPU.ActiveCfg = Release|x86
		{E566BEAA-5F39-4A91-A838-37AB2A307CCE}.AppStore|Any CPU.Build.0 = Release|x86
		{E566BEAA-5F39-4A91-A838-37AB2A307CCE}.AppStore|Any CPU.Deploy.0 = Release|x86
		{E566BEAA-5F39-4A91-A838-37AB2A307CCE}.AppStore|ARM.ActiveCfg = Release|ARM
		{E566BEAA-5F39-4A91-A838-37AB2A307CCE}.AppStore|ARM.Build.0 = Release|ARM
		{E566BEAA-5F39-4A91-A838-37AB2A307CCE}.AppStore|ARM.Deploy.0 = Release|ARM
		{E566BEAA-5F39-4A91-A838-37AB2A307CCE}.AppStore|iPhone.ActiveCfg = Release|x86
		{E566BEAA-5F39-4A91-A838-37AB2A307CCE}.AppStore|iPhone.Build.0 = Release|x86
		{E566BEAA-5F39-4A91-A838-37AB2A307CCE}.AppStore|iPhone.Deploy.0 = Release|x86
		{E566BEAA-5F39-4A91-A838-37AB2A307CCE}.AppStore|iPhoneSimulator.ActiveCfg = Release|x86
		{E566BEAA-5F39-4A91-A838-37AB2A307CCE}.AppStore|iPhoneSimulator.Build.0 = Release|x86
		{E566BEAA-5F39-4A91-A838-37AB2A307CCE}.AppStore|iPhoneSimulator.Deploy.0 = Release|x86
		{E566BEAA-5F39-4A91-A838-37AB2A307CCE}.AppStore|x64.ActiveCfg = Release|x64
		{E566BEAA-5F39-4A91-A838-37AB2A307CCE}.AppStore|x64.Build.0 = Release|x64
		{E566BEAA-5F39-4A91-A838-37AB2A307CCE}.AppStore|x64.Deploy.0 = Release|x64
		{E566BEAA-5F39-4A91-A838-37AB2A307CCE}.AppStore|x86.ActiveCfg = Release|x86
		{E566BEAA-5F39-4A91-A838-37AB2A307CCE}.AppStore|x86.Build.0 = Release|x86
		{E566BEAA-5F39-4A91-A838-37AB2A307CCE}.AppStore|x86.Deploy.0 = Release|x86
		{E566BEAA-5F39-4A91-A838-37AB2A307CCE}.Debug|Any CPU.ActiveCfg = Debug|x86
		{E566BEAA-5F39-4A91-A838-37AB2A307CCE}.Debug|ARM.ActiveCfg = Debug|ARM
		{E566BEAA-5F39-4A91-A838-37AB2A307CCE}.Debug|ARM.Build.0 = Debug|ARM
		{E566BEAA-5F39-4A91-A838-37AB2A307CCE}.Debug|ARM.Deploy.0 = Debug|ARM
		{E566BEAA-5F39-4A91-A838-37AB2A307CCE}.Debug|iPhone.ActiveCfg = Debug|x86
		{E566BEAA-5F39-4A91-A838-37AB2A307CCE}.Debug|iPhoneSimulator.ActiveCfg = Debug|x86
		{E566BEAA-5F39-4A91-A838-37AB2A307CCE}.Debug|x64.ActiveCfg = Debug|x64
		{E566BEAA-5F39-4A91-A838-37AB2A307CCE}.Debug|x64.Build.0 = Debug|x64
		{E566BEAA-5F39-4A91-A838-37AB2A307CCE}.Debug|x64.Deploy.0 = Debug|x64
		{E566BEAA-5F39-4A91-A838-37AB2A307CCE}.Debug|x86.ActiveCfg = Debug|x86
		{E566BEAA-5F39-4A91-A838-37AB2A307CCE}.Debug|x86.Build.0 = Debug|x86
		{E566BEAA-5F39-4A91-A838-37AB2A307CCE}.Debug|x86.Deploy.0 = Debug|x86
		{E566BEAA-5F39-4A91-A838-37AB2A307CCE}.Release|Any CPU.ActiveCfg = Release|x86
		{E566BEAA-5F39-4A91-A838-37AB2A307CCE}.Release|ARM.ActiveCfg = Release|ARM
		{E566BEAA-5F39-4A91-A838-37AB2A307CCE}.Release|ARM.Build.0 = Release|ARM
		{E566BEAA-5F39-4A91-A838-37AB2A307CCE}.Release|ARM.Deploy.0 = Release|ARM
		{E566BEAA-5F39-4A91-A838-37AB2A307CCE}.Release|iPhone.ActiveCfg = Release|x86
		{E566BEAA-5F39-4A91-A838-37AB2A307CCE}.Release|iPhoneSimulator.ActiveCfg = Release|x86
		{E566BEAA-5F39-4A91-A838-37AB2A307CCE}.Release|x64.ActiveCfg = Release|x64
		{E566BEAA-5F39-4A91-A838-37AB2A307CCE}.Release|x64.Build.0 = Release|x64
		{E566BEAA-5F39-4A91-A838-37AB2A307CCE}.Release|x64.Deploy.0 = Release|x64
		{E566BEAA-5F39-4A91-A838-37AB2A307CCE}.Release|x86.ActiveCfg = Release|x86
		{E566BEAA-5F39-4A91-A838-37AB2A307CCE}.Release|x86.Build.0 = Release|x86
		{E566BEAA-5F39-4A91-A838-37AB2A307CCE}.Release|x86.Deploy.0 = Release|x86
		{CA9E9344-E59F-4A10-A8E3-68A6C0B58605}.Ad-Hoc|Any CPU.ActiveCfg = Release|Any CPU
		{CA9E9344-E59F-4A10-A8E3-68A6C0B58605}.Ad-Hoc|Any CPU.Build.0 = Release|Any CPU
		{CA9E9344-E59F-4A10-A8E3-68A6C0B58605}.Ad-Hoc|Any CPU.Deploy.0 = Release|Any CPU
		{CA9E9344-E59F-4A10-A8E3-68A6C0B58605}.Ad-Hoc|ARM.ActiveCfg = Release|ARM
		{CA9E9344-E59F-4A10-A8E3-68A6C0B58605}.Ad-Hoc|ARM.Build.0 = Release|ARM
		{CA9E9344-E59F-4A10-A8E3-68A6C0B58605}.Ad-Hoc|ARM.Deploy.0 = Release|ARM
		{CA9E9344-E59F-4A10-A8E3-68A6C0B58605}.Ad-Hoc|iPhone.ActiveCfg = Release|Any CPU
		{CA9E9344-E59F-4A10-A8E3-68A6C0B58605}.Ad-Hoc|iPhone.Build.0 = Release|Any CPU
		{CA9E9344-E59F-4A10-A8E3-68A6C0B58605}.Ad-Hoc|iPhone.Deploy.0 = Release|Any CPU
		{CA9E9344-E59F-4A10-A8E3-68A6C0B58605}.Ad-Hoc|iPhoneSimulator.ActiveCfg = Release|Any CPU
		{CA9E9344-E59F-4A10-A8E3-68A6C0B58605}.Ad-Hoc|iPhoneSimulator.Build.0 = Release|Any CPU
		{CA9E9344-E59F-4A10-A8E3-68A6C0B58605}.Ad-Hoc|iPhoneSimulator.Deploy.0 = Release|Any CPU
		{CA9E9344-E59F-4A10-A8E3-68A6C0B58605}.Ad-Hoc|x64.ActiveCfg = Release|x64
		{CA9E9344-E59F-4A10-A8E3-68A6C0B58605}.Ad-Hoc|x64.Build.0 = Release|x64
		{CA9E9344-E59F-4A10-A8E3-68A6C0B58605}.Ad-Hoc|x64.Deploy.0 = Release|x64
		{CA9E9344-E59F-4A10-A8E3-68A6C0B58605}.Ad-Hoc|x86.ActiveCfg = Release|x86
		{CA9E9344-E59F-4A10-A8E3-68A6C0B58605}.Ad-Hoc|x86.Build.0 = Release|x86
		{CA9E9344-E59F-4A10-A8E3-68A6C0B58605}.Ad-Hoc|x86.Deploy.0 = Release|x86
		{CA9E9344-E59F-4A10-A8E3-68A6C0B58605}.AppStore|Any CPU.ActiveCfg = Release|Any CPU
		{CA9E9344-E59F-4A10-A8E3-68A6C0B58605}.AppStore|Any CPU.Build.0 = Release|Any CPU
		{CA9E9344-E59F-4A10-A8E3-68A6C0B58605}.AppStore|Any CPU.Deploy.0 = Release|Any CPU
		{CA9E9344-E59F-4A10-A8E3-68A6C0B58605}.AppStore|ARM.ActiveCfg = Release|ARM
		{CA9E9344-E59F-4A10-A8E3-68A6C0B58605}.AppStore|ARM.Build.0 = Release|ARM
		{CA9E9344-E59F-4A10-A8E3-68A6C0B58605}.AppStore|ARM.Deploy.0 = Release|ARM
		{CA9E9344-E59F-4A10-A8E3-68A6C0B58605}.AppStore|iPhone.ActiveCfg = Release|Any CPU
		{CA9E9344-E59F-4A10-A8E3-68A6C0B58605}.AppStore|iPhone.Build.0 = Release|Any CPU
		{CA9E9344-E59F-4A10-A8E3-68A6C0B58605}.AppStore|iPhone.Deploy.0 = Release|Any CPU
		{CA9E9344-E59F-4A10-A8E3-68A6C0B58605}.AppStore|iPhoneSimulator.ActiveCfg = Release|Any CPU
		{CA9E9344-E59F-4A10-A8E3-68A6C0B58605}.AppStore|iPhoneSimulator.Build.0 = Release|Any CPU
		{CA9E9344-E59F-4A10-A8E3-68A6C0B58605}.AppStore|iPhoneSimulator.Deploy.0 = Release|Any CPU
		{CA9E9344-E59F-4A10-A8E3-68A6C0B58605}.AppStore|x64.ActiveCfg = Release|x64
		{CA9E9344-E59F-4A10-A8E3-68A6C0B58605}.AppStore|x64.Build.0 = Release|x64
		{CA9E9344-E59F-4A10-A8E3-68A6C0B58605}.AppStore|x64.Deploy.0 = Release|x64
		{CA9E9344-E59F-4A10-A8E3-68A6C0B58605}.AppStore|x86.ActiveCfg = Release|x86
		{CA9E9344-E59F-4A10-A8E3-68A6C0B58605}.AppStore|x86.Build.0 = Release|x86
		{CA9E9344-E59F-4A10-A8E3-68A6C0B58605}.AppStore|x86.Deploy.0 = Release|x86
		{CA9E9344-E59F-4A10-A8E3-68A6C0B58605}.Debug|Any CPU.ActiveCfg = Debug|Any CPU
		{CA9E9344-E59F-4A10-A8E3-68A6C0B58605}.Debug|Any CPU.Build.0 = Debug|Any CPU
		{CA9E9344-E59F-4A10-A8E3-68A6C0B58605}.Debug|Any CPU.Deploy.0 = Debug|Any CPU
		{CA9E9344-E59F-4A10-A8E3-68A6C0B58605}.Debug|ARM.ActiveCfg = Debug|ARM
		{CA9E9344-E59F-4A10-A8E3-68A6C0B58605}.Debug|ARM.Build.0 = Debug|ARM
		{CA9E9344-E59F-4A10-A8E3-68A6C0B58605}.Debug|ARM.Deploy.0 = Debug|ARM
		{CA9E9344-E59F-4A10-A8E3-68A6C0B58605}.Debug|iPhone.ActiveCfg = Debug|Any CPU
		{CA9E9344-E59F-4A10-A8E3-68A6C0B58605}.Debug|iPhone.Build.0 = Debug|Any CPU
		{CA9E9344-E59F-4A10-A8E3-68A6C0B58605}.Debug|iPhone.Deploy.0 = Debug|Any CPU
		{CA9E9344-E59F-4A10-A8E3-68A6C0B58605}.Debug|iPhoneSimulator.ActiveCfg = Debug|Any CPU
		{CA9E9344-E59F-4A10-A8E3-68A6C0B58605}.Debug|iPhoneSimulator.Build.0 = Debug|Any CPU
		{CA9E9344-E59F-4A10-A8E3-68A6C0B58605}.Debug|iPhoneSimulator.Deploy.0 = Debug|Any CPU
		{CA9E9344-E59F-4A10-A8E3-68A6C0B58605}.Debug|x64.ActiveCfg = Debug|x64
		{CA9E9344-E59F-4A10-A8E3-68A6C0B58605}.Debug|x64.Build.0 = Debug|x64
		{CA9E9344-E59F-4A10-A8E3-68A6C0B58605}.Debug|x64.Deploy.0 = Debug|x64
		{CA9E9344-E59F-4A10-A8E3-68A6C0B58605}.Debug|x86.ActiveCfg = Debug|x86
		{CA9E9344-E59F-4A10-A8E3-68A6C0B58605}.Debug|x86.Build.0 = Debug|x86
		{CA9E9344-E59F-4A10-A8E3-68A6C0B58605}.Debug|x86.Deploy.0 = Debug|x86
		{CA9E9344-E59F-4A10-A8E3-68A6C0B58605}.Release|Any CPU.ActiveCfg = Release|Any CPU
		{CA9E9344-E59F-4A10-A8E3-68A6C0B58605}.Release|Any CPU.Build.0 = Release|Any CPU
		{CA9E9344-E59F-4A10-A8E3-68A6C0B58605}.Release|Any CPU.Deploy.0 = Release|Any CPU
		{CA9E9344-E59F-4A10-A8E3-68A6C0B58605}.Release|ARM.ActiveCfg = Release|ARM
		{CA9E9344-E59F-4A10-A8E3-68A6C0B58605}.Release|ARM.Build.0 = Release|ARM
		{CA9E9344-E59F-4A10-A8E3-68A6C0B58605}.Release|ARM.Deploy.0 = Release|ARM
		{CA9E9344-E59F-4A10-A8E3-68A6C0B58605}.Release|iPhone.ActiveCfg = Release|Any CPU
		{CA9E9344-E59F-4A10-A8E3-68A6C0B58605}.Release|iPhone.Build.0 = Release|Any CPU
		{CA9E9344-E59F-4A10-A8E3-68A6C0B58605}.Release|iPhone.Deploy.0 = Release|Any CPU
		{CA9E9344-E59F-4A10-A8E3-68A6C0B58605}.Release|iPhoneSimulator.ActiveCfg = Release|Any CPU
		{CA9E9344-E59F-4A10-A8E3-68A6C0B58605}.Release|iPhoneSimulator.Build.0 = Release|Any CPU
		{CA9E9344-E59F-4A10-A8E3-68A6C0B58605}.Release|iPhoneSimulator.Deploy.0 = Release|Any CPU
		{CA9E9344-E59F-4A10-A8E3-68A6C0B58605}.Release|x64.ActiveCfg = Release|x64
		{CA9E9344-E59F-4A10-A8E3-68A6C0B58605}.Release|x64.Build.0 = Release|x64
		{CA9E9344-E59F-4A10-A8E3-68A6C0B58605}.Release|x64.Deploy.0 = Release|x64
		{CA9E9344-E59F-4A10-A8E3-68A6C0B58605}.Release|x86.ActiveCfg = Release|x86
		{CA9E9344-E59F-4A10-A8E3-68A6C0B58605}.Release|x86.Build.0 = Release|x86
		{CA9E9344-E59F-4A10-A8E3-68A6C0B58605}.Release|x86.Deploy.0 = Release|x86
	EndGlobalSection
	GlobalSection(SolutionProperties) = preSolution
		HideSolutionNode = FALSE
	EndGlobalSection
EndGlobal
