
Microsoft Visual Studio Solution File, Format Version 12.00
# Visual Studio 15
VisualStudioVersion = 15.0.27130.2010
MinimumVisualStudioVersion = 10.0.40219.1
Project("{FAE04EC0-301F-11D3-BF4B-00C04F79EFBC}") = "FloatingActionButton", "FloatingActionButton\FloatingActionButton\FloatingActionButton.csproj", "{C9CADB3A-28E3-491A-BC67-8C4DF65C458A}"
EndProject
Project("{FAE04EC0-301F-11D3-BF4B-00C04F79EFBC}") = "FloatingActionButton.Android", "FloatingActionButton\FloatingActionButton.Android\FloatingActionButton.Android.csproj", "{E0685119-B92F-49C0-89C7-B6BAA4DDE90A}"
EndProject
Project("{FAE04EC0-301F-11D3-BF4B-00C04F79EFBC}") = "FloatingActionButton.iOS", "FloatingActionButton\FloatingActionButton.iOS\FloatingActionButton.iOS.csproj", "{FD157BC0-199C-4A8E-9EEF-7DBDE15FF43A}"
EndProject
Project("{FAE04EC0-301F-11D3-BF4B-00C04F79EFBC}") = "FloatingActionButton.UWP", "FloatingActionButton\FloatingActionButton.UWP\FloatingActionButton.UWP.csproj", "{6FD94BD5-960C-4465-8DC2-8C587CB6803C}"
EndProject
Global
	GlobalSection(SolutionConfigurationPlatforms) = preSolution
		Ad-Hoc|Any CPU = Ad-Hoc|Any CPU
		Ad-Hoc|ARM = Ad-Hoc|ARM
		Ad-Hoc|iPhone = Ad-Hoc|iPhone
		Ad-Hoc|iPhoneSimulator = Ad-Hoc|iPhoneSimulator
		Ad-Hoc|x64 = Ad-Hoc|x64
		Ad-Hoc|x86 = Ad-Hoc|x86
		AppStore|Any CPU = AppStore|Any CPU
		AppStore|ARM = AppStore|ARM
		AppStore|iPhone = AppStore|iPhone
		AppStore|iPhoneSimulator = AppStore|iPhoneSimulator
		AppStore|x64 = AppStore|x64
		AppStore|x86 = AppStore|x86
		Debug|Any CPU = Debug|Any CPU
		Debug|ARM = Debug|ARM
		Debug|iPhone = Debug|iPhone
		Debug|iPhoneSimulator = Debug|iPhoneSimulator
		Debug|x64 = Debug|x64
		Debug|x86 = Debug|x86
		Release|Any CPU = Release|Any CPU
		Release|ARM = Release|ARM
		Release|iPhone = Release|iPhone
		Release|iPhoneSimulator = Release|iPhoneSimulator
		Release|x64 = Release|x64
		Release|x86 = Release|x86
	EndGlobalSection
	GlobalSection(ProjectConfigurationPlatforms) = postSolution
		{C9CADB3A-28E3-491A-BC67-8C4DF65C458A}.Ad-Hoc|Any CPU.ActiveCfg = Debug|Any CPU
		{C9CADB3A-28E3-491A-BC67-8C4DF65C458A}.Ad-Hoc|Any CPU.Build.0 = Debug|Any CPU
		{C9CADB3A-28E3-491A-BC67-8C4DF65C458A}.Ad-Hoc|ARM.ActiveCfg = Debug|Any CPU
		{C9CADB3A-28E3-491A-BC67-8C4DF65C458A}.Ad-Hoc|ARM.Build.0 = Debug|Any CPU
		{C9CADB3A-28E3-491A-BC67-8C4DF65C458A}.Ad-Hoc|iPhone.ActiveCfg = Debug|Any CPU
		{C9CADB3A-28E3-491A-BC67-8C4DF65C458A}.Ad-Hoc|iPhone.Build.0 = Debug|Any CPU
		{C9CADB3A-28E3-491A-BC67-8C4DF65C458A}.Ad-Hoc|iPhoneSimulator.ActiveCfg = Debug|Any CPU
		{C9CADB3A-28E3-491A-BC67-8C4DF65C458A}.Ad-Hoc|iPhoneSimulator.Build.0 = Debug|Any CPU
		{C9CADB3A-28E3-491A-BC67-8C4DF65C458A}.Ad-Hoc|x64.ActiveCfg = Debug|Any CPU
		{C9CADB3A-28E3-491A-BC67-8C4DF65C458A}.Ad-Hoc|x64.Build.0 = Debug|Any CPU
		{C9CADB3A-28E3-491A-BC67-8C4DF65C458A}.Ad-Hoc|x86.ActiveCfg = Debug|Any CPU
		{C9CADB3A-28E3-491A-BC67-8C4DF65C458A}.Ad-Hoc|x86.Build.0 = Debug|Any CPU
		{C9CADB3A-28E3-491A-BC67-8C4DF65C458A}.AppStore|Any CPU.ActiveCfg = Debug|Any CPU
		{C9CADB3A-28E3-491A-BC67-8C4DF65C458A}.AppStore|Any CPU.Build.0 = Debug|Any CPU
		{C9CADB3A-28E3-491A-BC67-8C4DF65C458A}.AppStore|ARM.ActiveCfg = Debug|Any CPU
		{C9CADB3A-28E3-491A-BC67-8C4DF65C458A}.AppStore|ARM.Build.0 = Debug|Any CPU
		{C9CADB3A-28E3-491A-BC67-8C4DF65C458A}.AppStore|iPhone.ActiveCfg = Debug|Any CPU
		{C9CADB3A-28E3-491A-BC67-8C4DF65C458A}.AppStore|iPhone.Build.0 = Debug|Any CPU
		{C9CADB3A-28E3-491A-BC67-8C4DF65C458A}.AppStore|iPhoneSimulator.ActiveCfg = Debug|Any CPU
		{C9CADB3A-28E3-491A-BC67-8C4DF65C458A}.AppStore|iPhoneSimulator.Build.0 = Debug|Any CPU
		{C9CADB3A-28E3-491A-BC67-8C4DF65C458A}.AppStore|x64.ActiveCfg = Debug|Any CPU
		{C9CADB3A-28E3-491A-BC67-8C4DF65C458A}.AppStore|x64.Build.0 = Debug|Any CPU
		{C9CADB3A-28E3-491A-BC67-8C4DF65C458A}.AppStore|x86.ActiveCfg = Debug|Any CPU
		{C9CADB3A-28E3-491A-BC67-8C4DF65C458A}.AppStore|x86.Build.0 = Debug|Any CPU
		{C9CADB3A-28E3-491A-BC67-8C4DF65C458A}.Debug|Any CPU.ActiveCfg = Debug|Any CPU
		{C9CADB3A-28E3-491A-BC67-8C4DF65C458A}.Debug|Any CPU.Build.0 = Debug|Any CPU
		{C9CADB3A-28E3-491A-BC67-8C4DF65C458A}.Debug|ARM.ActiveCfg = Debug|Any CPU
		{C9CADB3A-28E3-491A-BC67-8C4DF65C458A}.Debug|ARM.Build.0 = Debug|Any CPU
		{C9CADB3A-28E3-491A-BC67-8C4DF65C458A}.Debug|iPhone.ActiveCfg = Debug|Any CPU
		{C9CADB3A-28E3-491A-BC67-8C4DF65C458A}.Debug|iPhone.Build.0 = Debug|Any CPU
		{C9CADB3A-28E3-491A-BC67-8C4DF65C458A}.Debug|iPhoneSimulator.ActiveCfg = Debug|Any CPU
		{C9CADB3A-28E3-491A-BC67-8C4DF65C458A}.Debug|iPhoneSimulator.Build.0 = Debug|Any CPU
		{C9CADB3A-28E3-491A-BC67-8C4DF65C458A}.Debug|x64.ActiveCfg = Debug|Any CPU
		{C9CADB3A-28E3-491A-BC67-8C4DF65C458A}.Debug|x64.Build.0 = Debug|Any CPU
		{C9CADB3A-28E3-491A-BC67-8C4DF65C458A}.Debug|x86.ActiveCfg = Debug|Any CPU
		{C9CADB3A-28E3-491A-BC67-8C4DF65C458A}.Debug|x86.Build.0 = Debug|Any CPU
		{C9CADB3A-28E3-491A-BC67-8C4DF65C458A}.Release|Any CPU.ActiveCfg = Release|Any CPU
		{C9CADB3A-28E3-491A-BC67-8C4DF65C458A}.Release|Any CPU.Build.0 = Release|Any CPU
		{C9CADB3A-28E3-491A-BC67-8C4DF65C458A}.Release|ARM.ActiveCfg = Release|Any CPU
		{C9CADB3A-28E3-491A-BC67-8C4DF65C458A}.Release|ARM.Build.0 = Release|Any CPU
		{C9CADB3A-28E3-491A-BC67-8C4DF65C458A}.Release|iPhone.ActiveCfg = Release|Any CPU
		{C9CADB3A-28E3-491A-BC67-8C4DF65C458A}.Release|iPhone.Build.0 = Release|Any CPU
		{C9CADB3A-28E3-491A-BC67-8C4DF65C458A}.Release|iPhoneSimulator.ActiveCfg = Release|Any CPU
		{C9CADB3A-28E3-491A-BC67-8C4DF65C458A}.Release|iPhoneSimulator.Build.0 = Release|Any CPU
		{C9CADB3A-28E3-491A-BC67-8C4DF65C458A}.Release|x64.ActiveCfg = Release|Any CPU
		{C9CADB3A-28E3-491A-BC67-8C4DF65C458A}.Release|x64.Build.0 = Release|Any CPU
		{C9CADB3A-28E3-491A-BC67-8C4DF65C458A}.Release|x86.ActiveCfg = Release|Any CPU
		{C9CADB3A-28E3-491A-BC67-8C4DF65C458A}.Release|x86.Build.0 = Release|Any CPU
		{E0685119-B92F-49C0-89C7-B6BAA4DDE90A}.Ad-Hoc|Any CPU.ActiveCfg = Release|Any CPU
		{E0685119-B92F-49C0-89C7-B6BAA4DDE90A}.Ad-Hoc|Any CPU.Build.0 = Release|Any CPU
		{E0685119-B92F-49C0-89C7-B6BAA4DDE90A}.Ad-Hoc|Any CPU.Deploy.0 = Release|Any CPU
		{E0685119-B92F-49C0-89C7-B6BAA4DDE90A}.Ad-Hoc|ARM.ActiveCfg = Release|Any CPU
		{E0685119-B92F-49C0-89C7-B6BAA4DDE90A}.Ad-Hoc|ARM.Build.0 = Release|Any CPU
		{E0685119-B92F-49C0-89C7-B6BAA4DDE90A}.Ad-Hoc|ARM.Deploy.0 = Release|Any CPU
		{E0685119-B92F-49C0-89C7-B6BAA4DDE90A}.Ad-Hoc|iPhone.ActiveCfg = Release|Any CPU
		{E0685119-B92F-49C0-89C7-B6BAA4DDE90A}.Ad-Hoc|iPhone.Build.0 = Release|Any CPU
		{E0685119-B92F-49C0-89C7-B6BAA4DDE90A}.Ad-Hoc|iPhone.Deploy.0 = Release|Any CPU
		{E0685119-B92F-49C0-89C7-B6BAA4DDE90A}.Ad-Hoc|iPhoneSimulator.ActiveCfg = Release|Any CPU
		{E0685119-B92F-49C0-89C7-B6BAA4DDE90A}.Ad-Hoc|iPhoneSimulator.Build.0 = Release|Any CPU
		{E0685119-B92F-49C0-89C7-B6BAA4DDE90A}.Ad-Hoc|iPhoneSimulator.Deploy.0 = Release|Any CPU
		{E0685119-B92F-49C0-89C7-B6BAA4DDE90A}.Ad-Hoc|x64.ActiveCfg = Release|Any CPU
		{E0685119-B92F-49C0-89C7-B6BAA4DDE90A}.Ad-Hoc|x64.Build.0 = Release|Any CPU
		{E0685119-B92F-49C0-89C7-B6BAA4DDE90A}.Ad-Hoc|x64.Deploy.0 = Release|Any CPU
		{E0685119-B92F-49C0-89C7-B6BAA4DDE90A}.Ad-Hoc|x86.ActiveCfg = Release|Any CPU
		{E0685119-B92F-49C0-89C7-B6BAA4DDE90A}.Ad-Hoc|x86.Build.0 = Release|Any CPU
		{E0685119-B92F-49C0-89C7-B6BAA4DDE90A}.Ad-Hoc|x86.Deploy.0 = Release|Any CPU
		{E0685119-B92F-49C0-89C7-B6BAA4DDE90A}.AppStore|Any CPU.ActiveCfg = Release|Any CPU
		{E0685119-B92F-49C0-89C7-B6BAA4DDE90A}.AppStore|Any CPU.Build.0 = Release|Any CPU
		{E0685119-B92F-49C0-89C7-B6BAA4DDE90A}.AppStore|Any CPU.Deploy.0 = Release|Any CPU
		{E0685119-B92F-49C0-89C7-B6BAA4DDE90A}.AppStore|ARM.ActiveCfg = Release|Any CPU
		{E0685119-B92F-49C0-89C7-B6BAA4DDE90A}.AppStore|ARM.Build.0 = Release|Any CPU
		{E0685119-B92F-49C0-89C7-B6BAA4DDE90A}.AppStore|ARM.Deploy.0 = Release|Any CPU
		{E0685119-B92F-49C0-89C7-B6BAA4DDE90A}.AppStore|iPhone.ActiveCfg = Release|Any CPU
		{E0685119-B92F-49C0-89C7-B6BAA4DDE90A}.AppStore|iPhone.Build.0 = Release|Any CPU
		{E0685119-B92F-49C0-89C7-B6BAA4DDE90A}.AppStore|iPhone.Deploy.0 = Release|Any CPU
		{E0685119-B92F-49C0-89C7-B6BAA4DDE90A}.AppStore|iPhoneSimulator.ActiveCfg = Release|Any CPU
		{E0685119-B92F-49C0-89C7-B6BAA4DDE90A}.AppStore|iPhoneSimulator.Build.0 = Release|Any CPU
		{E0685119-B92F-49C0-89C7-B6BAA4DDE90A}.AppStore|iPhoneSimulator.Deploy.0 = Release|Any CPU
		{E0685119-B92F-49C0-89C7-B6BAA4DDE90A}.AppStore|x64.ActiveCfg = Release|Any CPU
		{E0685119-B92F-49C0-89C7-B6BAA4DDE90A}.AppStore|x64.Build.0 = Release|Any CPU
		{E0685119-B92F-49C0-89C7-B6BAA4DDE90A}.AppStore|x64.Deploy.0 = Release|Any CPU
		{E0685119-B92F-49C0-89C7-B6BAA4DDE90A}.AppStore|x86.ActiveCfg = Release|Any CPU
		{E0685119-B92F-49C0-89C7-B6BAA4DDE90A}.AppStore|x86.Build.0 = Release|Any CPU
		{E0685119-B92F-49C0-89C7-B6BAA4DDE90A}.AppStore|x86.Deploy.0 = Release|Any CPU
		{E0685119-B92F-49C0-89C7-B6BAA4DDE90A}.Debug|Any CPU.ActiveCfg = Debug|Any CPU
		{E0685119-B92F-49C0-89C7-B6BAA4DDE90A}.Debug|Any CPU.Build.0 = Debug|Any CPU
		{E0685119-B92F-49C0-89C7-B6BAA4DDE90A}.Debug|Any CPU.Deploy.0 = Debug|Any CPU
		{E0685119-B92F-49C0-89C7-B6BAA4DDE90A}.Debug|ARM.ActiveCfg = Debug|Any CPU
		{E0685119-B92F-49C0-89C7-B6BAA4DDE90A}.Debug|ARM.Build.0 = Debug|Any CPU
		{E0685119-B92F-49C0-89C7-B6BAA4DDE90A}.Debug|ARM.Deploy.0 = Debug|Any CPU
		{E0685119-B92F-49C0-89C7-B6BAA4DDE90A}.Debug|iPhone.ActiveCfg = Debug|Any CPU
		{E0685119-B92F-49C0-89C7-B6BAA4DDE90A}.Debug|iPhone.Build.0 = Debug|Any CPU
		{E0685119-B92F-49C0-89C7-B6BAA4DDE90A}.Debug|iPhone.Deploy.0 = Debug|Any CPU
		{E0685119-B92F-49C0-89C7-B6BAA4DDE90A}.Debug|iPhoneSimulator.ActiveCfg = Debug|Any CPU
		{E0685119-B92F-49C0-89C7-B6BAA4DDE90A}.Debug|iPhoneSimulator.Build.0 = Debug|Any CPU
		{E0685119-B92F-49C0-89C7-B6BAA4DDE90A}.Debug|iPhoneSimulator.Deploy.0 = Debug|Any CPU
		{E0685119-B92F-49C0-89C7-B6BAA4DDE90A}.Debug|x64.ActiveCfg = Debug|Any CPU
		{E0685119-B92F-49C0-89C7-B6BAA4DDE90A}.Debug|x64.Build.0 = Debug|Any CPU
		{E0685119-B92F-49C0-89C7-B6BAA4DDE90A}.Debug|x64.Deploy.0 = Debug|Any CPU
		{E0685119-B92F-49C0-89C7-B6BAA4DDE90A}.Debug|x86.ActiveCfg = Debug|Any CPU
		{E0685119-B92F-49C0-89C7-B6BAA4DDE90A}.Debug|x86.Build.0 = Debug|Any CPU
		{E0685119-B92F-49C0-89C7-B6BAA4DDE90A}.Debug|x86.Deploy.0 = Debug|Any CPU
		{E0685119-B92F-49C0-89C7-B6BAA4DDE90A}.Release|Any CPU.ActiveCfg = Release|Any CPU
		{E0685119-B92F-49C0-89C7-B6BAA4DDE90A}.Release|Any CPU.Build.0 = Release|Any CPU
		{E0685119-B92F-49C0-89C7-B6BAA4DDE90A}.Release|Any CPU.Deploy.0 = Release|Any CPU
		{E0685119-B92F-49C0-89C7-B6BAA4DDE90A}.Release|ARM.ActiveCfg = Release|Any CPU
		{E0685119-B92F-49C0-89C7-B6BAA4DDE90A}.Release|ARM.Build.0 = Release|Any CPU
		{E0685119-B92F-49C0-89C7-B6BAA4DDE90A}.Release|ARM.Deploy.0 = Release|Any CPU
		{E0685119-B92F-49C0-89C7-B6BAA4DDE90A}.Release|iPhone.ActiveCfg = Release|Any CPU
		{E0685119-B92F-49C0-89C7-B6BAA4DDE90A}.Release|iPhone.Build.0 = Release|Any CPU
		{E0685119-B92F-49C0-89C7-B6BAA4DDE90A}.Release|iPhone.Deploy.0 = Release|Any CPU
		{E0685119-B92F-49C0-89C7-B6BAA4DDE90A}.Release|iPhoneSimulator.ActiveCfg = Release|Any CPU
		{E0685119-B92F-49C0-89C7-B6BAA4DDE90A}.Release|iPhoneSimulator.Build.0 = Release|Any CPU
		{E0685119-B92F-49C0-89C7-B6BAA4DDE90A}.Release|iPhoneSimulator.Deploy.0 = Release|Any CPU
		{E0685119-B92F-49C0-89C7-B6BAA4DDE90A}.Release|x64.ActiveCfg = Release|Any CPU
		{E0685119-B92F-49C0-89C7-B6BAA4DDE90A}.Release|x64.Build.0 = Release|Any CPU
		{E0685119-B92F-49C0-89C7-B6BAA4DDE90A}.Release|x64.Deploy.0 = Release|Any CPU
		{E0685119-B92F-49C0-89C7-B6BAA4DDE90A}.Release|x86.ActiveCfg = Release|Any CPU
		{E0685119-B92F-49C0-89C7-B6BAA4DDE90A}.Release|x86.Build.0 = Release|Any CPU
		{E0685119-B92F-49C0-89C7-B6BAA4DDE90A}.Release|x86.Deploy.0 = Release|Any CPU
		{FD157BC0-199C-4A8E-9EEF-7DBDE15FF43A}.Ad-Hoc|Any CPU.ActiveCfg = Ad-Hoc|iPhone
		{FD157BC0-199C-4A8E-9EEF-7DBDE15FF43A}.Ad-Hoc|ARM.ActiveCfg = Ad-Hoc|iPhone
		{FD157BC0-199C-4A8E-9EEF-7DBDE15FF43A}.Ad-Hoc|iPhone.ActiveCfg = Ad-Hoc|iPhone
		{FD157BC0-199C-4A8E-9EEF-7DBDE15FF43A}.Ad-Hoc|iPhone.Build.0 = Ad-Hoc|iPhone
		{FD157BC0-199C-4A8E-9EEF-7DBDE15FF43A}.Ad-Hoc|iPhoneSimulator.ActiveCfg = Ad-Hoc|iPhoneSimulator
		{FD157BC0-199C-4A8E-9EEF-7DBDE15FF43A}.Ad-Hoc|iPhoneSimulator.Build.0 = Ad-Hoc|iPhoneSimulator
		{FD157BC0-199C-4A8E-9EEF-7DBDE15FF43A}.Ad-Hoc|x64.ActiveCfg = Ad-Hoc|iPhone
		{FD157BC0-199C-4A8E-9EEF-7DBDE15FF43A}.Ad-Hoc|x86.ActiveCfg = Ad-Hoc|iPhone
		{FD157BC0-199C-4A8E-9EEF-7DBDE15FF43A}.AppStore|Any CPU.ActiveCfg = AppStore|iPhone
		{FD157BC0-199C-4A8E-9EEF-7DBDE15FF43A}.AppStore|ARM.ActiveCfg = AppStore|iPhone
		{FD157BC0-199C-4A8E-9EEF-7DBDE15FF43A}.AppStore|iPhone.ActiveCfg = AppStore|iPhone
		{FD157BC0-199C-4A8E-9EEF-7DBDE15FF43A}.AppStore|iPhone.Build.0 = AppStore|iPhone
		{FD157BC0-199C-4A8E-9EEF-7DBDE15FF43A}.AppStore|iPhoneSimulator.ActiveCfg = AppStore|iPhoneSimulator
		{FD157BC0-199C-4A8E-9EEF-7DBDE15FF43A}.AppStore|iPhoneSimulator.Build.0 = AppStore|iPhoneSimulator
		{FD157BC0-199C-4A8E-9EEF-7DBDE15FF43A}.AppStore|x64.ActiveCfg = AppStore|iPhone
		{FD157BC0-199C-4A8E-9EEF-7DBDE15FF43A}.AppStore|x86.ActiveCfg = AppStore|iPhone
		{FD157BC0-199C-4A8E-9EEF-7DBDE15FF43A}.Debug|Any CPU.ActiveCfg = Debug|iPhone
		{FD157BC0-199C-4A8E-9EEF-7DBDE15FF43A}.Debug|ARM.ActiveCfg = Debug|iPhone
		{FD157BC0-199C-4A8E-9EEF-7DBDE15FF43A}.Debug|iPhone.ActiveCfg = Debug|iPhone
		{FD157BC0-199C-4A8E-9EEF-7DBDE15FF43A}.Debug|iPhone.Build.0 = Debug|iPhone
		{FD157BC0-199C-4A8E-9EEF-7DBDE15FF43A}.Debug|iPhoneSimulator.ActiveCfg = Debug|iPhoneSimulator
		{FD157BC0-199C-4A8E-9EEF-7DBDE15FF43A}.Debug|iPhoneSimulator.Build.0 = Debug|iPhoneSimulator
		{FD157BC0-199C-4A8E-9EEF-7DBDE15FF43A}.Debug|x64.ActiveCfg = Debug|iPhone
		{FD157BC0-199C-4A8E-9EEF-7DBDE15FF43A}.Debug|x86.ActiveCfg = Debug|iPhone
		{FD157BC0-199C-4A8E-9EEF-7DBDE15FF43A}.Release|Any CPU.ActiveCfg = Release|iPhone
		{FD157BC0-199C-4A8E-9EEF-7DBDE15FF43A}.Release|ARM.ActiveCfg = Release|iPhone
		{FD157BC0-199C-4A8E-9EEF-7DBDE15FF43A}.Release|iPhone.ActiveCfg = Release|iPhone
		{FD157BC0-199C-4A8E-9EEF-7DBDE15FF43A}.Release|iPhone.Build.0 = Release|iPhone
		{FD157BC0-199C-4A8E-9EEF-7DBDE15FF43A}.Release|iPhoneSimulator.ActiveCfg = Release|iPhoneSimulator
		{FD157BC0-199C-4A8E-9EEF-7DBDE15FF43A}.Release|iPhoneSimulator.Build.0 = Release|iPhoneSimulator
		{FD157BC0-199C-4A8E-9EEF-7DBDE15FF43A}.Release|x64.ActiveCfg = Release|iPhone
		{FD157BC0-199C-4A8E-9EEF-7DBDE15FF43A}.Release|x86.ActiveCfg = Release|iPhone
		{6FD94BD5-960C-4465-8DC2-8C587CB6803C}.Ad-Hoc|Any CPU.ActiveCfg = Release|x86
		{6FD94BD5-960C-4465-8DC2-8C587CB6803C}.Ad-Hoc|Any CPU.Build.0 = Release|x86
		{6FD94BD5-960C-4465-8DC2-8C587CB6803C}.Ad-Hoc|Any CPU.Deploy.0 = Release|x86
		{6FD94BD5-960C-4465-8DC2-8C587CB6803C}.Ad-Hoc|ARM.ActiveCfg = Release|ARM
		{6FD94BD5-960C-4465-8DC2-8C587CB6803C}.Ad-Hoc|ARM.Build.0 = Release|ARM
		{6FD94BD5-960C-4465-8DC2-8C587CB6803C}.Ad-Hoc|ARM.Deploy.0 = Release|ARM
		{6FD94BD5-960C-4465-8DC2-8C587CB6803C}.Ad-Hoc|iPhone.ActiveCfg = Release|x86
		{6FD94BD5-960C-4465-8DC2-8C587CB6803C}.Ad-Hoc|iPhone.Build.0 = Release|x86
		{6FD94BD5-960C-4465-8DC2-8C587CB6803C}.Ad-Hoc|iPhone.Deploy.0 = Release|x86
		{6FD94BD5-960C-4465-8DC2-8C587CB6803C}.Ad-Hoc|iPhoneSimulator.ActiveCfg = Release|x86
		{6FD94BD5-960C-4465-8DC2-8C587CB6803C}.Ad-Hoc|iPhoneSimulator.Build.0 = Release|x86
		{6FD94BD5-960C-4465-8DC2-8C587CB6803C}.Ad-Hoc|iPhoneSimulator.Deploy.0 = Release|x86
		{6FD94BD5-960C-4465-8DC2-8C587CB6803C}.Ad-Hoc|x64.ActiveCfg = Release|x64
		{6FD94BD5-960C-4465-8DC2-8C587CB6803C}.Ad-Hoc|x64.Build.0 = Release|x64
		{6FD94BD5-960C-4465-8DC2-8C587CB6803C}.Ad-Hoc|x64.Deploy.0 = Release|x64
		{6FD94BD5-960C-4465-8DC2-8C587CB6803C}.Ad-Hoc|x86.ActiveCfg = Release|x86
		{6FD94BD5-960C-4465-8DC2-8C587CB6803C}.Ad-Hoc|x86.Build.0 = Release|x86
		{6FD94BD5-960C-4465-8DC2-8C587CB6803C}.Ad-Hoc|x86.Deploy.0 = Release|x86
		{6FD94BD5-960C-4465-8DC2-8C587CB6803C}.AppStore|Any CPU.ActiveCfg = Release|x86
		{6FD94BD5-960C-4465-8DC2-8C587CB6803C}.AppStore|Any CPU.Build.0 = Release|x86
		{6FD94BD5-960C-4465-8DC2-8C587CB6803C}.AppStore|Any CPU.Deploy.0 = Release|x86
		{6FD94BD5-960C-4465-8DC2-8C587CB6803C}.AppStore|ARM.ActiveCfg = Release|ARM
		{6FD94BD5-960C-4465-8DC2-8C587CB6803C}.AppStore|ARM.Build.0 = Release|ARM
		{6FD94BD5-960C-4465-8DC2-8C587CB6803C}.AppStore|ARM.Deploy.0 = Release|ARM
		{6FD94BD5-960C-4465-8DC2-8C587CB6803C}.AppStore|iPhone.ActiveCfg = Release|x86
		{6FD94BD5-960C-4465-8DC2-8C587CB6803C}.AppStore|iPhone.Build.0 = Release|x86
		{6FD94BD5-960C-4465-8DC2-8C587CB6803C}.AppStore|iPhone.Deploy.0 = Release|x86
		{6FD94BD5-960C-4465-8DC2-8C587CB6803C}.AppStore|iPhoneSimulator.ActiveCfg = Release|x86
		{6FD94BD5-960C-4465-8DC2-8C587CB6803C}.AppStore|iPhoneSimulator.Build.0 = Release|x86
		{6FD94BD5-960C-4465-8DC2-8C587CB6803C}.AppStore|iPhoneSimulator.Deploy.0 = Release|x86
		{6FD94BD5-960C-4465-8DC2-8C587CB6803C}.AppStore|x64.ActiveCfg = Release|x64
		{6FD94BD5-960C-4465-8DC2-8C587CB6803C}.AppStore|x64.Build.0 = Release|x64
		{6FD94BD5-960C-4465-8DC2-8C587CB6803C}.AppStore|x64.Deploy.0 = Release|x64
		{6FD94BD5-960C-4465-8DC2-8C587CB6803C}.AppStore|x86.ActiveCfg = Release|x86
		{6FD94BD5-960C-4465-8DC2-8C587CB6803C}.AppStore|x86.Build.0 = Release|x86
		{6FD94BD5-960C-4465-8DC2-8C587CB6803C}.AppStore|x86.Deploy.0 = Release|x86
		{6FD94BD5-960C-4465-8DC2-8C587CB6803C}.Debug|Any CPU.ActiveCfg = Debug|x86
		{6FD94BD5-960C-4465-8DC2-8C587CB6803C}.Debug|ARM.ActiveCfg = Debug|ARM
		{6FD94BD5-960C-4465-8DC2-8C587CB6803C}.Debug|ARM.Build.0 = Debug|ARM
		{6FD94BD5-960C-4465-8DC2-8C587CB6803C}.Debug|ARM.Deploy.0 = Debug|ARM
		{6FD94BD5-960C-4465-8DC2-8C587CB6803C}.Debug|iPhone.ActiveCfg = Debug|x86
		{6FD94BD5-960C-4465-8DC2-8C587CB6803C}.Debug|iPhoneSimulator.ActiveCfg = Debug|x86
		{6FD94BD5-960C-4465-8DC2-8C587CB6803C}.Debug|x64.ActiveCfg = Debug|x64
		{6FD94BD5-960C-4465-8DC2-8C587CB6803C}.Debug|x64.Build.0 = Debug|x64
		{6FD94BD5-960C-4465-8DC2-8C587CB6803C}.Debug|x64.Deploy.0 = Debug|x64
		{6FD94BD5-960C-4465-8DC2-8C587CB6803C}.Debug|x86.ActiveCfg = Debug|x86
		{6FD94BD5-960C-4465-8DC2-8C587CB6803C}.Debug|x86.Build.0 = Debug|x86
		{6FD94BD5-960C-4465-8DC2-8C587CB6803C}.Debug|x86.Deploy.0 = Debug|x86
		{6FD94BD5-960C-4465-8DC2-8C587CB6803C}.Release|Any CPU.ActiveCfg = Release|x86
		{6FD94BD5-960C-4465-8DC2-8C587CB6803C}.Release|ARM.ActiveCfg = Release|ARM
		{6FD94BD5-960C-4465-8DC2-8C587CB6803C}.Release|ARM.Build.0 = Release|ARM
		{6FD94BD5-960C-4465-8DC2-8C587CB6803C}.Release|ARM.Deploy.0 = Release|ARM
		{6FD94BD5-960C-4465-8DC2-8C587CB6803C}.Release|iPhone.ActiveCfg = Release|x86
		{6FD94BD5-960C-4465-8DC2-8C587CB6803C}.Release|iPhoneSimulator.ActiveCfg = Release|x86
		{6FD94BD5-960C-4465-8DC2-8C587CB6803C}.Release|x64.ActiveCfg = Release|x64
		{6FD94BD5-960C-4465-8DC2-8C587CB6803C}.Release|x64.Build.0 = Release|x64
		{6FD94BD5-960C-4465-8DC2-8C587CB6803C}.Release|x64.Deploy.0 = Release|x64
		{6FD94BD5-960C-4465-8DC2-8C587CB6803C}.Release|x86.ActiveCfg = Release|x86
		{6FD94BD5-960C-4465-8DC2-8C587CB6803C}.Release|x86.Build.0 = Release|x86
		{6FD94BD5-960C-4465-8DC2-8C587CB6803C}.Release|x86.Deploy.0 = Release|x86
	EndGlobalSection
	GlobalSection(SolutionProperties) = preSolution
		HideSolutionNode = FALSE
	EndGlobalSection
	GlobalSection(ExtensibilityGlobals) = postSolution
		SolutionGuid = {5FC054B2-1268-496A-9BA6-64D83BD61A30}
	EndGlobalSection
EndGlobal
