
Microsoft Visual Studio Solution File, Format Version 12.00
# Visual Studio 14
VisualStudioVersion = 14.0.25420.1
MinimumVisualStudioVersion = 10.0.40219.1
Project("{FAE04EC0-301F-11D3-BF4B-00C04F79EFBC}") = "ValidationApp.Android", "ValidationApp\ValidationApp.Android\ValidationApp.Android.csproj", "{1819035C-F8AC-4360-A2B7-14657FA3C220}"
EndProject
Project("{FAE04EC0-301F-11D3-BF4B-00C04F79EFBC}") = "ValidationApp", "ValidationApp\ValidationApp\ValidationApp.csproj", "{A6BE1853-E6A4-43FA-A0F1-BBAE18B38301}"
EndProject
Project("{FAE04EC0-301F-11D3-BF4B-00C04F79EFBC}") = "ValidationApp.UWP", "ValidationApp\ValidationApp.UWP\ValidationApp.UWP.csproj", "{AFE3DF33-F0E7-4DB6-A1FB-B2FCE2B9E197}"
EndProject
Project("{FAE04EC0-301F-11D3-BF4B-00C04F79EFBC}") = "ValidationApp.iOS", "ValidationApp\ValidationApp.iOS\ValidationApp.iOS.csproj", "{A536A3FF-6677-4A4F-A202-0598321E3155}"
EndProject
Global
	GlobalSection(SolutionConfigurationPlatforms) = preSolution
		Ad-Hoc|Any CPU = Ad-Hoc|Any CPU
		Ad-Hoc|ARM = Ad-Hoc|ARM
		Ad-Hoc|iPhone = Ad-Hoc|iPhone
		Ad-Hoc|iPhoneSimulator = Ad-Hoc|iPhoneSimulator
		Ad-Hoc|x64 = Ad-Hoc|x64
		Ad-Hoc|x86 = Ad-Hoc|x86
		AppStore|Any CPU = AppStore|Any CPU
		AppStore|ARM = AppStore|ARM
		AppStore|iPhone = AppStore|iPhone
		AppStore|iPhoneSimulator = AppStore|iPhoneSimulator
		AppStore|x64 = AppStore|x64
		AppStore|x86 = AppStore|x86
		Debug|Any CPU = Debug|Any CPU
		Debug|ARM = Debug|ARM
		Debug|iPhone = Debug|iPhone
		Debug|iPhoneSimulator = Debug|iPhoneSimulator
		Debug|x64 = Debug|x64
		Debug|x86 = Debug|x86
		Release|Any CPU = Release|Any CPU
		Release|ARM = Release|ARM
		Release|iPhone = Release|iPhone
		Release|iPhoneSimulator = Release|iPhoneSimulator
		Release|x64 = Release|x64
		Release|x86 = Release|x86
	EndGlobalSection
	GlobalSection(ProjectConfigurationPlatforms) = postSolution
		{1819035C-F8AC-4360-A2B7-14657FA3C220}.Ad-Hoc|Any CPU.ActiveCfg = Release|Any CPU
		{1819035C-F8AC-4360-A2B7-14657FA3C220}.Ad-Hoc|Any CPU.Build.0 = Release|Any CPU
		{1819035C-F8AC-4360-A2B7-14657FA3C220}.Ad-Hoc|Any CPU.Deploy.0 = Release|Any CPU
		{1819035C-F8AC-4360-A2B7-14657FA3C220}.Ad-Hoc|ARM.ActiveCfg = Release|Any CPU
		{1819035C-F8AC-4360-A2B7-14657FA3C220}.Ad-Hoc|ARM.Build.0 = Release|Any CPU
		{1819035C-F8AC-4360-A2B7-14657FA3C220}.Ad-Hoc|ARM.Deploy.0 = Release|Any CPU
		{1819035C-F8AC-4360-A2B7-14657FA3C220}.Ad-Hoc|iPhone.ActiveCfg = Release|Any CPU
		{1819035C-F8AC-4360-A2B7-14657FA3C220}.Ad-Hoc|iPhone.Build.0 = Release|Any CPU
		{1819035C-F8AC-4360-A2B7-14657FA3C220}.Ad-Hoc|iPhone.Deploy.0 = Release|Any CPU
		{1819035C-F8AC-4360-A2B7-14657FA3C220}.Ad-Hoc|iPhoneSimulator.ActiveCfg = Release|Any CPU
		{1819035C-F8AC-4360-A2B7-14657FA3C220}.Ad-Hoc|iPhoneSimulator.Build.0 = Release|Any CPU
		{1819035C-F8AC-4360-A2B7-14657FA3C220}.Ad-Hoc|iPhoneSimulator.Deploy.0 = Release|Any CPU
		{1819035C-F8AC-4360-A2B7-14657FA3C220}.Ad-Hoc|x64.ActiveCfg = Release|Any CPU
		{1819035C-F8AC-4360-A2B7-14657FA3C220}.Ad-Hoc|x64.Build.0 = Release|Any CPU
		{1819035C-F8AC-4360-A2B7-14657FA3C220}.Ad-Hoc|x64.Deploy.0 = Release|Any CPU
		{1819035C-F8AC-4360-A2B7-14657FA3C220}.Ad-Hoc|x86.ActiveCfg = Release|Any CPU
		{1819035C-F8AC-4360-A2B7-14657FA3C220}.Ad-Hoc|x86.Build.0 = Release|Any CPU
		{1819035C-F8AC-4360-A2B7-14657FA3C220}.Ad-Hoc|x86.Deploy.0 = Release|Any CPU
		{1819035C-F8AC-4360-A2B7-14657FA3C220}.AppStore|Any CPU.ActiveCfg = Release|Any CPU
		{1819035C-F8AC-4360-A2B7-14657FA3C220}.AppStore|Any CPU.Build.0 = Release|Any CPU
		{1819035C-F8AC-4360-A2B7-14657FA3C220}.AppStore|Any CPU.Deploy.0 = Release|Any CPU
		{1819035C-F8AC-4360-A2B7-14657FA3C220}.AppStore|ARM.ActiveCfg = Release|Any CPU
		{1819035C-F8AC-4360-A2B7-14657FA3C220}.AppStore|ARM.Build.0 = Release|Any CPU
		{1819035C-F8AC-4360-A2B7-14657FA3C220}.AppStore|ARM.Deploy.0 = Release|Any CPU
		{1819035C-F8AC-4360-A2B7-14657FA3C220}.AppStore|iPhone.ActiveCfg = Release|Any CPU
		{1819035C-F8AC-4360-A2B7-14657FA3C220}.AppStore|iPhone.Build.0 = Release|Any CPU
		{1819035C-F8AC-4360-A2B7-14657FA3C220}.AppStore|iPhone.Deploy.0 = Release|Any CPU
		{1819035C-F8AC-4360-A2B7-14657FA3C220}.AppStore|iPhoneSimulator.ActiveCfg = Release|Any CPU
		{1819035C-F8AC-4360-A2B7-14657FA3C220}.AppStore|iPhoneSimulator.Build.0 = Release|Any CPU
		{1819035C-F8AC-4360-A2B7-14657FA3C220}.AppStore|iPhoneSimulator.Deploy.0 = Release|Any CPU
		{1819035C-F8AC-4360-A2B7-14657FA3C220}.AppStore|x64.ActiveCfg = Release|Any CPU
		{1819035C-F8AC-4360-A2B7-14657FA3C220}.AppStore|x64.Build.0 = Release|Any CPU
		{1819035C-F8AC-4360-A2B7-14657FA3C220}.AppStore|x64.Deploy.0 = Release|Any CPU
		{1819035C-F8AC-4360-A2B7-14657FA3C220}.AppStore|x86.ActiveCfg = Release|Any CPU
		{1819035C-F8AC-4360-A2B7-14657FA3C220}.AppStore|x86.Build.0 = Release|Any CPU
		{1819035C-F8AC-4360-A2B7-14657FA3C220}.AppStore|x86.Deploy.0 = Release|Any CPU
		{1819035C-F8AC-4360-A2B7-14657FA3C220}.Debug|Any CPU.ActiveCfg = Debug|Any CPU
		{1819035C-F8AC-4360-A2B7-14657FA3C220}.Debug|Any CPU.Build.0 = Debug|Any CPU
		{1819035C-F8AC-4360-A2B7-14657FA3C220}.Debug|Any CPU.Deploy.0 = Debug|Any CPU
		{1819035C-F8AC-4360-A2B7-14657FA3C220}.Debug|ARM.ActiveCfg = Debug|Any CPU
		{1819035C-F8AC-4360-A2B7-14657FA3C220}.Debug|ARM.Build.0 = Debug|Any CPU
		{1819035C-F8AC-4360-A2B7-14657FA3C220}.Debug|ARM.Deploy.0 = Debug|Any CPU
		{1819035C-F8AC-4360-A2B7-14657FA3C220}.Debug|iPhone.ActiveCfg = Debug|Any CPU
		{1819035C-F8AC-4360-A2B7-14657FA3C220}.Debug|iPhone.Build.0 = Debug|Any CPU
		{1819035C-F8AC-4360-A2B7-14657FA3C220}.Debug|iPhone.Deploy.0 = Debug|Any CPU
		{1819035C-F8AC-4360-A2B7-14657FA3C220}.Debug|iPhoneSimulator.ActiveCfg = Debug|Any CPU
		{1819035C-F8AC-4360-A2B7-14657FA3C220}.Debug|iPhoneSimulator.Build.0 = Debug|Any CPU
		{1819035C-F8AC-4360-A2B7-14657FA3C220}.Debug|iPhoneSimulator.Deploy.0 = Debug|Any CPU
		{1819035C-F8AC-4360-A2B7-14657FA3C220}.Debug|x64.ActiveCfg = Debug|Any CPU
		{1819035C-F8AC-4360-A2B7-14657FA3C220}.Debug|x64.Build.0 = Debug|Any CPU
		{1819035C-F8AC-4360-A2B7-14657FA3C220}.Debug|x64.Deploy.0 = Debug|Any CPU
		{1819035C-F8AC-4360-A2B7-14657FA3C220}.Debug|x86.ActiveCfg = Debug|Any CPU
		{1819035C-F8AC-4360-A2B7-14657FA3C220}.Debug|x86.Build.0 = Debug|Any CPU
		{1819035C-F8AC-4360-A2B7-14657FA3C220}.Debug|x86.Deploy.0 = Debug|Any CPU
		{1819035C-F8AC-4360-A2B7-14657FA3C220}.Release|Any CPU.ActiveCfg = Release|Any CPU
		{1819035C-F8AC-4360-A2B7-14657FA3C220}.Release|Any CPU.Build.0 = Release|Any CPU
		{1819035C-F8AC-4360-A2B7-14657FA3C220}.Release|Any CPU.Deploy.0 = Release|Any CPU
		{1819035C-F8AC-4360-A2B7-14657FA3C220}.Release|ARM.ActiveCfg = Release|Any CPU
		{1819035C-F8AC-4360-A2B7-14657FA3C220}.Release|ARM.Build.0 = Release|Any CPU
		{1819035C-F8AC-4360-A2B7-14657FA3C220}.Release|ARM.Deploy.0 = Release|Any CPU
		{1819035C-F8AC-4360-A2B7-14657FA3C220}.Release|iPhone.ActiveCfg = Release|Any CPU
		{1819035C-F8AC-4360-A2B7-14657FA3C220}.Release|iPhone.Build.0 = Release|Any CPU
		{1819035C-F8AC-4360-A2B7-14657FA3C220}.Release|iPhone.Deploy.0 = Release|Any CPU
		{1819035C-F8AC-4360-A2B7-14657FA3C220}.Release|iPhoneSimulator.ActiveCfg = Release|Any CPU
		{1819035C-F8AC-4360-A2B7-14657FA3C220}.Release|iPhoneSimulator.Build.0 = Release|Any CPU
		{1819035C-F8AC-4360-A2B7-14657FA3C220}.Release|iPhoneSimulator.Deploy.0 = Release|Any CPU
		{1819035C-F8AC-4360-A2B7-14657FA3C220}.Release|x64.ActiveCfg = Release|Any CPU
		{1819035C-F8AC-4360-A2B7-14657FA3C220}.Release|x64.Build.0 = Release|Any CPU
		{1819035C-F8AC-4360-A2B7-14657FA3C220}.Release|x64.Deploy.0 = Release|Any CPU
		{1819035C-F8AC-4360-A2B7-14657FA3C220}.Release|x86.ActiveCfg = Release|Any CPU
		{1819035C-F8AC-4360-A2B7-14657FA3C220}.Release|x86.Build.0 = Release|Any CPU
		{1819035C-F8AC-4360-A2B7-14657FA3C220}.Release|x86.Deploy.0 = Release|Any CPU
		{A6BE1853-E6A4-43FA-A0F1-BBAE18B38301}.Ad-Hoc|Any CPU.ActiveCfg = Release|Any CPU
		{A6BE1853-E6A4-43FA-A0F1-BBAE18B38301}.Ad-Hoc|Any CPU.Build.0 = Release|Any CPU
		{A6BE1853-E6A4-43FA-A0F1-BBAE18B38301}.Ad-Hoc|ARM.ActiveCfg = Release|Any CPU
		{A6BE1853-E6A4-43FA-A0F1-BBAE18B38301}.Ad-Hoc|ARM.Build.0 = Release|Any CPU
		{A6BE1853-E6A4-43FA-A0F1-BBAE18B38301}.Ad-Hoc|iPhone.ActiveCfg = Release|Any CPU
		{A6BE1853-E6A4-43FA-A0F1-BBAE18B38301}.Ad-Hoc|iPhone.Build.0 = Release|Any CPU
		{A6BE1853-E6A4-43FA-A0F1-BBAE18B38301}.Ad-Hoc|iPhoneSimulator.ActiveCfg = Release|Any CPU
		{A6BE1853-E6A4-43FA-A0F1-BBAE18B38301}.Ad-Hoc|iPhoneSimulator.Build.0 = Release|Any CPU
		{A6BE1853-E6A4-43FA-A0F1-BBAE18B38301}.Ad-Hoc|x64.ActiveCfg = Release|Any CPU
		{A6BE1853-E6A4-43FA-A0F1-BBAE18B38301}.Ad-Hoc|x64.Build.0 = Release|Any CPU
		{A6BE1853-E6A4-43FA-A0F1-BBAE18B38301}.Ad-Hoc|x86.ActiveCfg = Release|Any CPU
		{A6BE1853-E6A4-43FA-A0F1-BBAE18B38301}.Ad-Hoc|x86.Build.0 = Release|Any CPU
		{A6BE1853-E6A4-43FA-A0F1-BBAE18B38301}.AppStore|Any CPU.ActiveCfg = Release|Any CPU
		{A6BE1853-E6A4-43FA-A0F1-BBAE18B38301}.AppStore|Any CPU.Build.0 = Release|Any CPU
		{A6BE1853-E6A4-43FA-A0F1-BBAE18B38301}.AppStore|ARM.ActiveCfg = Release|Any CPU
		{A6BE1853-E6A4-43FA-A0F1-BBAE18B38301}.AppStore|ARM.Build.0 = Release|Any CPU
		{A6BE1853-E6A4-43FA-A0F1-BBAE18B38301}.AppStore|iPhone.ActiveCfg = Release|Any CPU
		{A6BE1853-E6A4-43FA-A0F1-BBAE18B38301}.AppStore|iPhone.Build.0 = Release|Any CPU
		{A6BE1853-E6A4-43FA-A0F1-BBAE18B38301}.AppStore|iPhoneSimulator.ActiveCfg = Release|Any CPU
		{A6BE1853-E6A4-43FA-A0F1-BBAE18B38301}.AppStore|iPhoneSimulator.Build.0 = Release|Any CPU
		{A6BE1853-E6A4-43FA-A0F1-BBAE18B38301}.AppStore|x64.ActiveCfg = Release|Any CPU
		{A6BE1853-E6A4-43FA-A0F1-BBAE18B38301}.AppStore|x64.Build.0 = Release|Any CPU
		{A6BE1853-E6A4-43FA-A0F1-BBAE18B38301}.AppStore|x86.ActiveCfg = Release|Any CPU
		{A6BE1853-E6A4-43FA-A0F1-BBAE18B38301}.AppStore|x86.Build.0 = Release|Any CPU
		{A6BE1853-E6A4-43FA-A0F1-BBAE18B38301}.Debug|Any CPU.ActiveCfg = Debug|Any CPU
		{A6BE1853-E6A4-43FA-A0F1-BBAE18B38301}.Debug|Any CPU.Build.0 = Debug|Any CPU
		{A6BE1853-E6A4-43FA-A0F1-BBAE18B38301}.Debug|ARM.ActiveCfg = Debug|Any CPU
		{A6BE1853-E6A4-43FA-A0F1-BBAE18B38301}.Debug|ARM.Build.0 = Debug|Any CPU
		{A6BE1853-E6A4-43FA-A0F1-BBAE18B38301}.Debug|iPhone.ActiveCfg = Debug|Any CPU
		{A6BE1853-E6A4-43FA-A0F1-BBAE18B38301}.Debug|iPhone.Build.0 = Debug|Any CPU
		{A6BE1853-E6A4-43FA-A0F1-BBAE18B38301}.Debug|iPhoneSimulator.ActiveCfg = Debug|Any CPU
		{A6BE1853-E6A4-43FA-A0F1-BBAE18B38301}.Debug|iPhoneSimulator.Build.0 = Debug|Any CPU
		{A6BE1853-E6A4-43FA-A0F1-BBAE18B38301}.Debug|x64.ActiveCfg = Debug|Any CPU
		{A6BE1853-E6A4-43FA-A0F1-BBAE18B38301}.Debug|x64.Build.0 = Debug|Any CPU
		{A6BE1853-E6A4-43FA-A0F1-BBAE18B38301}.Debug|x86.ActiveCfg = Debug|Any CPU
		{A6BE1853-E6A4-43FA-A0F1-BBAE18B38301}.Debug|x86.Build.0 = Debug|Any CPU
		{A6BE1853-E6A4-43FA-A0F1-BBAE18B38301}.Release|Any CPU.ActiveCfg = Release|Any CPU
		{A6BE1853-E6A4-43FA-A0F1-BBAE18B38301}.Release|Any CPU.Build.0 = Release|Any CPU
		{A6BE1853-E6A4-43FA-A0F1-BBAE18B38301}.Release|ARM.ActiveCfg = Release|Any CPU
		{A6BE1853-E6A4-43FA-A0F1-BBAE18B38301}.Release|ARM.Build.0 = Release|Any CPU
		{A6BE1853-E6A4-43FA-A0F1-BBAE18B38301}.Release|iPhone.ActiveCfg = Release|Any CPU
		{A6BE1853-E6A4-43FA-A0F1-BBAE18B38301}.Release|iPhone.Build.0 = Release|Any CPU
		{A6BE1853-E6A4-43FA-A0F1-BBAE18B38301}.Release|iPhoneSimulator.ActiveCfg = Release|Any CPU
		{A6BE1853-E6A4-43FA-A0F1-BBAE18B38301}.Release|iPhoneSimulator.Build.0 = Release|Any CPU
		{A6BE1853-E6A4-43FA-A0F1-BBAE18B38301}.Release|x64.ActiveCfg = Release|Any CPU
		{A6BE1853-E6A4-43FA-A0F1-BBAE18B38301}.Release|x64.Build.0 = Release|Any CPU
		{A6BE1853-E6A4-43FA-A0F1-BBAE18B38301}.Release|x86.ActiveCfg = Release|Any CPU
		{A6BE1853-E6A4-43FA-A0F1-BBAE18B38301}.Release|x86.Build.0 = Release|Any CPU
		{AFE3DF33-F0E7-4DB6-A1FB-B2FCE2B9E197}.Ad-Hoc|Any CPU.ActiveCfg = Release|x86
		{AFE3DF33-F0E7-4DB6-A1FB-B2FCE2B9E197}.Ad-Hoc|Any CPU.Build.0 = Release|x86
		{AFE3DF33-F0E7-4DB6-A1FB-B2FCE2B9E197}.Ad-Hoc|Any CPU.Deploy.0 = Release|x86
		{AFE3DF33-F0E7-4DB6-A1FB-B2FCE2B9E197}.Ad-Hoc|ARM.ActiveCfg = Release|ARM
		{AFE3DF33-F0E7-4DB6-A1FB-B2FCE2B9E197}.Ad-Hoc|ARM.Build.0 = Release|ARM
		{AFE3DF33-F0E7-4DB6-A1FB-B2FCE2B9E197}.Ad-Hoc|ARM.Deploy.0 = Release|ARM
		{AFE3DF33-F0E7-4DB6-A1FB-B2FCE2B9E197}.Ad-Hoc|iPhone.ActiveCfg = Release|x86
		{AFE3DF33-F0E7-4DB6-A1FB-B2FCE2B9E197}.Ad-Hoc|iPhone.Build.0 = Release|x86
		{AFE3DF33-F0E7-4DB6-A1FB-B2FCE2B9E197}.Ad-Hoc|iPhone.Deploy.0 = Release|x86
		{AFE3DF33-F0E7-4DB6-A1FB-B2FCE2B9E197}.Ad-Hoc|iPhoneSimulator.ActiveCfg = Release|x86
		{AFE3DF33-F0E7-4DB6-A1FB-B2FCE2B9E197}.Ad-Hoc|iPhoneSimulator.Build.0 = Release|x86
		{AFE3DF33-F0E7-4DB6-A1FB-B2FCE2B9E197}.Ad-Hoc|iPhoneSimulator.Deploy.0 = Release|x86
		{AFE3DF33-F0E7-4DB6-A1FB-B2FCE2B9E197}.Ad-Hoc|x64.ActiveCfg = Release|x64
		{AFE3DF33-F0E7-4DB6-A1FB-B2FCE2B9E197}.Ad-Hoc|x64.Build.0 = Release|x64
		{AFE3DF33-F0E7-4DB6-A1FB-B2FCE2B9E197}.Ad-Hoc|x64.Deploy.0 = Release|x64
		{AFE3DF33-F0E7-4DB6-A1FB-B2FCE2B9E197}.Ad-Hoc|x86.ActiveCfg = Release|x86
		{AFE3DF33-F0E7-4DB6-A1FB-B2FCE2B9E197}.Ad-Hoc|x86.Build.0 = Release|x86
		{AFE3DF33-F0E7-4DB6-A1FB-B2FCE2B9E197}.Ad-Hoc|x86.Deploy.0 = Release|x86
		{AFE3DF33-F0E7-4DB6-A1FB-B2FCE2B9E197}.AppStore|Any CPU.ActiveCfg = Release|x86
		{AFE3DF33-F0E7-4DB6-A1FB-B2FCE2B9E197}.AppStore|Any CPU.Build.0 = Release|x86
		{AFE3DF33-F0E7-4DB6-A1FB-B2FCE2B9E197}.AppStore|Any CPU.Deploy.0 = Release|x86
		{AFE3DF33-F0E7-4DB6-A1FB-B2FCE2B9E197}.AppStore|ARM.ActiveCfg = Release|ARM
		{AFE3DF33-F0E7-4DB6-A1FB-B2FCE2B9E197}.AppStore|ARM.Build.0 = Release|ARM
		{AFE3DF33-F0E7-4DB6-A1FB-B2FCE2B9E197}.AppStore|ARM.Deploy.0 = Release|ARM
		{AFE3DF33-F0E7-4DB6-A1FB-B2FCE2B9E197}.AppStore|iPhone.ActiveCfg = Release|x86
		{AFE3DF33-F0E7-4DB6-A1FB-B2FCE2B9E197}.AppStore|iPhone.Build.0 = Release|x86
		{AFE3DF33-F0E7-4DB6-A1FB-B2FCE2B9E197}.AppStore|iPhone.Deploy.0 = Release|x86
		{AFE3DF33-F0E7-4DB6-A1FB-B2FCE2B9E197}.AppStore|iPhoneSimulator.ActiveCfg = Release|x86
		{AFE3DF33-F0E7-4DB6-A1FB-B2FCE2B9E197}.AppStore|iPhoneSimulator.Build.0 = Release|x86
		{AFE3DF33-F0E7-4DB6-A1FB-B2FCE2B9E197}.AppStore|iPhoneSimulator.Deploy.0 = Release|x86
		{AFE3DF33-F0E7-4DB6-A1FB-B2FCE2B9E197}.AppStore|x64.ActiveCfg = Release|x64
		{AFE3DF33-F0E7-4DB6-A1FB-B2FCE2B9E197}.AppStore|x64.Build.0 = Release|x64
		{AFE3DF33-F0E7-4DB6-A1FB-B2FCE2B9E197}.AppStore|x64.Deploy.0 = Release|x64
		{AFE3DF33-F0E7-4DB6-A1FB-B2FCE2B9E197}.AppStore|x86.ActiveCfg = Release|x86
		{AFE3DF33-F0E7-4DB6-A1FB-B2FCE2B9E197}.AppStore|x86.Build.0 = Release|x86
		{AFE3DF33-F0E7-4DB6-A1FB-B2FCE2B9E197}.AppStore|x86.Deploy.0 = Release|x86
		{AFE3DF33-F0E7-4DB6-A1FB-B2FCE2B9E197}.Debug|Any CPU.ActiveCfg = Debug|x86
		{AFE3DF33-F0E7-4DB6-A1FB-B2FCE2B9E197}.Debug|ARM.ActiveCfg = Debug|ARM
		{AFE3DF33-F0E7-4DB6-A1FB-B2FCE2B9E197}.Debug|ARM.Build.0 = Debug|ARM
		{AFE3DF33-F0E7-4DB6-A1FB-B2FCE2B9E197}.Debug|ARM.Deploy.0 = Debug|ARM
		{AFE3DF33-F0E7-4DB6-A1FB-B2FCE2B9E197}.Debug|iPhone.ActiveCfg = Debug|x86
		{AFE3DF33-F0E7-4DB6-A1FB-B2FCE2B9E197}.Debug|iPhoneSimulator.ActiveCfg = Debug|x86
		{AFE3DF33-F0E7-4DB6-A1FB-B2FCE2B9E197}.Debug|x64.ActiveCfg = Debug|x64
		{AFE3DF33-F0E7-4DB6-A1FB-B2FCE2B9E197}.Debug|x64.Build.0 = Debug|x64
		{AFE3DF33-F0E7-4DB6-A1FB-B2FCE2B9E197}.Debug|x64.Deploy.0 = Debug|x64
		{AFE3DF33-F0E7-4DB6-A1FB-B2FCE2B9E197}.Debug|x86.ActiveCfg = Debug|x86
		{AFE3DF33-F0E7-4DB6-A1FB-B2FCE2B9E197}.Debug|x86.Build.0 = Debug|x86
		{AFE3DF33-F0E7-4DB6-A1FB-B2FCE2B9E197}.Debug|x86.Deploy.0 = Debug|x86
		{AFE3DF33-F0E7-4DB6-A1FB-B2FCE2B9E197}.Release|Any CPU.ActiveCfg = Release|x86
		{AFE3DF33-F0E7-4DB6-A1FB-B2FCE2B9E197}.Release|ARM.ActiveCfg = Release|ARM
		{AFE3DF33-F0E7-4DB6-A1FB-B2FCE2B9E197}.Release|ARM.Build.0 = Release|ARM
		{AFE3DF33-F0E7-4DB6-A1FB-B2FCE2B9E197}.Release|ARM.Deploy.0 = Release|ARM
		{AFE3DF33-F0E7-4DB6-A1FB-B2FCE2B9E197}.Release|iPhone.ActiveCfg = Release|x86
		{AFE3DF33-F0E7-4DB6-A1FB-B2FCE2B9E197}.Release|iPhoneSimulator.ActiveCfg = Release|x86
		{AFE3DF33-F0E7-4DB6-A1FB-B2FCE2B9E197}.Release|x64.ActiveCfg = Release|x64
		{AFE3DF33-F0E7-4DB6-A1FB-B2FCE2B9E197}.Release|x64.Build.0 = Release|x64
		{AFE3DF33-F0E7-4DB6-A1FB-B2FCE2B9E197}.Release|x64.Deploy.0 = Release|x64
		{AFE3DF33-F0E7-4DB6-A1FB-B2FCE2B9E197}.Release|x86.ActiveCfg = Release|x86
		{AFE3DF33-F0E7-4DB6-A1FB-B2FCE2B9E197}.Release|x86.Build.0 = Release|x86
		{AFE3DF33-F0E7-4DB6-A1FB-B2FCE2B9E197}.Release|x86.Deploy.0 = Release|x86
		{A536A3FF-6677-4A4F-A202-0598321E3155}.Ad-Hoc|Any CPU.ActiveCfg = Ad-Hoc|iPhone
		{A536A3FF-6677-4A4F-A202-0598321E3155}.Ad-Hoc|ARM.ActiveCfg = Ad-Hoc|iPhone
		{A536A3FF-6677-4A4F-A202-0598321E3155}.Ad-Hoc|iPhone.ActiveCfg = Ad-Hoc|iPhone
		{A536A3FF-6677-4A4F-A202-0598321E3155}.Ad-Hoc|iPhone.Build.0 = Ad-Hoc|iPhone
		{A536A3FF-6677-4A4F-A202-0598321E3155}.Ad-Hoc|iPhoneSimulator.ActiveCfg = Ad-Hoc|iPhoneSimulator
		{A536A3FF-6677-4A4F-A202-0598321E3155}.Ad-Hoc|iPhoneSimulator.Build.0 = Ad-Hoc|iPhoneSimulator
		{A536A3FF-6677-4A4F-A202-0598321E3155}.Ad-Hoc|x64.ActiveCfg = Ad-Hoc|iPhone
		{A536A3FF-6677-4A4F-A202-0598321E3155}.Ad-Hoc|x86.ActiveCfg = Ad-Hoc|iPhone
		{A536A3FF-6677-4A4F-A202-0598321E3155}.AppStore|Any CPU.ActiveCfg = AppStore|iPhone
		{A536A3FF-6677-4A4F-A202-0598321E3155}.AppStore|ARM.ActiveCfg = AppStore|iPhone
		{A536A3FF-6677-4A4F-A202-0598321E3155}.AppStore|iPhone.ActiveCfg = AppStore|iPhone
		{A536A3FF-6677-4A4F-A202-0598321E3155}.AppStore|iPhone.Build.0 = AppStore|iPhone
		{A536A3FF-6677-4A4F-A202-0598321E3155}.AppStore|iPhoneSimulator.ActiveCfg = AppStore|iPhoneSimulator
		{A536A3FF-6677-4A4F-A202-0598321E3155}.AppStore|iPhoneSimulator.Build.0 = AppStore|iPhoneSimulator
		{A536A3FF-6677-4A4F-A202-0598321E3155}.AppStore|x64.ActiveCfg = AppStore|iPhone
		{A536A3FF-6677-4A4F-A202-0598321E3155}.AppStore|x86.ActiveCfg = AppStore|iPhone
		{A536A3FF-6677-4A4F-A202-0598321E3155}.Debug|Any CPU.ActiveCfg = Debug|iPhone
		{A536A3FF-6677-4A4F-A202-0598321E3155}.Debug|ARM.ActiveCfg = Debug|iPhone
		{A536A3FF-6677-4A4F-A202-0598321E3155}.Debug|iPhone.ActiveCfg = Debug|iPhone
		{A536A3FF-6677-4A4F-A202-0598321E3155}.Debug|iPhone.Build.0 = Debug|iPhone
		{A536A3FF-6677-4A4F-A202-0598321E3155}.Debug|iPhoneSimulator.ActiveCfg = Debug|iPhoneSimulator
		{A536A3FF-6677-4A4F-A202-0598321E3155}.Debug|iPhoneSimulator.Build.0 = Debug|iPhoneSimulator
		{A536A3FF-6677-4A4F-A202-0598321E3155}.Debug|x64.ActiveCfg = Debug|iPhone
		{A536A3FF-6677-4A4F-A202-0598321E3155}.Debug|x86.ActiveCfg = Debug|iPhone
		{A536A3FF-6677-4A4F-A202-0598321E3155}.Release|Any CPU.ActiveCfg = Release|iPhone
		{A536A3FF-6677-4A4F-A202-0598321E3155}.Release|ARM.ActiveCfg = Release|iPhone
		{A536A3FF-6677-4A4F-A202-0598321E3155}.Release|iPhone.ActiveCfg = Release|iPhone
		{A536A3FF-6677-4A4F-A202-0598321E3155}.Release|iPhone.Build.0 = Release|iPhone
		{A536A3FF-6677-4A4F-A202-0598321E3155}.Release|iPhoneSimulator.ActiveCfg = Release|iPhoneSimulator
		{A536A3FF-6677-4A4F-A202-0598321E3155}.Release|iPhoneSimulator.Build.0 = Release|iPhoneSimulator
		{A536A3FF-6677-4A4F-A202-0598321E3155}.Release|x64.ActiveCfg = Release|iPhone
		{A536A3FF-6677-4A4F-A202-0598321E3155}.Release|x86.ActiveCfg = Release|iPhone
	EndGlobalSection
	GlobalSection(SolutionProperties) = preSolution
		HideSolutionNode = FALSE
	EndGlobalSection
EndGlobal
