
Microsoft Visual Studio Solution File, Format Version 12.00
# Visual Studio 14
VisualStudioVersion = 14.0.25420.1
MinimumVisualStudioVersion = 10.0.40219.1
Project("{FAE04EC0-301F-11D3-BF4B-00C04F79EFBC}") = "DynamicTheming.Android", "DynamicTheming\DynamicTheming.Android\DynamicTheming.Android.csproj", "{634F4333-A0D5-4907-B28F-4FD4030250ED}"
EndProject
Project("{FAE04EC0-301F-11D3-BF4B-00C04F79EFBC}") = "DynamicTheming", "DynamicTheming\DynamicTheming\DynamicTheming.csproj", "{311521F2-B1D3-42D4-9C86-C66A6266F75B}"
EndProject
Project("{FAE04EC0-301F-11D3-BF4B-00C04F79EFBC}") = "DynamicTheming.UWP", "DynamicTheming\DynamicTheming.UWP\DynamicTheming.UWP.csproj", "{54DDF689-01BC-4B65-BD2C-76D65210010C}"
EndProject
Project("{FAE04EC0-301F-11D3-BF4B-00C04F79EFBC}") = "DynamicTheming.iOS", "DynamicTheming\DynamicTheming.iOS\DynamicTheming.iOS.csproj", "{1EB51DD5-AA4C-4AD6-A8F7-B379B895F86E}"
EndProject
Global
	GlobalSection(SolutionConfigurationPlatforms) = preSolution
		Ad-Hoc|Any CPU = Ad-Hoc|Any CPU
		Ad-Hoc|ARM = Ad-Hoc|ARM
		Ad-Hoc|iPhone = Ad-Hoc|iPhone
		Ad-Hoc|iPhoneSimulator = Ad-Hoc|iPhoneSimulator
		Ad-Hoc|x64 = Ad-Hoc|x64
		Ad-Hoc|x86 = Ad-Hoc|x86
		AppStore|Any CPU = AppStore|Any CPU
		AppStore|ARM = AppStore|ARM
		AppStore|iPhone = AppStore|iPhone
		AppStore|iPhoneSimulator = AppStore|iPhoneSimulator
		AppStore|x64 = AppStore|x64
		AppStore|x86 = AppStore|x86
		Debug|Any CPU = Debug|Any CPU
		Debug|ARM = Debug|ARM
		Debug|iPhone = Debug|iPhone
		Debug|iPhoneSimulator = Debug|iPhoneSimulator
		Debug|x64 = Debug|x64
		Debug|x86 = Debug|x86
		Release|Any CPU = Release|Any CPU
		Release|ARM = Release|ARM
		Release|iPhone = Release|iPhone
		Release|iPhoneSimulator = Release|iPhoneSimulator
		Release|x64 = Release|x64
		Release|x86 = Release|x86
	EndGlobalSection
	GlobalSection(ProjectConfigurationPlatforms) = postSolution
		{634F4333-A0D5-4907-B28F-4FD4030250ED}.Ad-Hoc|Any CPU.ActiveCfg = Release|Any CPU
		{634F4333-A0D5-4907-B28F-4FD4030250ED}.Ad-Hoc|Any CPU.Build.0 = Release|Any CPU
		{634F4333-A0D5-4907-B28F-4FD4030250ED}.Ad-Hoc|Any CPU.Deploy.0 = Release|Any CPU
		{634F4333-A0D5-4907-B28F-4FD4030250ED}.Ad-Hoc|ARM.ActiveCfg = Release|Any CPU
		{634F4333-A0D5-4907-B28F-4FD4030250ED}.Ad-Hoc|ARM.Build.0 = Release|Any CPU
		{634F4333-A0D5-4907-B28F-4FD4030250ED}.Ad-Hoc|ARM.Deploy.0 = Release|Any CPU
		{634F4333-A0D5-4907-B28F-4FD4030250ED}.Ad-Hoc|iPhone.ActiveCfg = Release|Any CPU
		{634F4333-A0D5-4907-B28F-4FD4030250ED}.Ad-Hoc|iPhone.Build.0 = Release|Any CPU
		{634F4333-A0D5-4907-B28F-4FD4030250ED}.Ad-Hoc|iPhone.Deploy.0 = Release|Any CPU
		{634F4333-A0D5-4907-B28F-4FD4030250ED}.Ad-Hoc|iPhoneSimulator.ActiveCfg = Release|Any CPU
		{634F4333-A0D5-4907-B28F-4FD4030250ED}.Ad-Hoc|iPhoneSimulator.Build.0 = Release|Any CPU
		{634F4333-A0D5-4907-B28F-4FD4030250ED}.Ad-Hoc|iPhoneSimulator.Deploy.0 = Release|Any CPU
		{634F4333-A0D5-4907-B28F-4FD4030250ED}.Ad-Hoc|x64.ActiveCfg = Release|Any CPU
		{634F4333-A0D5-4907-B28F-4FD4030250ED}.Ad-Hoc|x64.Build.0 = Release|Any CPU
		{634F4333-A0D5-4907-B28F-4FD4030250ED}.Ad-Hoc|x64.Deploy.0 = Release|Any CPU
		{634F4333-A0D5-4907-B28F-4FD4030250ED}.Ad-Hoc|x86.ActiveCfg = Release|Any CPU
		{634F4333-A0D5-4907-B28F-4FD4030250ED}.Ad-Hoc|x86.Build.0 = Release|Any CPU
		{634F4333-A0D5-4907-B28F-4FD4030250ED}.Ad-Hoc|x86.Deploy.0 = Release|Any CPU
		{634F4333-A0D5-4907-B28F-4FD4030250ED}.AppStore|Any CPU.ActiveCfg = Release|Any CPU
		{634F4333-A0D5-4907-B28F-4FD4030250ED}.AppStore|Any CPU.Build.0 = Release|Any CPU
		{634F4333-A0D5-4907-B28F-4FD4030250ED}.AppStore|Any CPU.Deploy.0 = Release|Any CPU
		{634F4333-A0D5-4907-B28F-4FD4030250ED}.AppStore|ARM.ActiveCfg = Release|Any CPU
		{634F4333-A0D5-4907-B28F-4FD4030250ED}.AppStore|ARM.Build.0 = Release|Any CPU
		{634F4333-A0D5-4907-B28F-4FD4030250ED}.AppStore|ARM.Deploy.0 = Release|Any CPU
		{634F4333-A0D5-4907-B28F-4FD4030250ED}.AppStore|iPhone.ActiveCfg = Release|Any CPU
		{634F4333-A0D5-4907-B28F-4FD4030250ED}.AppStore|iPhone.Build.0 = Release|Any CPU
		{634F4333-A0D5-4907-B28F-4FD4030250ED}.AppStore|iPhone.Deploy.0 = Release|Any CPU
		{634F4333-A0D5-4907-B28F-4FD4030250ED}.AppStore|iPhoneSimulator.ActiveCfg = Release|Any CPU
		{634F4333-A0D5-4907-B28F-4FD4030250ED}.AppStore|iPhoneSimulator.Build.0 = Release|Any CPU
		{634F4333-A0D5-4907-B28F-4FD4030250ED}.AppStore|iPhoneSimulator.Deploy.0 = Release|Any CPU
		{634F4333-A0D5-4907-B28F-4FD4030250ED}.AppStore|x64.ActiveCfg = Release|Any CPU
		{634F4333-A0D5-4907-B28F-4FD4030250ED}.AppStore|x64.Build.0 = Release|Any CPU
		{634F4333-A0D5-4907-B28F-4FD4030250ED}.AppStore|x64.Deploy.0 = Release|Any CPU
		{634F4333-A0D5-4907-B28F-4FD4030250ED}.AppStore|x86.ActiveCfg = Release|Any CPU
		{634F4333-A0D5-4907-B28F-4FD4030250ED}.AppStore|x86.Build.0 = Release|Any CPU
		{634F4333-A0D5-4907-B28F-4FD4030250ED}.AppStore|x86.Deploy.0 = Release|Any CPU
		{634F4333-A0D5-4907-B28F-4FD4030250ED}.Debug|Any CPU.ActiveCfg = Debug|Any CPU
		{634F4333-A0D5-4907-B28F-4FD4030250ED}.Debug|Any CPU.Build.0 = Debug|Any CPU
		{634F4333-A0D5-4907-B28F-4FD4030250ED}.Debug|Any CPU.Deploy.0 = Debug|Any CPU
		{634F4333-A0D5-4907-B28F-4FD4030250ED}.Debug|ARM.ActiveCfg = Debug|Any CPU
		{634F4333-A0D5-4907-B28F-4FD4030250ED}.Debug|ARM.Build.0 = Debug|Any CPU
		{634F4333-A0D5-4907-B28F-4FD4030250ED}.Debug|ARM.Deploy.0 = Debug|Any CPU
		{634F4333-A0D5-4907-B28F-4FD4030250ED}.Debug|iPhone.ActiveCfg = Debug|Any CPU
		{634F4333-A0D5-4907-B28F-4FD4030250ED}.Debug|iPhone.Build.0 = Debug|Any CPU
		{634F4333-A0D5-4907-B28F-4FD4030250ED}.Debug|iPhone.Deploy.0 = Debug|Any CPU
		{634F4333-A0D5-4907-B28F-4FD4030250ED}.Debug|iPhoneSimulator.ActiveCfg = Debug|Any CPU
		{634F4333-A0D5-4907-B28F-4FD4030250ED}.Debug|iPhoneSimulator.Build.0 = Debug|Any CPU
		{634F4333-A0D5-4907-B28F-4FD4030250ED}.Debug|iPhoneSimulator.Deploy.0 = Debug|Any CPU
		{634F4333-A0D5-4907-B28F-4FD4030250ED}.Debug|x64.ActiveCfg = Debug|Any CPU
		{634F4333-A0D5-4907-B28F-4FD4030250ED}.Debug|x64.Build.0 = Debug|Any CPU
		{634F4333-A0D5-4907-B28F-4FD4030250ED}.Debug|x64.Deploy.0 = Debug|Any CPU
		{634F4333-A0D5-4907-B28F-4FD4030250ED}.Debug|x86.ActiveCfg = Debug|Any CPU
		{634F4333-A0D5-4907-B28F-4FD4030250ED}.Debug|x86.Build.0 = Debug|Any CPU
		{634F4333-A0D5-4907-B28F-4FD4030250ED}.Debug|x86.Deploy.0 = Debug|Any CPU
		{634F4333-A0D5-4907-B28F-4FD4030250ED}.Release|Any CPU.ActiveCfg = Release|Any CPU
		{634F4333-A0D5-4907-B28F-4FD4030250ED}.Release|Any CPU.Build.0 = Release|Any CPU
		{634F4333-A0D5-4907-B28F-4FD4030250ED}.Release|Any CPU.Deploy.0 = Release|Any CPU
		{634F4333-A0D5-4907-B28F-4FD4030250ED}.Release|ARM.ActiveCfg = Release|Any CPU
		{634F4333-A0D5-4907-B28F-4FD4030250ED}.Release|ARM.Build.0 = Release|Any CPU
		{634F4333-A0D5-4907-B28F-4FD4030250ED}.Release|ARM.Deploy.0 = Release|Any CPU
		{634F4333-A0D5-4907-B28F-4FD4030250ED}.Release|iPhone.ActiveCfg = Release|Any CPU
		{634F4333-A0D5-4907-B28F-4FD4030250ED}.Release|iPhone.Build.0 = Release|Any CPU
		{634F4333-A0D5-4907-B28F-4FD4030250ED}.Release|iPhone.Deploy.0 = Release|Any CPU
		{634F4333-A0D5-4907-B28F-4FD4030250ED}.Release|iPhoneSimulator.ActiveCfg = Release|Any CPU
		{634F4333-A0D5-4907-B28F-4FD4030250ED}.Release|iPhoneSimulator.Build.0 = Release|Any CPU
		{634F4333-A0D5-4907-B28F-4FD4030250ED}.Release|iPhoneSimulator.Deploy.0 = Release|Any CPU
		{634F4333-A0D5-4907-B28F-4FD4030250ED}.Release|x64.ActiveCfg = Release|Any CPU
		{634F4333-A0D5-4907-B28F-4FD4030250ED}.Release|x64.Build.0 = Release|Any CPU
		{634F4333-A0D5-4907-B28F-4FD4030250ED}.Release|x64.Deploy.0 = Release|Any CPU
		{634F4333-A0D5-4907-B28F-4FD4030250ED}.Release|x86.ActiveCfg = Release|Any CPU
		{634F4333-A0D5-4907-B28F-4FD4030250ED}.Release|x86.Build.0 = Release|Any CPU
		{634F4333-A0D5-4907-B28F-4FD4030250ED}.Release|x86.Deploy.0 = Release|Any CPU
		{311521F2-B1D3-42D4-9C86-C66A6266F75B}.Ad-Hoc|Any CPU.ActiveCfg = Release|Any CPU
		{311521F2-B1D3-42D4-9C86-C66A6266F75B}.Ad-Hoc|Any CPU.Build.0 = Release|Any CPU
		{311521F2-B1D3-42D4-9C86-C66A6266F75B}.Ad-Hoc|ARM.ActiveCfg = Release|Any CPU
		{311521F2-B1D3-42D4-9C86-C66A6266F75B}.Ad-Hoc|ARM.Build.0 = Release|Any CPU
		{311521F2-B1D3-42D4-9C86-C66A6266F75B}.Ad-Hoc|iPhone.ActiveCfg = Release|Any CPU
		{311521F2-B1D3-42D4-9C86-C66A6266F75B}.Ad-Hoc|iPhone.Build.0 = Release|Any CPU
		{311521F2-B1D3-42D4-9C86-C66A6266F75B}.Ad-Hoc|iPhoneSimulator.ActiveCfg = Release|Any CPU
		{311521F2-B1D3-42D4-9C86-C66A6266F75B}.Ad-Hoc|iPhoneSimulator.Build.0 = Release|Any CPU
		{311521F2-B1D3-42D4-9C86-C66A6266F75B}.Ad-Hoc|x64.ActiveCfg = Release|Any CPU
		{311521F2-B1D3-42D4-9C86-C66A6266F75B}.Ad-Hoc|x64.Build.0 = Release|Any CPU
		{311521F2-B1D3-42D4-9C86-C66A6266F75B}.Ad-Hoc|x86.ActiveCfg = Release|Any CPU
		{311521F2-B1D3-42D4-9C86-C66A6266F75B}.Ad-Hoc|x86.Build.0 = Release|Any CPU
		{311521F2-B1D3-42D4-9C86-C66A6266F75B}.AppStore|Any CPU.ActiveCfg = Release|Any CPU
		{311521F2-B1D3-42D4-9C86-C66A6266F75B}.AppStore|Any CPU.Build.0 = Release|Any CPU
		{311521F2-B1D3-42D4-9C86-C66A6266F75B}.AppStore|ARM.ActiveCfg = Release|Any CPU
		{311521F2-B1D3-42D4-9C86-C66A6266F75B}.AppStore|ARM.Build.0 = Release|Any CPU
		{311521F2-B1D3-42D4-9C86-C66A6266F75B}.AppStore|iPhone.ActiveCfg = Release|Any CPU
		{311521F2-B1D3-42D4-9C86-C66A6266F75B}.AppStore|iPhone.Build.0 = Release|Any CPU
		{311521F2-B1D3-42D4-9C86-C66A6266F75B}.AppStore|iPhoneSimulator.ActiveCfg = Release|Any CPU
		{311521F2-B1D3-42D4-9C86-C66A6266F75B}.AppStore|iPhoneSimulator.Build.0 = Release|Any CPU
		{311521F2-B1D3-42D4-9C86-C66A6266F75B}.AppStore|x64.ActiveCfg = Release|Any CPU
		{311521F2-B1D3-42D4-9C86-C66A6266F75B}.AppStore|x64.Build.0 = Release|Any CPU
		{311521F2-B1D3-42D4-9C86-C66A6266F75B}.AppStore|x86.ActiveCfg = Release|Any CPU
		{311521F2-B1D3-42D4-9C86-C66A6266F75B}.AppStore|x86.Build.0 = Release|Any CPU
		{311521F2-B1D3-42D4-9C86-C66A6266F75B}.Debug|Any CPU.ActiveCfg = Debug|Any CPU
		{311521F2-B1D3-42D4-9C86-C66A6266F75B}.Debug|Any CPU.Build.0 = Debug|Any CPU
		{311521F2-B1D3-42D4-9C86-C66A6266F75B}.Debug|ARM.ActiveCfg = Debug|Any CPU
		{311521F2-B1D3-42D4-9C86-C66A6266F75B}.Debug|ARM.Build.0 = Debug|Any CPU
		{311521F2-B1D3-42D4-9C86-C66A6266F75B}.Debug|iPhone.ActiveCfg = Debug|Any CPU
		{311521F2-B1D3-42D4-9C86-C66A6266F75B}.Debug|iPhone.Build.0 = Debug|Any CPU
		{311521F2-B1D3-42D4-9C86-C66A6266F75B}.Debug|iPhoneSimulator.ActiveCfg = Debug|Any CPU
		{311521F2-B1D3-42D4-9C86-C66A6266F75B}.Debug|iPhoneSimulator.Build.0 = Debug|Any CPU
		{311521F2-B1D3-42D4-9C86-C66A6266F75B}.Debug|x64.ActiveCfg = Debug|Any CPU
		{311521F2-B1D3-42D4-9C86-C66A6266F75B}.Debug|x64.Build.0 = Debug|Any CPU
		{311521F2-B1D3-42D4-9C86-C66A6266F75B}.Debug|x86.ActiveCfg = Debug|Any CPU
		{311521F2-B1D3-42D4-9C86-C66A6266F75B}.Debug|x86.Build.0 = Debug|Any CPU
		{311521F2-B1D3-42D4-9C86-C66A6266F75B}.Release|Any CPU.ActiveCfg = Release|Any CPU
		{311521F2-B1D3-42D4-9C86-C66A6266F75B}.Release|Any CPU.Build.0 = Release|Any CPU
		{311521F2-B1D3-42D4-9C86-C66A6266F75B}.Release|ARM.ActiveCfg = Release|Any CPU
		{311521F2-B1D3-42D4-9C86-C66A6266F75B}.Release|ARM.Build.0 = Release|Any CPU
		{311521F2-B1D3-42D4-9C86-C66A6266F75B}.Release|iPhone.ActiveCfg = Release|Any CPU
		{311521F2-B1D3-42D4-9C86-C66A6266F75B}.Release|iPhone.Build.0 = Release|Any CPU
		{311521F2-B1D3-42D4-9C86-C66A6266F75B}.Release|iPhoneSimulator.ActiveCfg = Release|Any CPU
		{311521F2-B1D3-42D4-9C86-C66A6266F75B}.Release|iPhoneSimulator.Build.0 = Release|Any CPU
		{311521F2-B1D3-42D4-9C86-C66A6266F75B}.Release|x64.ActiveCfg = Release|Any CPU
		{311521F2-B1D3-42D4-9C86-C66A6266F75B}.Release|x64.Build.0 = Release|Any CPU
		{311521F2-B1D3-42D4-9C86-C66A6266F75B}.Release|x86.ActiveCfg = Release|Any CPU
		{311521F2-B1D3-42D4-9C86-C66A6266F75B}.Release|x86.Build.0 = Release|Any CPU
		{54DDF689-01BC-4B65-BD2C-76D65210010C}.Ad-Hoc|Any CPU.ActiveCfg = Release|x86
		{54DDF689-01BC-4B65-BD2C-76D65210010C}.Ad-Hoc|Any CPU.Build.0 = Release|x86
		{54DDF689-01BC-4B65-BD2C-76D65210010C}.Ad-Hoc|Any CPU.Deploy.0 = Release|x86
		{54DDF689-01BC-4B65-BD2C-76D65210010C}.Ad-Hoc|ARM.ActiveCfg = Release|ARM
		{54DDF689-01BC-4B65-BD2C-76D65210010C}.Ad-Hoc|ARM.Build.0 = Release|ARM
		{54DDF689-01BC-4B65-BD2C-76D65210010C}.Ad-Hoc|ARM.Deploy.0 = Release|ARM
		{54DDF689-01BC-4B65-BD2C-76D65210010C}.Ad-Hoc|iPhone.ActiveCfg = Release|x86
		{54DDF689-01BC-4B65-BD2C-76D65210010C}.Ad-Hoc|iPhone.Build.0 = Release|x86
		{54DDF689-01BC-4B65-BD2C-76D65210010C}.Ad-Hoc|iPhone.Deploy.0 = Release|x86
		{54DDF689-01BC-4B65-BD2C-76D65210010C}.Ad-Hoc|iPhoneSimulator.ActiveCfg = Release|x86
		{54DDF689-01BC-4B65-BD2C-76D65210010C}.Ad-Hoc|iPhoneSimulator.Build.0 = Release|x86
		{54DDF689-01BC-4B65-BD2C-76D65210010C}.Ad-Hoc|iPhoneSimulator.Deploy.0 = Release|x86
		{54DDF689-01BC-4B65-BD2C-76D65210010C}.Ad-Hoc|x64.ActiveCfg = Release|x64
		{54DDF689-01BC-4B65-BD2C-76D65210010C}.Ad-Hoc|x64.Build.0 = Release|x64
		{54DDF689-01BC-4B65-BD2C-76D65210010C}.Ad-Hoc|x64.Deploy.0 = Release|x64
		{54DDF689-01BC-4B65-BD2C-76D65210010C}.Ad-Hoc|x86.ActiveCfg = Release|x86
		{54DDF689-01BC-4B65-BD2C-76D65210010C}.Ad-Hoc|x86.Build.0 = Release|x86
		{54DDF689-01BC-4B65-BD2C-76D65210010C}.Ad-Hoc|x86.Deploy.0 = Release|x86
		{54DDF689-01BC-4B65-BD2C-76D65210010C}.AppStore|Any CPU.ActiveCfg = Release|x86
		{54DDF689-01BC-4B65-BD2C-76D65210010C}.AppStore|Any CPU.Build.0 = Release|x86
		{54DDF689-01BC-4B65-BD2C-76D65210010C}.AppStore|Any CPU.Deploy.0 = Release|x86
		{54DDF689-01BC-4B65-BD2C-76D65210010C}.AppStore|ARM.ActiveCfg = Release|ARM
		{54DDF689-01BC-4B65-BD2C-76D65210010C}.AppStore|ARM.Build.0 = Release|ARM
		{54DDF689-01BC-4B65-BD2C-76D65210010C}.AppStore|ARM.Deploy.0 = Release|ARM
		{54DDF689-01BC-4B65-BD2C-76D65210010C}.AppStore|iPhone.ActiveCfg = Release|x86
		{54DDF689-01BC-4B65-BD2C-76D65210010C}.AppStore|iPhone.Build.0 = Release|x86
		{54DDF689-01BC-4B65-BD2C-76D65210010C}.AppStore|iPhone.Deploy.0 = Release|x86
		{54DDF689-01BC-4B65-BD2C-76D65210010C}.AppStore|iPhoneSimulator.ActiveCfg = Release|x86
		{54DDF689-01BC-4B65-BD2C-76D65210010C}.AppStore|iPhoneSimulator.Build.0 = Release|x86
		{54DDF689-01BC-4B65-BD2C-76D65210010C}.AppStore|iPhoneSimulator.Deploy.0 = Release|x86
		{54DDF689-01BC-4B65-BD2C-76D65210010C}.AppStore|x64.ActiveCfg = Release|x64
		{54DDF689-01BC-4B65-BD2C-76D65210010C}.AppStore|x64.Build.0 = Release|x64
		{54DDF689-01BC-4B65-BD2C-76D65210010C}.AppStore|x64.Deploy.0 = Release|x64
		{54DDF689-01BC-4B65-BD2C-76D65210010C}.AppStore|x86.ActiveCfg = Release|x86
		{54DDF689-01BC-4B65-BD2C-76D65210010C}.AppStore|x86.Build.0 = Release|x86
		{54DDF689-01BC-4B65-BD2C-76D65210010C}.AppStore|x86.Deploy.0 = Release|x86
		{54DDF689-01BC-4B65-BD2C-76D65210010C}.Debug|Any CPU.ActiveCfg = Debug|x86
		{54DDF689-01BC-4B65-BD2C-76D65210010C}.Debug|ARM.ActiveCfg = Debug|ARM
		{54DDF689-01BC-4B65-BD2C-76D65210010C}.Debug|ARM.Build.0 = Debug|ARM
		{54DDF689-01BC-4B65-BD2C-76D65210010C}.Debug|ARM.Deploy.0 = Debug|ARM
		{54DDF689-01BC-4B65-BD2C-76D65210010C}.Debug|iPhone.ActiveCfg = Debug|x86
		{54DDF689-01BC-4B65-BD2C-76D65210010C}.Debug|iPhoneSimulator.ActiveCfg = Debug|x86
		{54DDF689-01BC-4B65-BD2C-76D65210010C}.Debug|x64.ActiveCfg = Debug|x64
		{54DDF689-01BC-4B65-BD2C-76D65210010C}.Debug|x64.Build.0 = Debug|x64
		{54DDF689-01BC-4B65-BD2C-76D65210010C}.Debug|x64.Deploy.0 = Debug|x64
		{54DDF689-01BC-4B65-BD2C-76D65210010C}.Debug|x86.ActiveCfg = Debug|x86
		{54DDF689-01BC-4B65-BD2C-76D65210010C}.Debug|x86.Build.0 = Debug|x86
		{54DDF689-01BC-4B65-BD2C-76D65210010C}.Debug|x86.Deploy.0 = Debug|x86
		{54DDF689-01BC-4B65-BD2C-76D65210010C}.Release|Any CPU.ActiveCfg = Release|x86
		{54DDF689-01BC-4B65-BD2C-76D65210010C}.Release|ARM.ActiveCfg = Release|ARM
		{54DDF689-01BC-4B65-BD2C-76D65210010C}.Release|ARM.Build.0 = Release|ARM
		{54DDF689-01BC-4B65-BD2C-76D65210010C}.Release|ARM.Deploy.0 = Release|ARM
		{54DDF689-01BC-4B65-BD2C-76D65210010C}.Release|iPhone.ActiveCfg = Release|x86
		{54DDF689-01BC-4B65-BD2C-76D65210010C}.Release|iPhoneSimulator.ActiveCfg = Release|x86
		{54DDF689-01BC-4B65-BD2C-76D65210010C}.Release|x64.ActiveCfg = Release|x64
		{54DDF689-01BC-4B65-BD2C-76D65210010C}.Release|x64.Build.0 = Release|x64
		{54DDF689-01BC-4B65-BD2C-76D65210010C}.Release|x64.Deploy.0 = Release|x64
		{54DDF689-01BC-4B65-BD2C-76D65210010C}.Release|x86.ActiveCfg = Release|x86
		{54DDF689-01BC-4B65-BD2C-76D65210010C}.Release|x86.Build.0 = Release|x86
		{54DDF689-01BC-4B65-BD2C-76D65210010C}.Release|x86.Deploy.0 = Release|x86
		{1EB51DD5-AA4C-4AD6-A8F7-B379B895F86E}.Ad-Hoc|Any CPU.ActiveCfg = Ad-Hoc|iPhone
		{1EB51DD5-AA4C-4AD6-A8F7-B379B895F86E}.Ad-Hoc|ARM.ActiveCfg = Ad-Hoc|iPhone
		{1EB51DD5-AA4C-4AD6-A8F7-B379B895F86E}.Ad-Hoc|iPhone.ActiveCfg = Ad-Hoc|iPhone
		{1EB51DD5-AA4C-4AD6-A8F7-B379B895F86E}.Ad-Hoc|iPhone.Build.0 = Ad-Hoc|iPhone
		{1EB51DD5-AA4C-4AD6-A8F7-B379B895F86E}.Ad-Hoc|iPhoneSimulator.ActiveCfg = Ad-Hoc|iPhoneSimulator
		{1EB51DD5-AA4C-4AD6-A8F7-B379B895F86E}.Ad-Hoc|iPhoneSimulator.Build.0 = Ad-Hoc|iPhoneSimulator
		{1EB51DD5-AA4C-4AD6-A8F7-B379B895F86E}.Ad-Hoc|x64.ActiveCfg = Ad-Hoc|iPhone
		{1EB51DD5-AA4C-4AD6-A8F7-B379B895F86E}.Ad-Hoc|x86.ActiveCfg = Ad-Hoc|iPhone
		{1EB51DD5-AA4C-4AD6-A8F7-B379B895F86E}.AppStore|Any CPU.ActiveCfg = AppStore|iPhone
		{1EB51DD5-AA4C-4AD6-A8F7-B379B895F86E}.AppStore|ARM.ActiveCfg = AppStore|iPhone
		{1EB51DD5-AA4C-4AD6-A8F7-B379B895F86E}.AppStore|iPhone.ActiveCfg = AppStore|iPhone
		{1EB51DD5-AA4C-4AD6-A8F7-B379B895F86E}.AppStore|iPhone.Build.0 = AppStore|iPhone
		{1EB51DD5-AA4C-4AD6-A8F7-B379B895F86E}.AppStore|iPhoneSimulator.ActiveCfg = AppStore|iPhoneSimulator
		{1EB51DD5-AA4C-4AD6-A8F7-B379B895F86E}.AppStore|iPhoneSimulator.Build.0 = AppStore|iPhoneSimulator
		{1EB51DD5-AA4C-4AD6-A8F7-B379B895F86E}.AppStore|x64.ActiveCfg = AppStore|iPhone
		{1EB51DD5-AA4C-4AD6-A8F7-B379B895F86E}.AppStore|x86.ActiveCfg = AppStore|iPhone
		{1EB51DD5-AA4C-4AD6-A8F7-B379B895F86E}.Debug|Any CPU.ActiveCfg = Debug|iPhone
		{1EB51DD5-AA4C-4AD6-A8F7-B379B895F86E}.Debug|ARM.ActiveCfg = Debug|iPhone
		{1EB51DD5-AA4C-4AD6-A8F7-B379B895F86E}.Debug|iPhone.ActiveCfg = Debug|iPhone
		{1EB51DD5-AA4C-4AD6-A8F7-B379B895F86E}.Debug|iPhone.Build.0 = Debug|iPhone
		{1EB51DD5-AA4C-4AD6-A8F7-B379B895F86E}.Debug|iPhoneSimulator.ActiveCfg = Debug|iPhoneSimulator
		{1EB51DD5-AA4C-4AD6-A8F7-B379B895F86E}.Debug|iPhoneSimulator.Build.0 = Debug|iPhoneSimulator
		{1EB51DD5-AA4C-4AD6-A8F7-B379B895F86E}.Debug|x64.ActiveCfg = Debug|iPhone
		{1EB51DD5-AA4C-4AD6-A8F7-B379B895F86E}.Debug|x86.ActiveCfg = Debug|iPhone
		{1EB51DD5-AA4C-4AD6-A8F7-B379B895F86E}.Release|Any CPU.ActiveCfg = Release|iPhone
		{1EB51DD5-AA4C-4AD6-A8F7-B379B895F86E}.Release|ARM.ActiveCfg = Release|iPhone
		{1EB51DD5-AA4C-4AD6-A8F7-B379B895F86E}.Release|iPhone.ActiveCfg = Release|iPhone
		{1EB51DD5-AA4C-4AD6-A8F7-B379B895F86E}.Release|iPhone.Build.0 = Release|iPhone
		{1EB51DD5-AA4C-4AD6-A8F7-B379B895F86E}.Release|iPhoneSimulator.ActiveCfg = Release|iPhoneSimulator
		{1EB51DD5-AA4C-4AD6-A8F7-B379B895F86E}.Release|iPhoneSimulator.Build.0 = Release|iPhoneSimulator
		{1EB51DD5-AA4C-4AD6-A8F7-B379B895F86E}.Release|x64.ActiveCfg = Release|iPhone
		{1EB51DD5-AA4C-4AD6-A8F7-B379B895F86E}.Release|x86.ActiveCfg = Release|iPhone
	EndGlobalSection
	GlobalSection(SolutionProperties) = preSolution
		HideSolutionNode = FALSE
	EndGlobalSection
EndGlobal
