
Microsoft Visual Studio Solution File, Format Version 12.00
# Visual Studio 15
VisualStudioVersion = 15.0.26430.6
MinimumVisualStudioVersion = 10.0.40219.1
Project("{FAE04EC0-301F-11D3-BF4B-00C04F79EFBC}") = "HybridApp.Android", "HybridApp\HybridApp.Android\HybridApp.Android.csproj", "{B55648D2-E3EE-4675-B985-FE5A1AD99142}"
EndProject
Project("{FAE04EC0-301F-11D3-BF4B-00C04F79EFBC}") = "HybridApp", "HybridApp\HybridApp\HybridApp.csproj", "{2D783FC8-809D-402D-8FF0-1A19ACD62C9B}"
EndProject
Project("{FAE04EC0-301F-11D3-BF4B-00C04F79EFBC}") = "HybridApp.UWP", "HybridApp\HybridApp.UWP\HybridApp.UWP.csproj", "{CE67F52D-4E0C-40A7-BECB-55B806B3E143}"
EndProject
Project("{FAE04EC0-301F-11D3-BF4B-00C04F79EFBC}") = "HybridApp.iOS", "HybridApp\HybridApp.iOS\HybridApp.iOS.csproj", "{56901BD3-CDFF-4F35-81DA-AEE2E129A22A}"
EndProject
Global
	GlobalSection(SolutionConfigurationPlatforms) = preSolution
		Ad-Hoc|Any CPU = Ad-Hoc|Any CPU
		Ad-Hoc|ARM = Ad-Hoc|ARM
		Ad-Hoc|iPhone = Ad-Hoc|iPhone
		Ad-Hoc|iPhoneSimulator = Ad-Hoc|iPhoneSimulator
		Ad-Hoc|x64 = Ad-Hoc|x64
		Ad-Hoc|x86 = Ad-Hoc|x86
		AppStore|Any CPU = AppStore|Any CPU
		AppStore|ARM = AppStore|ARM
		AppStore|iPhone = AppStore|iPhone
		AppStore|iPhoneSimulator = AppStore|iPhoneSimulator
		AppStore|x64 = AppStore|x64
		AppStore|x86 = AppStore|x86
		Debug|Any CPU = Debug|Any CPU
		Debug|ARM = Debug|ARM
		Debug|iPhone = Debug|iPhone
		Debug|iPhoneSimulator = Debug|iPhoneSimulator
		Debug|x64 = Debug|x64
		Debug|x86 = Debug|x86
		Release|Any CPU = Release|Any CPU
		Release|ARM = Release|ARM
		Release|iPhone = Release|iPhone
		Release|iPhoneSimulator = Release|iPhoneSimulator
		Release|x64 = Release|x64
		Release|x86 = Release|x86
	EndGlobalSection
	GlobalSection(ProjectConfigurationPlatforms) = postSolution
		{B55648D2-E3EE-4675-B985-FE5A1AD99142}.Ad-Hoc|Any CPU.ActiveCfg = Release|Any CPU
		{B55648D2-E3EE-4675-B985-FE5A1AD99142}.Ad-Hoc|Any CPU.Build.0 = Release|Any CPU
		{B55648D2-E3EE-4675-B985-FE5A1AD99142}.Ad-Hoc|Any CPU.Deploy.0 = Release|Any CPU
		{B55648D2-E3EE-4675-B985-FE5A1AD99142}.Ad-Hoc|ARM.ActiveCfg = Release|Any CPU
		{B55648D2-E3EE-4675-B985-FE5A1AD99142}.Ad-Hoc|ARM.Build.0 = Release|Any CPU
		{B55648D2-E3EE-4675-B985-FE5A1AD99142}.Ad-Hoc|ARM.Deploy.0 = Release|Any CPU
		{B55648D2-E3EE-4675-B985-FE5A1AD99142}.Ad-Hoc|iPhone.ActiveCfg = Release|Any CPU
		{B55648D2-E3EE-4675-B985-FE5A1AD99142}.Ad-Hoc|iPhone.Build.0 = Release|Any CPU
		{B55648D2-E3EE-4675-B985-FE5A1AD99142}.Ad-Hoc|iPhone.Deploy.0 = Release|Any CPU
		{B55648D2-E3EE-4675-B985-FE5A1AD99142}.Ad-Hoc|iPhoneSimulator.ActiveCfg = Release|Any CPU
		{B55648D2-E3EE-4675-B985-FE5A1AD99142}.Ad-Hoc|iPhoneSimulator.Build.0 = Release|Any CPU
		{B55648D2-E3EE-4675-B985-FE5A1AD99142}.Ad-Hoc|iPhoneSimulator.Deploy.0 = Release|Any CPU
		{B55648D2-E3EE-4675-B985-FE5A1AD99142}.Ad-Hoc|x64.ActiveCfg = Release|Any CPU
		{B55648D2-E3EE-4675-B985-FE5A1AD99142}.Ad-Hoc|x64.Build.0 = Release|Any CPU
		{B55648D2-E3EE-4675-B985-FE5A1AD99142}.Ad-Hoc|x64.Deploy.0 = Release|Any CPU
		{B55648D2-E3EE-4675-B985-FE5A1AD99142}.Ad-Hoc|x86.ActiveCfg = Release|Any CPU
		{B55648D2-E3EE-4675-B985-FE5A1AD99142}.Ad-Hoc|x86.Build.0 = Release|Any CPU
		{B55648D2-E3EE-4675-B985-FE5A1AD99142}.Ad-Hoc|x86.Deploy.0 = Release|Any CPU
		{B55648D2-E3EE-4675-B985-FE5A1AD99142}.AppStore|Any CPU.ActiveCfg = Release|Any CPU
		{B55648D2-E3EE-4675-B985-FE5A1AD99142}.AppStore|Any CPU.Build.0 = Release|Any CPU
		{B55648D2-E3EE-4675-B985-FE5A1AD99142}.AppStore|Any CPU.Deploy.0 = Release|Any CPU
		{B55648D2-E3EE-4675-B985-FE5A1AD99142}.AppStore|ARM.ActiveCfg = Release|Any CPU
		{B55648D2-E3EE-4675-B985-FE5A1AD99142}.AppStore|ARM.Build.0 = Release|Any CPU
		{B55648D2-E3EE-4675-B985-FE5A1AD99142}.AppStore|ARM.Deploy.0 = Release|Any CPU
		{B55648D2-E3EE-4675-B985-FE5A1AD99142}.AppStore|iPhone.ActiveCfg = Release|Any CPU
		{B55648D2-E3EE-4675-B985-FE5A1AD99142}.AppStore|iPhone.Build.0 = Release|Any CPU
		{B55648D2-E3EE-4675-B985-FE5A1AD99142}.AppStore|iPhone.Deploy.0 = Release|Any CPU
		{B55648D2-E3EE-4675-B985-FE5A1AD99142}.AppStore|iPhoneSimulator.ActiveCfg = Release|Any CPU
		{B55648D2-E3EE-4675-B985-FE5A1AD99142}.AppStore|iPhoneSimulator.Build.0 = Release|Any CPU
		{B55648D2-E3EE-4675-B985-FE5A1AD99142}.AppStore|iPhoneSimulator.Deploy.0 = Release|Any CPU
		{B55648D2-E3EE-4675-B985-FE5A1AD99142}.AppStore|x64.ActiveCfg = Release|Any CPU
		{B55648D2-E3EE-4675-B985-FE5A1AD99142}.AppStore|x64.Build.0 = Release|Any CPU
		{B55648D2-E3EE-4675-B985-FE5A1AD99142}.AppStore|x64.Deploy.0 = Release|Any CPU
		{B55648D2-E3EE-4675-B985-FE5A1AD99142}.AppStore|x86.ActiveCfg = Release|Any CPU
		{B55648D2-E3EE-4675-B985-FE5A1AD99142}.AppStore|x86.Build.0 = Release|Any CPU
		{B55648D2-E3EE-4675-B985-FE5A1AD99142}.AppStore|x86.Deploy.0 = Release|Any CPU
		{B55648D2-E3EE-4675-B985-FE5A1AD99142}.Debug|Any CPU.ActiveCfg = Debug|Any CPU
		{B55648D2-E3EE-4675-B985-FE5A1AD99142}.Debug|Any CPU.Build.0 = Debug|Any CPU
		{B55648D2-E3EE-4675-B985-FE5A1AD99142}.Debug|Any CPU.Deploy.0 = Debug|Any CPU
		{B55648D2-E3EE-4675-B985-FE5A1AD99142}.Debug|ARM.ActiveCfg = Debug|Any CPU
		{B55648D2-E3EE-4675-B985-FE5A1AD99142}.Debug|ARM.Build.0 = Debug|Any CPU
		{B55648D2-E3EE-4675-B985-FE5A1AD99142}.Debug|ARM.Deploy.0 = Debug|Any CPU
		{B55648D2-E3EE-4675-B985-FE5A1AD99142}.Debug|iPhone.ActiveCfg = Debug|Any CPU
		{B55648D2-E3EE-4675-B985-FE5A1AD99142}.Debug|iPhone.Build.0 = Debug|Any CPU
		{B55648D2-E3EE-4675-B985-FE5A1AD99142}.Debug|iPhone.Deploy.0 = Debug|Any CPU
		{B55648D2-E3EE-4675-B985-FE5A1AD99142}.Debug|iPhoneSimulator.ActiveCfg = Debug|Any CPU
		{B55648D2-E3EE-4675-B985-FE5A1AD99142}.Debug|iPhoneSimulator.Build.0 = Debug|Any CPU
		{B55648D2-E3EE-4675-B985-FE5A1AD99142}.Debug|iPhoneSimulator.Deploy.0 = Debug|Any CPU
		{B55648D2-E3EE-4675-B985-FE5A1AD99142}.Debug|x64.ActiveCfg = Debug|Any CPU
		{B55648D2-E3EE-4675-B985-FE5A1AD99142}.Debug|x64.Build.0 = Debug|Any CPU
		{B55648D2-E3EE-4675-B985-FE5A1AD99142}.Debug|x64.Deploy.0 = Debug|Any CPU
		{B55648D2-E3EE-4675-B985-FE5A1AD99142}.Debug|x86.ActiveCfg = Debug|Any CPU
		{B55648D2-E3EE-4675-B985-FE5A1AD99142}.Debug|x86.Build.0 = Debug|Any CPU
		{B55648D2-E3EE-4675-B985-FE5A1AD99142}.Debug|x86.Deploy.0 = Debug|Any CPU
		{B55648D2-E3EE-4675-B985-FE5A1AD99142}.Release|Any CPU.ActiveCfg = Release|Any CPU
		{B55648D2-E3EE-4675-B985-FE5A1AD99142}.Release|Any CPU.Build.0 = Release|Any CPU
		{B55648D2-E3EE-4675-B985-FE5A1AD99142}.Release|Any CPU.Deploy.0 = Release|Any CPU
		{B55648D2-E3EE-4675-B985-FE5A1AD99142}.Release|ARM.ActiveCfg = Release|Any CPU
		{B55648D2-E3EE-4675-B985-FE5A1AD99142}.Release|ARM.Build.0 = Release|Any CPU
		{B55648D2-E3EE-4675-B985-FE5A1AD99142}.Release|ARM.Deploy.0 = Release|Any CPU
		{B55648D2-E3EE-4675-B985-FE5A1AD99142}.Release|iPhone.ActiveCfg = Release|Any CPU
		{B55648D2-E3EE-4675-B985-FE5A1AD99142}.Release|iPhone.Build.0 = Release|Any CPU
		{B55648D2-E3EE-4675-B985-FE5A1AD99142}.Release|iPhone.Deploy.0 = Release|Any CPU
		{B55648D2-E3EE-4675-B985-FE5A1AD99142}.Release|iPhoneSimulator.ActiveCfg = Release|Any CPU
		{B55648D2-E3EE-4675-B985-FE5A1AD99142}.Release|iPhoneSimulator.Build.0 = Release|Any CPU
		{B55648D2-E3EE-4675-B985-FE5A1AD99142}.Release|iPhoneSimulator.Deploy.0 = Release|Any CPU
		{B55648D2-E3EE-4675-B985-FE5A1AD99142}.Release|x64.ActiveCfg = Release|Any CPU
		{B55648D2-E3EE-4675-B985-FE5A1AD99142}.Release|x64.Build.0 = Release|Any CPU
		{B55648D2-E3EE-4675-B985-FE5A1AD99142}.Release|x64.Deploy.0 = Release|Any CPU
		{B55648D2-E3EE-4675-B985-FE5A1AD99142}.Release|x86.ActiveCfg = Release|Any CPU
		{B55648D2-E3EE-4675-B985-FE5A1AD99142}.Release|x86.Build.0 = Release|Any CPU
		{B55648D2-E3EE-4675-B985-FE5A1AD99142}.Release|x86.Deploy.0 = Release|Any CPU
		{2D783FC8-809D-402D-8FF0-1A19ACD62C9B}.Ad-Hoc|Any CPU.ActiveCfg = Release|Any CPU
		{2D783FC8-809D-402D-8FF0-1A19ACD62C9B}.Ad-Hoc|Any CPU.Build.0 = Release|Any CPU
		{2D783FC8-809D-402D-8FF0-1A19ACD62C9B}.Ad-Hoc|ARM.ActiveCfg = Release|Any CPU
		{2D783FC8-809D-402D-8FF0-1A19ACD62C9B}.Ad-Hoc|ARM.Build.0 = Release|Any CPU
		{2D783FC8-809D-402D-8FF0-1A19ACD62C9B}.Ad-Hoc|iPhone.ActiveCfg = Release|Any CPU
		{2D783FC8-809D-402D-8FF0-1A19ACD62C9B}.Ad-Hoc|iPhone.Build.0 = Release|Any CPU
		{2D783FC8-809D-402D-8FF0-1A19ACD62C9B}.Ad-Hoc|iPhoneSimulator.ActiveCfg = Release|Any CPU
		{2D783FC8-809D-402D-8FF0-1A19ACD62C9B}.Ad-Hoc|iPhoneSimulator.Build.0 = Release|Any CPU
		{2D783FC8-809D-402D-8FF0-1A19ACD62C9B}.Ad-Hoc|x64.ActiveCfg = Release|Any CPU
		{2D783FC8-809D-402D-8FF0-1A19ACD62C9B}.Ad-Hoc|x64.Build.0 = Release|Any CPU
		{2D783FC8-809D-402D-8FF0-1A19ACD62C9B}.Ad-Hoc|x86.ActiveCfg = Release|Any CPU
		{2D783FC8-809D-402D-8FF0-1A19ACD62C9B}.Ad-Hoc|x86.Build.0 = Release|Any CPU
		{2D783FC8-809D-402D-8FF0-1A19ACD62C9B}.AppStore|Any CPU.ActiveCfg = Release|Any CPU
		{2D783FC8-809D-402D-8FF0-1A19ACD62C9B}.AppStore|Any CPU.Build.0 = Release|Any CPU
		{2D783FC8-809D-402D-8FF0-1A19ACD62C9B}.AppStore|ARM.ActiveCfg = Release|Any CPU
		{2D783FC8-809D-402D-8FF0-1A19ACD62C9B}.AppStore|ARM.Build.0 = Release|Any CPU
		{2D783FC8-809D-402D-8FF0-1A19ACD62C9B}.AppStore|iPhone.ActiveCfg = Release|Any CPU
		{2D783FC8-809D-402D-8FF0-1A19ACD62C9B}.AppStore|iPhone.Build.0 = Release|Any CPU
		{2D783FC8-809D-402D-8FF0-1A19ACD62C9B}.AppStore|iPhoneSimulator.ActiveCfg = Release|Any CPU
		{2D783FC8-809D-402D-8FF0-1A19ACD62C9B}.AppStore|iPhoneSimulator.Build.0 = Release|Any CPU
		{2D783FC8-809D-402D-8FF0-1A19ACD62C9B}.AppStore|x64.ActiveCfg = Release|Any CPU
		{2D783FC8-809D-402D-8FF0-1A19ACD62C9B}.AppStore|x64.Build.0 = Release|Any CPU
		{2D783FC8-809D-402D-8FF0-1A19ACD62C9B}.AppStore|x86.ActiveCfg = Release|Any CPU
		{2D783FC8-809D-402D-8FF0-1A19ACD62C9B}.AppStore|x86.Build.0 = Release|Any CPU
		{2D783FC8-809D-402D-8FF0-1A19ACD62C9B}.Debug|Any CPU.ActiveCfg = Debug|Any CPU
		{2D783FC8-809D-402D-8FF0-1A19ACD62C9B}.Debug|Any CPU.Build.0 = Debug|Any CPU
		{2D783FC8-809D-402D-8FF0-1A19ACD62C9B}.Debug|ARM.ActiveCfg = Debug|Any CPU
		{2D783FC8-809D-402D-8FF0-1A19ACD62C9B}.Debug|ARM.Build.0 = Debug|Any CPU
		{2D783FC8-809D-402D-8FF0-1A19ACD62C9B}.Debug|iPhone.ActiveCfg = Debug|Any CPU
		{2D783FC8-809D-402D-8FF0-1A19ACD62C9B}.Debug|iPhone.Build.0 = Debug|Any CPU
		{2D783FC8-809D-402D-8FF0-1A19ACD62C9B}.Debug|iPhoneSimulator.ActiveCfg = Debug|Any CPU
		{2D783FC8-809D-402D-8FF0-1A19ACD62C9B}.Debug|iPhoneSimulator.Build.0 = Debug|Any CPU
		{2D783FC8-809D-402D-8FF0-1A19ACD62C9B}.Debug|x64.ActiveCfg = Debug|Any CPU
		{2D783FC8-809D-402D-8FF0-1A19ACD62C9B}.Debug|x64.Build.0 = Debug|Any CPU
		{2D783FC8-809D-402D-8FF0-1A19ACD62C9B}.Debug|x86.ActiveCfg = Debug|Any CPU
		{2D783FC8-809D-402D-8FF0-1A19ACD62C9B}.Debug|x86.Build.0 = Debug|Any CPU
		{2D783FC8-809D-402D-8FF0-1A19ACD62C9B}.Release|Any CPU.ActiveCfg = Release|Any CPU
		{2D783FC8-809D-402D-8FF0-1A19ACD62C9B}.Release|Any CPU.Build.0 = Release|Any CPU
		{2D783FC8-809D-402D-8FF0-1A19ACD62C9B}.Release|ARM.ActiveCfg = Release|Any CPU
		{2D783FC8-809D-402D-8FF0-1A19ACD62C9B}.Release|ARM.Build.0 = Release|Any CPU
		{2D783FC8-809D-402D-8FF0-1A19ACD62C9B}.Release|iPhone.ActiveCfg = Release|Any CPU
		{2D783FC8-809D-402D-8FF0-1A19ACD62C9B}.Release|iPhone.Build.0 = Release|Any CPU
		{2D783FC8-809D-402D-8FF0-1A19ACD62C9B}.Release|iPhoneSimulator.ActiveCfg = Release|Any CPU
		{2D783FC8-809D-402D-8FF0-1A19ACD62C9B}.Release|iPhoneSimulator.Build.0 = Release|Any CPU
		{2D783FC8-809D-402D-8FF0-1A19ACD62C9B}.Release|x64.ActiveCfg = Release|Any CPU
		{2D783FC8-809D-402D-8FF0-1A19ACD62C9B}.Release|x64.Build.0 = Release|Any CPU
		{2D783FC8-809D-402D-8FF0-1A19ACD62C9B}.Release|x86.ActiveCfg = Release|Any CPU
		{2D783FC8-809D-402D-8FF0-1A19ACD62C9B}.Release|x86.Build.0 = Release|Any CPU
		{CE67F52D-4E0C-40A7-BECB-55B806B3E143}.Ad-Hoc|Any CPU.ActiveCfg = Release|x86
		{CE67F52D-4E0C-40A7-BECB-55B806B3E143}.Ad-Hoc|Any CPU.Build.0 = Release|x86
		{CE67F52D-4E0C-40A7-BECB-55B806B3E143}.Ad-Hoc|Any CPU.Deploy.0 = Release|x86
		{CE67F52D-4E0C-40A7-BECB-55B806B3E143}.Ad-Hoc|ARM.ActiveCfg = Release|ARM
		{CE67F52D-4E0C-40A7-BECB-55B806B3E143}.Ad-Hoc|ARM.Build.0 = Release|ARM
		{CE67F52D-4E0C-40A7-BECB-55B806B3E143}.Ad-Hoc|ARM.Deploy.0 = Release|ARM
		{CE67F52D-4E0C-40A7-BECB-55B806B3E143}.Ad-Hoc|iPhone.ActiveCfg = Release|x86
		{CE67F52D-4E0C-40A7-BECB-55B806B3E143}.Ad-Hoc|iPhone.Build.0 = Release|x86
		{CE67F52D-4E0C-40A7-BECB-55B806B3E143}.Ad-Hoc|iPhone.Deploy.0 = Release|x86
		{CE67F52D-4E0C-40A7-BECB-55B806B3E143}.Ad-Hoc|iPhoneSimulator.ActiveCfg = Release|x86
		{CE67F52D-4E0C-40A7-BECB-55B806B3E143}.Ad-Hoc|iPhoneSimulator.Build.0 = Release|x86
		{CE67F52D-4E0C-40A7-BECB-55B806B3E143}.Ad-Hoc|iPhoneSimulator.Deploy.0 = Release|x86
		{CE67F52D-4E0C-40A7-BECB-55B806B3E143}.Ad-Hoc|x64.ActiveCfg = Release|x64
		{CE67F52D-4E0C-40A7-BECB-55B806B3E143}.Ad-Hoc|x64.Build.0 = Release|x64
		{CE67F52D-4E0C-40A7-BECB-55B806B3E143}.Ad-Hoc|x64.Deploy.0 = Release|x64
		{CE67F52D-4E0C-40A7-BECB-55B806B3E143}.Ad-Hoc|x86.ActiveCfg = Release|x86
		{CE67F52D-4E0C-40A7-BECB-55B806B3E143}.Ad-Hoc|x86.Build.0 = Release|x86
		{CE67F52D-4E0C-40A7-BECB-55B806B3E143}.Ad-Hoc|x86.Deploy.0 = Release|x86
		{CE67F52D-4E0C-40A7-BECB-55B806B3E143}.AppStore|Any CPU.ActiveCfg = Release|x86
		{CE67F52D-4E0C-40A7-BECB-55B806B3E143}.AppStore|Any CPU.Build.0 = Release|x86
		{CE67F52D-4E0C-40A7-BECB-55B806B3E143}.AppStore|Any CPU.Deploy.0 = Release|x86
		{CE67F52D-4E0C-40A7-BECB-55B806B3E143}.AppStore|ARM.ActiveCfg = Release|ARM
		{CE67F52D-4E0C-40A7-BECB-55B806B3E143}.AppStore|ARM.Build.0 = Release|ARM
		{CE67F52D-4E0C-40A7-BECB-55B806B3E143}.AppStore|ARM.Deploy.0 = Release|ARM
		{CE67F52D-4E0C-40A7-BECB-55B806B3E143}.AppStore|iPhone.ActiveCfg = Release|x86
		{CE67F52D-4E0C-40A7-BECB-55B806B3E143}.AppStore|iPhone.Build.0 = Release|x86
		{CE67F52D-4E0C-40A7-BECB-55B806B3E143}.AppStore|iPhone.Deploy.0 = Release|x86
		{CE67F52D-4E0C-40A7-BECB-55B806B3E143}.AppStore|iPhoneSimulator.ActiveCfg = Release|x86
		{CE67F52D-4E0C-40A7-BECB-55B806B3E143}.AppStore|iPhoneSimulator.Build.0 = Release|x86
		{CE67F52D-4E0C-40A7-BECB-55B806B3E143}.AppStore|iPhoneSimulator.Deploy.0 = Release|x86
		{CE67F52D-4E0C-40A7-BECB-55B806B3E143}.AppStore|x64.ActiveCfg = Release|x64
		{CE67F52D-4E0C-40A7-BECB-55B806B3E143}.AppStore|x64.Build.0 = Release|x64
		{CE67F52D-4E0C-40A7-BECB-55B806B3E143}.AppStore|x64.Deploy.0 = Release|x64
		{CE67F52D-4E0C-40A7-BECB-55B806B3E143}.AppStore|x86.ActiveCfg = Release|x86
		{CE67F52D-4E0C-40A7-BECB-55B806B3E143}.AppStore|x86.Build.0 = Release|x86
		{CE67F52D-4E0C-40A7-BECB-55B806B3E143}.AppStore|x86.Deploy.0 = Release|x86
		{CE67F52D-4E0C-40A7-BECB-55B806B3E143}.Debug|Any CPU.ActiveCfg = Debug|x86
		{CE67F52D-4E0C-40A7-BECB-55B806B3E143}.Debug|ARM.ActiveCfg = Debug|ARM
		{CE67F52D-4E0C-40A7-BECB-55B806B3E143}.Debug|ARM.Build.0 = Debug|ARM
		{CE67F52D-4E0C-40A7-BECB-55B806B3E143}.Debug|ARM.Deploy.0 = Debug|ARM
		{CE67F52D-4E0C-40A7-BECB-55B806B3E143}.Debug|iPhone.ActiveCfg = Debug|x86
		{CE67F52D-4E0C-40A7-BECB-55B806B3E143}.Debug|iPhoneSimulator.ActiveCfg = Debug|x86
		{CE67F52D-4E0C-40A7-BECB-55B806B3E143}.Debug|x64.ActiveCfg = Debug|x64
		{CE67F52D-4E0C-40A7-BECB-55B806B3E143}.Debug|x64.Build.0 = Debug|x64
		{CE67F52D-4E0C-40A7-BECB-55B806B3E143}.Debug|x64.Deploy.0 = Debug|x64
		{CE67F52D-4E0C-40A7-BECB-55B806B3E143}.Debug|x86.ActiveCfg = Debug|x86
		{CE67F52D-4E0C-40A7-BECB-55B806B3E143}.Debug|x86.Build.0 = Debug|x86
		{CE67F52D-4E0C-40A7-BECB-55B806B3E143}.Debug|x86.Deploy.0 = Debug|x86
		{CE67F52D-4E0C-40A7-BECB-55B806B3E143}.Release|Any CPU.ActiveCfg = Release|x86
		{CE67F52D-4E0C-40A7-BECB-55B806B3E143}.Release|ARM.ActiveCfg = Release|ARM
		{CE67F52D-4E0C-40A7-BECB-55B806B3E143}.Release|ARM.Build.0 = Release|ARM
		{CE67F52D-4E0C-40A7-BECB-55B806B3E143}.Release|ARM.Deploy.0 = Release|ARM
		{CE67F52D-4E0C-40A7-BECB-55B806B3E143}.Release|iPhone.ActiveCfg = Release|x86
		{CE67F52D-4E0C-40A7-BECB-55B806B3E143}.Release|iPhoneSimulator.ActiveCfg = Release|x86
		{CE67F52D-4E0C-40A7-BECB-55B806B3E143}.Release|x64.ActiveCfg = Release|x64
		{CE67F52D-4E0C-40A7-BECB-55B806B3E143}.Release|x64.Build.0 = Release|x64
		{CE67F52D-4E0C-40A7-BECB-55B806B3E143}.Release|x64.Deploy.0 = Release|x64
		{CE67F52D-4E0C-40A7-BECB-55B806B3E143}.Release|x86.ActiveCfg = Release|x86
		{CE67F52D-4E0C-40A7-BECB-55B806B3E143}.Release|x86.Build.0 = Release|x86
		{CE67F52D-4E0C-40A7-BECB-55B806B3E143}.Release|x86.Deploy.0 = Release|x86
		{56901BD3-CDFF-4F35-81DA-AEE2E129A22A}.Ad-Hoc|Any CPU.ActiveCfg = Ad-Hoc|iPhone
		{56901BD3-CDFF-4F35-81DA-AEE2E129A22A}.Ad-Hoc|ARM.ActiveCfg = Ad-Hoc|iPhone
		{56901BD3-CDFF-4F35-81DA-AEE2E129A22A}.Ad-Hoc|iPhone.ActiveCfg = Ad-Hoc|iPhone
		{56901BD3-CDFF-4F35-81DA-AEE2E129A22A}.Ad-Hoc|iPhone.Build.0 = Ad-Hoc|iPhone
		{56901BD3-CDFF-4F35-81DA-AEE2E129A22A}.Ad-Hoc|iPhoneSimulator.ActiveCfg = Ad-Hoc|iPhoneSimulator
		{56901BD3-CDFF-4F35-81DA-AEE2E129A22A}.Ad-Hoc|iPhoneSimulator.Build.0 = Ad-Hoc|iPhoneSimulator
		{56901BD3-CDFF-4F35-81DA-AEE2E129A22A}.Ad-Hoc|x64.ActiveCfg = Ad-Hoc|iPhone
		{56901BD3-CDFF-4F35-81DA-AEE2E129A22A}.Ad-Hoc|x86.ActiveCfg = Ad-Hoc|iPhone
		{56901BD3-CDFF-4F35-81DA-AEE2E129A22A}.AppStore|Any CPU.ActiveCfg = AppStore|iPhone
		{56901BD3-CDFF-4F35-81DA-AEE2E129A22A}.AppStore|ARM.ActiveCfg = AppStore|iPhone
		{56901BD3-CDFF-4F35-81DA-AEE2E129A22A}.AppStore|iPhone.ActiveCfg = AppStore|iPhone
		{56901BD3-CDFF-4F35-81DA-AEE2E129A22A}.AppStore|iPhone.Build.0 = AppStore|iPhone
		{56901BD3-CDFF-4F35-81DA-AEE2E129A22A}.AppStore|iPhoneSimulator.ActiveCfg = AppStore|iPhoneSimulator
		{56901BD3-CDFF-4F35-81DA-AEE2E129A22A}.AppStore|iPhoneSimulator.Build.0 = AppStore|iPhoneSimulator
		{56901BD3-CDFF-4F35-81DA-AEE2E129A22A}.AppStore|x64.ActiveCfg = AppStore|iPhone
		{56901BD3-CDFF-4F35-81DA-AEE2E129A22A}.AppStore|x86.ActiveCfg = AppStore|iPhone
		{56901BD3-CDFF-4F35-81DA-AEE2E129A22A}.Debug|Any CPU.ActiveCfg = Debug|iPhone
		{56901BD3-CDFF-4F35-81DA-AEE2E129A22A}.Debug|ARM.ActiveCfg = Debug|iPhone
		{56901BD3-CDFF-4F35-81DA-AEE2E129A22A}.Debug|iPhone.ActiveCfg = Debug|iPhone
		{56901BD3-CDFF-4F35-81DA-AEE2E129A22A}.Debug|iPhone.Build.0 = Debug|iPhone
		{56901BD3-CDFF-4F35-81DA-AEE2E129A22A}.Debug|iPhoneSimulator.ActiveCfg = Debug|iPhoneSimulator
		{56901BD3-CDFF-4F35-81DA-AEE2E129A22A}.Debug|iPhoneSimulator.Build.0 = Debug|iPhoneSimulator
		{56901BD3-CDFF-4F35-81DA-AEE2E129A22A}.Debug|x64.ActiveCfg = Debug|iPhone
		{56901BD3-CDFF-4F35-81DA-AEE2E129A22A}.Debug|x86.ActiveCfg = Debug|iPhone
		{56901BD3-CDFF-4F35-81DA-AEE2E129A22A}.Release|Any CPU.ActiveCfg = Release|iPhone
		{56901BD3-CDFF-4F35-81DA-AEE2E129A22A}.Release|ARM.ActiveCfg = Release|iPhone
		{56901BD3-CDFF-4F35-81DA-AEE2E129A22A}.Release|iPhone.ActiveCfg = Release|iPhone
		{56901BD3-CDFF-4F35-81DA-AEE2E129A22A}.Release|iPhone.Build.0 = Release|iPhone
		{56901BD3-CDFF-4F35-81DA-AEE2E129A22A}.Release|iPhoneSimulator.ActiveCfg = Release|iPhoneSimulator
		{56901BD3-CDFF-4F35-81DA-AEE2E129A22A}.Release|iPhoneSimulator.Build.0 = Release|iPhoneSimulator
		{56901BD3-CDFF-4F35-81DA-AEE2E129A22A}.Release|x64.ActiveCfg = Release|iPhone
		{56901BD3-CDFF-4F35-81DA-AEE2E129A22A}.Release|x86.ActiveCfg = Release|iPhone
	EndGlobalSection
	GlobalSection(SolutionProperties) = preSolution
		HideSolutionNode = FALSE
	EndGlobalSection
EndGlobal
