
Microsoft Visual Studio Solution File, Format Version 12.00
# Visual Studio 15
VisualStudioVersion = 15.0.26430.6
MinimumVisualStudioVersion = 10.0.40219.1
Project("{FAE04EC0-301F-11D3-BF4B-00C04F79EFBC}") = "CustomLoginHandling", "CustomLoginHandling\CustomLoginHandling\CustomLoginHandling.csproj", "{BFDB48C9-AB07-4CC7-B3F3-CD3336BF07CB}"
EndProject
Project("{FAE04EC0-301F-11D3-BF4B-00C04F79EFBC}") = "CustomLoginHandling.Droid", "CustomLoginHandling\CustomLoginHandling.Droid\CustomLoginHandling.Droid.csproj", "{B5BC6DE1-2069-4491-BEAB-68BC78B36138}"
EndProject
Project("{FAE04EC0-301F-11D3-BF4B-00C04F79EFBC}") = "CustomLoginHandling.iOS", "CustomLoginHandling\CustomLoginHandling.iOS\CustomLoginHandling.iOS.csproj", "{20C8D22C-75E4-4DD1-A7FD-4738713E3C81}"
EndProject
Project("{FAE04EC0-301F-11D3-BF4B-00C04F79EFBC}") = "CustomLoginHandling.UWP", "CustomLoginHandling\CustomLoginHandling.UWP\CustomLoginHandling.UWP.csproj", "{7D9E878D-6DFD-4F74-8EC2-60DDD988E2C3}"
EndProject
Global
	GlobalSection(SolutionConfigurationPlatforms) = preSolution
		Ad-Hoc|Any CPU = Ad-Hoc|Any CPU
		Ad-Hoc|ARM = Ad-Hoc|ARM
		Ad-Hoc|iPhone = Ad-Hoc|iPhone
		Ad-Hoc|iPhoneSimulator = Ad-Hoc|iPhoneSimulator
		Ad-Hoc|x64 = Ad-Hoc|x64
		Ad-Hoc|x86 = Ad-Hoc|x86
		AppStore|Any CPU = AppStore|Any CPU
		AppStore|ARM = AppStore|ARM
		AppStore|iPhone = AppStore|iPhone
		AppStore|iPhoneSimulator = AppStore|iPhoneSimulator
		AppStore|x64 = AppStore|x64
		AppStore|x86 = AppStore|x86
		Debug|Any CPU = Debug|Any CPU
		Debug|ARM = Debug|ARM
		Debug|iPhone = Debug|iPhone
		Debug|iPhoneSimulator = Debug|iPhoneSimulator
		Debug|x64 = Debug|x64
		Debug|x86 = Debug|x86
		Release|Any CPU = Release|Any CPU
		Release|ARM = Release|ARM
		Release|iPhone = Release|iPhone
		Release|iPhoneSimulator = Release|iPhoneSimulator
		Release|x64 = Release|x64
		Release|x86 = Release|x86
	EndGlobalSection
	GlobalSection(ProjectConfigurationPlatforms) = postSolution
		{BFDB48C9-AB07-4CC7-B3F3-CD3336BF07CB}.Ad-Hoc|Any CPU.ActiveCfg = Release|Any CPU
		{BFDB48C9-AB07-4CC7-B3F3-CD3336BF07CB}.Ad-Hoc|Any CPU.Build.0 = Release|Any CPU
		{BFDB48C9-AB07-4CC7-B3F3-CD3336BF07CB}.Ad-Hoc|ARM.ActiveCfg = Release|Any CPU
		{BFDB48C9-AB07-4CC7-B3F3-CD3336BF07CB}.Ad-Hoc|ARM.Build.0 = Release|Any CPU
		{BFDB48C9-AB07-4CC7-B3F3-CD3336BF07CB}.Ad-Hoc|iPhone.ActiveCfg = Release|Any CPU
		{BFDB48C9-AB07-4CC7-B3F3-CD3336BF07CB}.Ad-Hoc|iPhone.Build.0 = Release|Any CPU
		{BFDB48C9-AB07-4CC7-B3F3-CD3336BF07CB}.Ad-Hoc|iPhoneSimulator.ActiveCfg = Release|Any CPU
		{BFDB48C9-AB07-4CC7-B3F3-CD3336BF07CB}.Ad-Hoc|iPhoneSimulator.Build.0 = Release|Any CPU
		{BFDB48C9-AB07-4CC7-B3F3-CD3336BF07CB}.Ad-Hoc|x64.ActiveCfg = Release|Any CPU
		{BFDB48C9-AB07-4CC7-B3F3-CD3336BF07CB}.Ad-Hoc|x64.Build.0 = Release|Any CPU
		{BFDB48C9-AB07-4CC7-B3F3-CD3336BF07CB}.Ad-Hoc|x86.ActiveCfg = Release|Any CPU
		{BFDB48C9-AB07-4CC7-B3F3-CD3336BF07CB}.Ad-Hoc|x86.Build.0 = Release|Any CPU
		{BFDB48C9-AB07-4CC7-B3F3-CD3336BF07CB}.AppStore|Any CPU.ActiveCfg = Release|Any CPU
		{BFDB48C9-AB07-4CC7-B3F3-CD3336BF07CB}.AppStore|Any CPU.Build.0 = Release|Any CPU
		{BFDB48C9-AB07-4CC7-B3F3-CD3336BF07CB}.AppStore|ARM.ActiveCfg = Release|Any CPU
		{BFDB48C9-AB07-4CC7-B3F3-CD3336BF07CB}.AppStore|ARM.Build.0 = Release|Any CPU
		{BFDB48C9-AB07-4CC7-B3F3-CD3336BF07CB}.AppStore|iPhone.ActiveCfg = Release|Any CPU
		{BFDB48C9-AB07-4CC7-B3F3-CD3336BF07CB}.AppStore|iPhone.Build.0 = Release|Any CPU
		{BFDB48C9-AB07-4CC7-B3F3-CD3336BF07CB}.AppStore|iPhoneSimulator.ActiveCfg = Release|Any CPU
		{BFDB48C9-AB07-4CC7-B3F3-CD3336BF07CB}.AppStore|iPhoneSimulator.Build.0 = Release|Any CPU
		{BFDB48C9-AB07-4CC7-B3F3-CD3336BF07CB}.AppStore|x64.ActiveCfg = Release|Any CPU
		{BFDB48C9-AB07-4CC7-B3F3-CD3336BF07CB}.AppStore|x64.Build.0 = Release|Any CPU
		{BFDB48C9-AB07-4CC7-B3F3-CD3336BF07CB}.AppStore|x86.ActiveCfg = Release|Any CPU
		{BFDB48C9-AB07-4CC7-B3F3-CD3336BF07CB}.AppStore|x86.Build.0 = Release|Any CPU
		{BFDB48C9-AB07-4CC7-B3F3-CD3336BF07CB}.Debug|Any CPU.ActiveCfg = Debug|Any CPU
		{BFDB48C9-AB07-4CC7-B3F3-CD3336BF07CB}.Debug|Any CPU.Build.0 = Debug|Any CPU
		{BFDB48C9-AB07-4CC7-B3F3-CD3336BF07CB}.Debug|ARM.ActiveCfg = Debug|Any CPU
		{BFDB48C9-AB07-4CC7-B3F3-CD3336BF07CB}.Debug|ARM.Build.0 = Debug|Any CPU
		{BFDB48C9-AB07-4CC7-B3F3-CD3336BF07CB}.Debug|iPhone.ActiveCfg = Debug|Any CPU
		{BFDB48C9-AB07-4CC7-B3F3-CD3336BF07CB}.Debug|iPhone.Build.0 = Debug|Any CPU
		{BFDB48C9-AB07-4CC7-B3F3-CD3336BF07CB}.Debug|iPhoneSimulator.ActiveCfg = Debug|Any CPU
		{BFDB48C9-AB07-4CC7-B3F3-CD3336BF07CB}.Debug|iPhoneSimulator.Build.0 = Debug|Any CPU
		{BFDB48C9-AB07-4CC7-B3F3-CD3336BF07CB}.Debug|x64.ActiveCfg = Debug|Any CPU
		{BFDB48C9-AB07-4CC7-B3F3-CD3336BF07CB}.Debug|x64.Build.0 = Debug|Any CPU
		{BFDB48C9-AB07-4CC7-B3F3-CD3336BF07CB}.Debug|x86.ActiveCfg = Debug|Any CPU
		{BFDB48C9-AB07-4CC7-B3F3-CD3336BF07CB}.Debug|x86.Build.0 = Debug|Any CPU
		{BFDB48C9-AB07-4CC7-B3F3-CD3336BF07CB}.Release|Any CPU.ActiveCfg = Release|Any CPU
		{BFDB48C9-AB07-4CC7-B3F3-CD3336BF07CB}.Release|Any CPU.Build.0 = Release|Any CPU
		{BFDB48C9-AB07-4CC7-B3F3-CD3336BF07CB}.Release|ARM.ActiveCfg = Release|Any CPU
		{BFDB48C9-AB07-4CC7-B3F3-CD3336BF07CB}.Release|ARM.Build.0 = Release|Any CPU
		{BFDB48C9-AB07-4CC7-B3F3-CD3336BF07CB}.Release|iPhone.ActiveCfg = Release|Any CPU
		{BFDB48C9-AB07-4CC7-B3F3-CD3336BF07CB}.Release|iPhone.Build.0 = Release|Any CPU
		{BFDB48C9-AB07-4CC7-B3F3-CD3336BF07CB}.Release|iPhoneSimulator.ActiveCfg = Release|Any CPU
		{BFDB48C9-AB07-4CC7-B3F3-CD3336BF07CB}.Release|iPhoneSimulator.Build.0 = Release|Any CPU
		{BFDB48C9-AB07-4CC7-B3F3-CD3336BF07CB}.Release|x64.ActiveCfg = Release|Any CPU
		{BFDB48C9-AB07-4CC7-B3F3-CD3336BF07CB}.Release|x64.Build.0 = Release|Any CPU
		{BFDB48C9-AB07-4CC7-B3F3-CD3336BF07CB}.Release|x86.ActiveCfg = Release|Any CPU
		{BFDB48C9-AB07-4CC7-B3F3-CD3336BF07CB}.Release|x86.Build.0 = Release|Any CPU
		{B5BC6DE1-2069-4491-BEAB-68BC78B36138}.Ad-Hoc|Any CPU.ActiveCfg = Release|Any CPU
		{B5BC6DE1-2069-4491-BEAB-68BC78B36138}.Ad-Hoc|Any CPU.Build.0 = Release|Any CPU
		{B5BC6DE1-2069-4491-BEAB-68BC78B36138}.Ad-Hoc|Any CPU.Deploy.0 = Release|Any CPU
		{B5BC6DE1-2069-4491-BEAB-68BC78B36138}.Ad-Hoc|ARM.ActiveCfg = Release|Any CPU
		{B5BC6DE1-2069-4491-BEAB-68BC78B36138}.Ad-Hoc|ARM.Build.0 = Release|Any CPU
		{B5BC6DE1-2069-4491-BEAB-68BC78B36138}.Ad-Hoc|ARM.Deploy.0 = Release|Any CPU
		{B5BC6DE1-2069-4491-BEAB-68BC78B36138}.Ad-Hoc|iPhone.ActiveCfg = Release|Any CPU
		{B5BC6DE1-2069-4491-BEAB-68BC78B36138}.Ad-Hoc|iPhone.Build.0 = Release|Any CPU
		{B5BC6DE1-2069-4491-BEAB-68BC78B36138}.Ad-Hoc|iPhone.Deploy.0 = Release|Any CPU
		{B5BC6DE1-2069-4491-BEAB-68BC78B36138}.Ad-Hoc|iPhoneSimulator.ActiveCfg = Release|Any CPU
		{B5BC6DE1-2069-4491-BEAB-68BC78B36138}.Ad-Hoc|iPhoneSimulator.Build.0 = Release|Any CPU
		{B5BC6DE1-2069-4491-BEAB-68BC78B36138}.Ad-Hoc|iPhoneSimulator.Deploy.0 = Release|Any CPU
		{B5BC6DE1-2069-4491-BEAB-68BC78B36138}.Ad-Hoc|x64.ActiveCfg = Release|Any CPU
		{B5BC6DE1-2069-4491-BEAB-68BC78B36138}.Ad-Hoc|x64.Build.0 = Release|Any CPU
		{B5BC6DE1-2069-4491-BEAB-68BC78B36138}.Ad-Hoc|x64.Deploy.0 = Release|Any CPU
		{B5BC6DE1-2069-4491-BEAB-68BC78B36138}.Ad-Hoc|x86.ActiveCfg = Release|Any CPU
		{B5BC6DE1-2069-4491-BEAB-68BC78B36138}.Ad-Hoc|x86.Build.0 = Release|Any CPU
		{B5BC6DE1-2069-4491-BEAB-68BC78B36138}.Ad-Hoc|x86.Deploy.0 = Release|Any CPU
		{B5BC6DE1-2069-4491-BEAB-68BC78B36138}.AppStore|Any CPU.ActiveCfg = Release|Any CPU
		{B5BC6DE1-2069-4491-BEAB-68BC78B36138}.AppStore|Any CPU.Build.0 = Release|Any CPU
		{B5BC6DE1-2069-4491-BEAB-68BC78B36138}.AppStore|Any CPU.Deploy.0 = Release|Any CPU
		{B5BC6DE1-2069-4491-BEAB-68BC78B36138}.AppStore|ARM.ActiveCfg = Release|Any CPU
		{B5BC6DE1-2069-4491-BEAB-68BC78B36138}.AppStore|ARM.Build.0 = Release|Any CPU
		{B5BC6DE1-2069-4491-BEAB-68BC78B36138}.AppStore|ARM.Deploy.0 = Release|Any CPU
		{B5BC6DE1-2069-4491-BEAB-68BC78B36138}.AppStore|iPhone.ActiveCfg = Release|Any CPU
		{B5BC6DE1-2069-4491-BEAB-68BC78B36138}.AppStore|iPhone.Build.0 = Release|Any CPU
		{B5BC6DE1-2069-4491-BEAB-68BC78B36138}.AppStore|iPhone.Deploy.0 = Release|Any CPU
		{B5BC6DE1-2069-4491-BEAB-68BC78B36138}.AppStore|iPhoneSimulator.ActiveCfg = Release|Any CPU
		{B5BC6DE1-2069-4491-BEAB-68BC78B36138}.AppStore|iPhoneSimulator.Build.0 = Release|Any CPU
		{B5BC6DE1-2069-4491-BEAB-68BC78B36138}.AppStore|iPhoneSimulator.Deploy.0 = Release|Any CPU
		{B5BC6DE1-2069-4491-BEAB-68BC78B36138}.AppStore|x64.ActiveCfg = Release|Any CPU
		{B5BC6DE1-2069-4491-BEAB-68BC78B36138}.AppStore|x64.Build.0 = Release|Any CPU
		{B5BC6DE1-2069-4491-BEAB-68BC78B36138}.AppStore|x64.Deploy.0 = Release|Any CPU
		{B5BC6DE1-2069-4491-BEAB-68BC78B36138}.AppStore|x86.ActiveCfg = Release|Any CPU
		{B5BC6DE1-2069-4491-BEAB-68BC78B36138}.AppStore|x86.Build.0 = Release|Any CPU
		{B5BC6DE1-2069-4491-BEAB-68BC78B36138}.AppStore|x86.Deploy.0 = Release|Any CPU
		{B5BC6DE1-2069-4491-BEAB-68BC78B36138}.Debug|Any CPU.ActiveCfg = Debug|Any CPU
		{B5BC6DE1-2069-4491-BEAB-68BC78B36138}.Debug|Any CPU.Build.0 = Debug|Any CPU
		{B5BC6DE1-2069-4491-BEAB-68BC78B36138}.Debug|Any CPU.Deploy.0 = Debug|Any CPU
		{B5BC6DE1-2069-4491-BEAB-68BC78B36138}.Debug|ARM.ActiveCfg = Debug|Any CPU
		{B5BC6DE1-2069-4491-BEAB-68BC78B36138}.Debug|ARM.Build.0 = Debug|Any CPU
		{B5BC6DE1-2069-4491-BEAB-68BC78B36138}.Debug|ARM.Deploy.0 = Debug|Any CPU
		{B5BC6DE1-2069-4491-BEAB-68BC78B36138}.Debug|iPhone.ActiveCfg = Debug|Any CPU
		{B5BC6DE1-2069-4491-BEAB-68BC78B36138}.Debug|iPhone.Build.0 = Debug|Any CPU
		{B5BC6DE1-2069-4491-BEAB-68BC78B36138}.Debug|iPhone.Deploy.0 = Debug|Any CPU
		{B5BC6DE1-2069-4491-BEAB-68BC78B36138}.Debug|iPhoneSimulator.ActiveCfg = Debug|Any CPU
		{B5BC6DE1-2069-4491-BEAB-68BC78B36138}.Debug|iPhoneSimulator.Build.0 = Debug|Any CPU
		{B5BC6DE1-2069-4491-BEAB-68BC78B36138}.Debug|iPhoneSimulator.Deploy.0 = Debug|Any CPU
		{B5BC6DE1-2069-4491-BEAB-68BC78B36138}.Debug|x64.ActiveCfg = Debug|Any CPU
		{B5BC6DE1-2069-4491-BEAB-68BC78B36138}.Debug|x64.Build.0 = Debug|Any CPU
		{B5BC6DE1-2069-4491-BEAB-68BC78B36138}.Debug|x64.Deploy.0 = Debug|Any CPU
		{B5BC6DE1-2069-4491-BEAB-68BC78B36138}.Debug|x86.ActiveCfg = Debug|Any CPU
		{B5BC6DE1-2069-4491-BEAB-68BC78B36138}.Debug|x86.Build.0 = Debug|Any CPU
		{B5BC6DE1-2069-4491-BEAB-68BC78B36138}.Debug|x86.Deploy.0 = Debug|Any CPU
		{B5BC6DE1-2069-4491-BEAB-68BC78B36138}.Release|Any CPU.ActiveCfg = Release|Any CPU
		{B5BC6DE1-2069-4491-BEAB-68BC78B36138}.Release|Any CPU.Build.0 = Release|Any CPU
		{B5BC6DE1-2069-4491-BEAB-68BC78B36138}.Release|Any CPU.Deploy.0 = Release|Any CPU
		{B5BC6DE1-2069-4491-BEAB-68BC78B36138}.Release|ARM.ActiveCfg = Release|Any CPU
		{B5BC6DE1-2069-4491-BEAB-68BC78B36138}.Release|ARM.Build.0 = Release|Any CPU
		{B5BC6DE1-2069-4491-BEAB-68BC78B36138}.Release|ARM.Deploy.0 = Release|Any CPU
		{B5BC6DE1-2069-4491-BEAB-68BC78B36138}.Release|iPhone.ActiveCfg = Release|Any CPU
		{B5BC6DE1-2069-4491-BEAB-68BC78B36138}.Release|iPhone.Build.0 = Release|Any CPU
		{B5BC6DE1-2069-4491-BEAB-68BC78B36138}.Release|iPhone.Deploy.0 = Release|Any CPU
		{B5BC6DE1-2069-4491-BEAB-68BC78B36138}.Release|iPhoneSimulator.ActiveCfg = Release|Any CPU
		{B5BC6DE1-2069-4491-BEAB-68BC78B36138}.Release|iPhoneSimulator.Build.0 = Release|Any CPU
		{B5BC6DE1-2069-4491-BEAB-68BC78B36138}.Release|iPhoneSimulator.Deploy.0 = Release|Any CPU
		{B5BC6DE1-2069-4491-BEAB-68BC78B36138}.Release|x64.ActiveCfg = Release|Any CPU
		{B5BC6DE1-2069-4491-BEAB-68BC78B36138}.Release|x64.Build.0 = Release|Any CPU
		{B5BC6DE1-2069-4491-BEAB-68BC78B36138}.Release|x64.Deploy.0 = Release|Any CPU
		{B5BC6DE1-2069-4491-BEAB-68BC78B36138}.Release|x86.ActiveCfg = Release|Any CPU
		{B5BC6DE1-2069-4491-BEAB-68BC78B36138}.Release|x86.Build.0 = Release|Any CPU
		{B5BC6DE1-2069-4491-BEAB-68BC78B36138}.Release|x86.Deploy.0 = Release|Any CPU
		{20C8D22C-75E4-4DD1-A7FD-4738713E3C81}.Ad-Hoc|Any CPU.ActiveCfg = Ad-Hoc|iPhone
		{20C8D22C-75E4-4DD1-A7FD-4738713E3C81}.Ad-Hoc|ARM.ActiveCfg = Ad-Hoc|iPhone
		{20C8D22C-75E4-4DD1-A7FD-4738713E3C81}.Ad-Hoc|iPhone.ActiveCfg = Ad-Hoc|iPhone
		{20C8D22C-75E4-4DD1-A7FD-4738713E3C81}.Ad-Hoc|iPhone.Build.0 = Ad-Hoc|iPhone
		{20C8D22C-75E4-4DD1-A7FD-4738713E3C81}.Ad-Hoc|iPhoneSimulator.ActiveCfg = Ad-Hoc|iPhoneSimulator
		{20C8D22C-75E4-4DD1-A7FD-4738713E3C81}.Ad-Hoc|iPhoneSimulator.Build.0 = Ad-Hoc|iPhoneSimulator
		{20C8D22C-75E4-4DD1-A7FD-4738713E3C81}.Ad-Hoc|x64.ActiveCfg = Ad-Hoc|iPhone
		{20C8D22C-75E4-4DD1-A7FD-4738713E3C81}.Ad-Hoc|x86.ActiveCfg = Ad-Hoc|iPhone
		{20C8D22C-75E4-4DD1-A7FD-4738713E3C81}.AppStore|Any CPU.ActiveCfg = AppStore|iPhone
		{20C8D22C-75E4-4DD1-A7FD-4738713E3C81}.AppStore|ARM.ActiveCfg = AppStore|iPhone
		{20C8D22C-75E4-4DD1-A7FD-4738713E3C81}.AppStore|iPhone.ActiveCfg = AppStore|iPhone
		{20C8D22C-75E4-4DD1-A7FD-4738713E3C81}.AppStore|iPhone.Build.0 = AppStore|iPhone
		{20C8D22C-75E4-4DD1-A7FD-4738713E3C81}.AppStore|iPhoneSimulator.ActiveCfg = AppStore|iPhoneSimulator
		{20C8D22C-75E4-4DD1-A7FD-4738713E3C81}.AppStore|iPhoneSimulator.Build.0 = AppStore|iPhoneSimulator
		{20C8D22C-75E4-4DD1-A7FD-4738713E3C81}.AppStore|x64.ActiveCfg = AppStore|iPhone
		{20C8D22C-75E4-4DD1-A7FD-4738713E3C81}.AppStore|x86.ActiveCfg = AppStore|iPhone
		{20C8D22C-75E4-4DD1-A7FD-4738713E3C81}.Debug|Any CPU.ActiveCfg = Debug|iPhone
		{20C8D22C-75E4-4DD1-A7FD-4738713E3C81}.Debug|ARM.ActiveCfg = Debug|iPhone
		{20C8D22C-75E4-4DD1-A7FD-4738713E3C81}.Debug|iPhone.ActiveCfg = Debug|iPhone
		{20C8D22C-75E4-4DD1-A7FD-4738713E3C81}.Debug|iPhone.Build.0 = Debug|iPhone
		{20C8D22C-75E4-4DD1-A7FD-4738713E3C81}.Debug|iPhoneSimulator.ActiveCfg = Debug|iPhoneSimulator
		{20C8D22C-75E4-4DD1-A7FD-4738713E3C81}.Debug|iPhoneSimulator.Build.0 = Debug|iPhoneSimulator
		{20C8D22C-75E4-4DD1-A7FD-4738713E3C81}.Debug|x64.ActiveCfg = Debug|iPhone
		{20C8D22C-75E4-4DD1-A7FD-4738713E3C81}.Debug|x86.ActiveCfg = Debug|iPhone
		{20C8D22C-75E4-4DD1-A7FD-4738713E3C81}.Release|Any CPU.ActiveCfg = Release|iPhone
		{20C8D22C-75E4-4DD1-A7FD-4738713E3C81}.Release|ARM.ActiveCfg = Release|iPhone
		{20C8D22C-75E4-4DD1-A7FD-4738713E3C81}.Release|iPhone.ActiveCfg = Release|iPhone
		{20C8D22C-75E4-4DD1-A7FD-4738713E3C81}.Release|iPhone.Build.0 = Release|iPhone
		{20C8D22C-75E4-4DD1-A7FD-4738713E3C81}.Release|iPhoneSimulator.ActiveCfg = Release|iPhoneSimulator
		{20C8D22C-75E4-4DD1-A7FD-4738713E3C81}.Release|iPhoneSimulator.Build.0 = Release|iPhoneSimulator
		{20C8D22C-75E4-4DD1-A7FD-4738713E3C81}.Release|x64.ActiveCfg = Release|iPhone
		{20C8D22C-75E4-4DD1-A7FD-4738713E3C81}.Release|x86.ActiveCfg = Release|iPhone
		{7D9E878D-6DFD-4F74-8EC2-60DDD988E2C3}.Ad-Hoc|Any CPU.ActiveCfg = Release|x86
		{7D9E878D-6DFD-4F74-8EC2-60DDD988E2C3}.Ad-Hoc|Any CPU.Build.0 = Release|x86
		{7D9E878D-6DFD-4F74-8EC2-60DDD988E2C3}.Ad-Hoc|Any CPU.Deploy.0 = Release|x86
		{7D9E878D-6DFD-4F74-8EC2-60DDD988E2C3}.Ad-Hoc|ARM.ActiveCfg = Release|ARM
		{7D9E878D-6DFD-4F74-8EC2-60DDD988E2C3}.Ad-Hoc|ARM.Build.0 = Release|ARM
		{7D9E878D-6DFD-4F74-8EC2-60DDD988E2C3}.Ad-Hoc|ARM.Deploy.0 = Release|ARM
		{7D9E878D-6DFD-4F74-8EC2-60DDD988E2C3}.Ad-Hoc|iPhone.ActiveCfg = Release|x86
		{7D9E878D-6DFD-4F74-8EC2-60DDD988E2C3}.Ad-Hoc|iPhone.Build.0 = Release|x86
		{7D9E878D-6DFD-4F74-8EC2-60DDD988E2C3}.Ad-Hoc|iPhone.Deploy.0 = Release|x86
		{7D9E878D-6DFD-4F74-8EC2-60DDD988E2C3}.Ad-Hoc|iPhoneSimulator.ActiveCfg = Release|x86
		{7D9E878D-6DFD-4F74-8EC2-60DDD988E2C3}.Ad-Hoc|iPhoneSimulator.Build.0 = Release|x86
		{7D9E878D-6DFD-4F74-8EC2-60DDD988E2C3}.Ad-Hoc|iPhoneSimulator.Deploy.0 = Release|x86
		{7D9E878D-6DFD-4F74-8EC2-60DDD988E2C3}.Ad-Hoc|x64.ActiveCfg = Release|x64
		{7D9E878D-6DFD-4F74-8EC2-60DDD988E2C3}.Ad-Hoc|x64.Build.0 = Release|x64
		{7D9E878D-6DFD-4F74-8EC2-60DDD988E2C3}.Ad-Hoc|x64.Deploy.0 = Release|x64
		{7D9E878D-6DFD-4F74-8EC2-60DDD988E2C3}.Ad-Hoc|x86.ActiveCfg = Release|x86
		{7D9E878D-6DFD-4F74-8EC2-60DDD988E2C3}.Ad-Hoc|x86.Build.0 = Release|x86
		{7D9E878D-6DFD-4F74-8EC2-60DDD988E2C3}.Ad-Hoc|x86.Deploy.0 = Release|x86
		{7D9E878D-6DFD-4F74-8EC2-60DDD988E2C3}.AppStore|Any CPU.ActiveCfg = Release|x86
		{7D9E878D-6DFD-4F74-8EC2-60DDD988E2C3}.AppStore|Any CPU.Build.0 = Release|x86
		{7D9E878D-6DFD-4F74-8EC2-60DDD988E2C3}.AppStore|Any CPU.Deploy.0 = Release|x86
		{7D9E878D-6DFD-4F74-8EC2-60DDD988E2C3}.AppStore|ARM.ActiveCfg = Release|ARM
		{7D9E878D-6DFD-4F74-8EC2-60DDD988E2C3}.AppStore|ARM.Build.0 = Release|ARM
		{7D9E878D-6DFD-4F74-8EC2-60DDD988E2C3}.AppStore|ARM.Deploy.0 = Release|ARM
		{7D9E878D-6DFD-4F74-8EC2-60DDD988E2C3}.AppStore|iPhone.ActiveCfg = Release|x86
		{7D9E878D-6DFD-4F74-8EC2-60DDD988E2C3}.AppStore|iPhone.Build.0 = Release|x86
		{7D9E878D-6DFD-4F74-8EC2-60DDD988E2C3}.AppStore|iPhone.Deploy.0 = Release|x86
		{7D9E878D-6DFD-4F74-8EC2-60DDD988E2C3}.AppStore|iPhoneSimulator.ActiveCfg = Release|x86
		{7D9E878D-6DFD-4F74-8EC2-60DDD988E2C3}.AppStore|iPhoneSimulator.Build.0 = Release|x86
		{7D9E878D-6DFD-4F74-8EC2-60DDD988E2C3}.AppStore|iPhoneSimulator.Deploy.0 = Release|x86
		{7D9E878D-6DFD-4F74-8EC2-60DDD988E2C3}.AppStore|x64.ActiveCfg = Release|x64
		{7D9E878D-6DFD-4F74-8EC2-60DDD988E2C3}.AppStore|x64.Build.0 = Release|x64
		{7D9E878D-6DFD-4F74-8EC2-60DDD988E2C3}.AppStore|x64.Deploy.0 = Release|x64
		{7D9E878D-6DFD-4F74-8EC2-60DDD988E2C3}.AppStore|x86.ActiveCfg = Release|x86
		{7D9E878D-6DFD-4F74-8EC2-60DDD988E2C3}.AppStore|x86.Build.0 = Release|x86
		{7D9E878D-6DFD-4F74-8EC2-60DDD988E2C3}.AppStore|x86.Deploy.0 = Release|x86
		{7D9E878D-6DFD-4F74-8EC2-60DDD988E2C3}.Debug|Any CPU.ActiveCfg = Debug|x86
		{7D9E878D-6DFD-4F74-8EC2-60DDD988E2C3}.Debug|ARM.ActiveCfg = Debug|ARM
		{7D9E878D-6DFD-4F74-8EC2-60DDD988E2C3}.Debug|ARM.Build.0 = Debug|ARM
		{7D9E878D-6DFD-4F74-8EC2-60DDD988E2C3}.Debug|ARM.Deploy.0 = Debug|ARM
		{7D9E878D-6DFD-4F74-8EC2-60DDD988E2C3}.Debug|iPhone.ActiveCfg = Debug|x86
		{7D9E878D-6DFD-4F74-8EC2-60DDD988E2C3}.Debug|iPhoneSimulator.ActiveCfg = Debug|x86
		{7D9E878D-6DFD-4F74-8EC2-60DDD988E2C3}.Debug|x64.ActiveCfg = Debug|x64
		{7D9E878D-6DFD-4F74-8EC2-60DDD988E2C3}.Debug|x64.Build.0 = Debug|x64
		{7D9E878D-6DFD-4F74-8EC2-60DDD988E2C3}.Debug|x64.Deploy.0 = Debug|x64
		{7D9E878D-6DFD-4F74-8EC2-60DDD988E2C3}.Debug|x86.ActiveCfg = Debug|x86
		{7D9E878D-6DFD-4F74-8EC2-60DDD988E2C3}.Debug|x86.Build.0 = Debug|x86
		{7D9E878D-6DFD-4F74-8EC2-60DDD988E2C3}.Debug|x86.Deploy.0 = Debug|x86
		{7D9E878D-6DFD-4F74-8EC2-60DDD988E2C3}.Release|Any CPU.ActiveCfg = Release|x86
		{7D9E878D-6DFD-4F74-8EC2-60DDD988E2C3}.Release|ARM.ActiveCfg = Release|ARM
		{7D9E878D-6DFD-4F74-8EC2-60DDD988E2C3}.Release|ARM.Build.0 = Release|ARM
		{7D9E878D-6DFD-4F74-8EC2-60DDD988E2C3}.Release|ARM.Deploy.0 = Release|ARM
		{7D9E878D-6DFD-4F74-8EC2-60DDD988E2C3}.Release|iPhone.ActiveCfg = Release|x86
		{7D9E878D-6DFD-4F74-8EC2-60DDD988E2C3}.Release|iPhoneSimulator.ActiveCfg = Release|x86
		{7D9E878D-6DFD-4F74-8EC2-60DDD988E2C3}.Release|x64.ActiveCfg = Release|x64
		{7D9E878D-6DFD-4F74-8EC2-60DDD988E2C3}.Release|x64.Build.0 = Release|x64
		{7D9E878D-6DFD-4F74-8EC2-60DDD988E2C3}.Release|x64.Deploy.0 = Release|x64
		{7D9E878D-6DFD-4F74-8EC2-60DDD988E2C3}.Release|x86.ActiveCfg = Release|x86
		{7D9E878D-6DFD-4F74-8EC2-60DDD988E2C3}.Release|x86.Build.0 = Release|x86
		{7D9E878D-6DFD-4F74-8EC2-60DDD988E2C3}.Release|x86.Deploy.0 = Release|x86
	EndGlobalSection
	GlobalSection(SolutionProperties) = preSolution
		HideSolutionNode = FALSE
	EndGlobalSection
EndGlobal
