
Microsoft Visual Studio Solution File, Format Version 12.00
# Visual Studio 15
VisualStudioVersion = 15.0.27703.2000
MinimumVisualStudioVersion = 10.0.40219.1
Project("{FAE04EC0-301F-11D3-BF4B-00C04F79EFBC}") = "CustomIconizeFont", "CustomIconizeFont\CustomIconizeFont\CustomIconizeFont.csproj", "{5C8827AC-6A64-428B-AE7B-89720D21580B}"
EndProject
Project("{FAE04EC0-301F-11D3-BF4B-00C04F79EFBC}") = "CustomIconizeFont.Android", "CustomIconizeFont\CustomIconizeFont.Android\CustomIconizeFont.Android.csproj", "{B44D94B4-1E2A-4D3C-8B8F-4AE576E83E9B}"
EndProject
Project("{FAE04EC0-301F-11D3-BF4B-00C04F79EFBC}") = "CustomIconizeFont.iOS", "CustomIconizeFont\CustomIconizeFont.iOS\CustomIconizeFont.iOS.csproj", "{47590E6D-EC2D-4253-A056-86835D79C44F}"
EndProject
Global
	GlobalSection(SolutionConfigurationPlatforms) = preSolution
		Ad-Hoc|Any CPU = Ad-Hoc|Any CPU
		Ad-Hoc|iPhone = Ad-Hoc|iPhone
		Ad-Hoc|iPhoneSimulator = Ad-Hoc|iPhoneSimulator
		AppStore|Any CPU = AppStore|Any CPU
		AppStore|iPhone = AppStore|iPhone
		AppStore|iPhoneSimulator = AppStore|iPhoneSimulator
		Debug|Any CPU = Debug|Any CPU
		Debug|iPhone = Debug|iPhone
		Debug|iPhoneSimulator = Debug|iPhoneSimulator
		Release|Any CPU = Release|Any CPU
		Release|iPhone = Release|iPhone
		Release|iPhoneSimulator = Release|iPhoneSimulator
	EndGlobalSection
	GlobalSection(ProjectConfigurationPlatforms) = postSolution
		{5C8827AC-6A64-428B-AE7B-89720D21580B}.Ad-Hoc|Any CPU.ActiveCfg = Debug|Any CPU
		{5C8827AC-6A64-428B-AE7B-89720D21580B}.Ad-Hoc|Any CPU.Build.0 = Debug|Any CPU
		{5C8827AC-6A64-428B-AE7B-89720D21580B}.Ad-Hoc|iPhone.ActiveCfg = Debug|Any CPU
		{5C8827AC-6A64-428B-AE7B-89720D21580B}.Ad-Hoc|iPhone.Build.0 = Debug|Any CPU
		{5C8827AC-6A64-428B-AE7B-89720D21580B}.Ad-Hoc|iPhoneSimulator.ActiveCfg = Debug|Any CPU
		{5C8827AC-6A64-428B-AE7B-89720D21580B}.Ad-Hoc|iPhoneSimulator.Build.0 = Debug|Any CPU
		{5C8827AC-6A64-428B-AE7B-89720D21580B}.AppStore|Any CPU.ActiveCfg = Debug|Any CPU
		{5C8827AC-6A64-428B-AE7B-89720D21580B}.AppStore|Any CPU.Build.0 = Debug|Any CPU
		{5C8827AC-6A64-428B-AE7B-89720D21580B}.AppStore|iPhone.ActiveCfg = Debug|Any CPU
		{5C8827AC-6A64-428B-AE7B-89720D21580B}.AppStore|iPhone.Build.0 = Debug|Any CPU
		{5C8827AC-6A64-428B-AE7B-89720D21580B}.AppStore|iPhoneSimulator.ActiveCfg = Debug|Any CPU
		{5C8827AC-6A64-428B-AE7B-89720D21580B}.AppStore|iPhoneSimulator.Build.0 = Debug|Any CPU
		{5C8827AC-6A64-428B-AE7B-89720D21580B}.Debug|Any CPU.ActiveCfg = Debug|Any CPU
		{5C8827AC-6A64-428B-AE7B-89720D21580B}.Debug|Any CPU.Build.0 = Debug|Any CPU
		{5C8827AC-6A64-428B-AE7B-89720D21580B}.Debug|iPhone.ActiveCfg = Debug|Any CPU
		{5C8827AC-6A64-428B-AE7B-89720D21580B}.Debug|iPhone.Build.0 = Debug|Any CPU
		{5C8827AC-6A64-428B-AE7B-89720D21580B}.Debug|iPhoneSimulator.ActiveCfg = Debug|Any CPU
		{5C8827AC-6A64-428B-AE7B-89720D21580B}.Debug|iPhoneSimulator.Build.0 = Debug|Any CPU
		{5C8827AC-6A64-428B-AE7B-89720D21580B}.Release|Any CPU.ActiveCfg = Release|Any CPU
		{5C8827AC-6A64-428B-AE7B-89720D21580B}.Release|Any CPU.Build.0 = Release|Any CPU
		{5C8827AC-6A64-428B-AE7B-89720D21580B}.Release|iPhone.ActiveCfg = Release|Any CPU
		{5C8827AC-6A64-428B-AE7B-89720D21580B}.Release|iPhone.Build.0 = Release|Any CPU
		{5C8827AC-6A64-428B-AE7B-89720D21580B}.Release|iPhoneSimulator.ActiveCfg = Release|Any CPU
		{5C8827AC-6A64-428B-AE7B-89720D21580B}.Release|iPhoneSimulator.Build.0 = Release|Any CPU
		{B44D94B4-1E2A-4D3C-8B8F-4AE576E83E9B}.Ad-Hoc|Any CPU.ActiveCfg = Release|Any CPU
		{B44D94B4-1E2A-4D3C-8B8F-4AE576E83E9B}.Ad-Hoc|Any CPU.Build.0 = Release|Any CPU
		{B44D94B4-1E2A-4D3C-8B8F-4AE576E83E9B}.Ad-Hoc|Any CPU.Deploy.0 = Release|Any CPU
		{B44D94B4-1E2A-4D3C-8B8F-4AE576E83E9B}.Ad-Hoc|iPhone.ActiveCfg = Release|Any CPU
		{B44D94B4-1E2A-4D3C-8B8F-4AE576E83E9B}.Ad-Hoc|iPhone.Build.0 = Release|Any CPU
		{B44D94B4-1E2A-4D3C-8B8F-4AE576E83E9B}.Ad-Hoc|iPhone.Deploy.0 = Release|Any CPU
		{B44D94B4-1E2A-4D3C-8B8F-4AE576E83E9B}.Ad-Hoc|iPhoneSimulator.ActiveCfg = Release|Any CPU
		{B44D94B4-1E2A-4D3C-8B8F-4AE576E83E9B}.Ad-Hoc|iPhoneSimulator.Build.0 = Release|Any CPU
		{B44D94B4-1E2A-4D3C-8B8F-4AE576E83E9B}.Ad-Hoc|iPhoneSimulator.Deploy.0 = Release|Any CPU
		{B44D94B4-1E2A-4D3C-8B8F-4AE576E83E9B}.AppStore|Any CPU.ActiveCfg = Release|Any CPU
		{B44D94B4-1E2A-4D3C-8B8F-4AE576E83E9B}.AppStore|Any CPU.Build.0 = Release|Any CPU
		{B44D94B4-1E2A-4D3C-8B8F-4AE576E83E9B}.AppStore|Any CPU.Deploy.0 = Release|Any CPU
		{B44D94B4-1E2A-4D3C-8B8F-4AE576E83E9B}.AppStore|iPhone.ActiveCfg = Release|Any CPU
		{B44D94B4-1E2A-4D3C-8B8F-4AE576E83E9B}.AppStore|iPhone.Build.0 = Release|Any CPU
		{B44D94B4-1E2A-4D3C-8B8F-4AE576E83E9B}.AppStore|iPhone.Deploy.0 = Release|Any CPU
		{B44D94B4-1E2A-4D3C-8B8F-4AE576E83E9B}.AppStore|iPhoneSimulator.ActiveCfg = Release|Any CPU
		{B44D94B4-1E2A-4D3C-8B8F-4AE576E83E9B}.AppStore|iPhoneSimulator.Build.0 = Release|Any CPU
		{B44D94B4-1E2A-4D3C-8B8F-4AE576E83E9B}.AppStore|iPhoneSimulator.Deploy.0 = Release|Any CPU
		{B44D94B4-1E2A-4D3C-8B8F-4AE576E83E9B}.Debug|Any CPU.ActiveCfg = Debug|Any CPU
		{B44D94B4-1E2A-4D3C-8B8F-4AE576E83E9B}.Debug|Any CPU.Build.0 = Debug|Any CPU
		{B44D94B4-1E2A-4D3C-8B8F-4AE576E83E9B}.Debug|Any CPU.Deploy.0 = Debug|Any CPU
		{B44D94B4-1E2A-4D3C-8B8F-4AE576E83E9B}.Debug|iPhone.ActiveCfg = Debug|Any CPU
		{B44D94B4-1E2A-4D3C-8B8F-4AE576E83E9B}.Debug|iPhone.Build.0 = Debug|Any CPU
		{B44D94B4-1E2A-4D3C-8B8F-4AE576E83E9B}.Debug|iPhone.Deploy.0 = Debug|Any CPU
		{B44D94B4-1E2A-4D3C-8B8F-4AE576E83E9B}.Debug|iPhoneSimulator.ActiveCfg = Debug|Any CPU
		{B44D94B4-1E2A-4D3C-8B8F-4AE576E83E9B}.Debug|iPhoneSimulator.Build.0 = Debug|Any CPU
		{B44D94B4-1E2A-4D3C-8B8F-4AE576E83E9B}.Debug|iPhoneSimulator.Deploy.0 = Debug|Any CPU
		{B44D94B4-1E2A-4D3C-8B8F-4AE576E83E9B}.Release|Any CPU.ActiveCfg = Release|Any CPU
		{B44D94B4-1E2A-4D3C-8B8F-4AE576E83E9B}.Release|Any CPU.Build.0 = Release|Any CPU
		{B44D94B4-1E2A-4D3C-8B8F-4AE576E83E9B}.Release|Any CPU.Deploy.0 = Release|Any CPU
		{B44D94B4-1E2A-4D3C-8B8F-4AE576E83E9B}.Release|iPhone.ActiveCfg = Release|Any CPU
		{B44D94B4-1E2A-4D3C-8B8F-4AE576E83E9B}.Release|iPhone.Build.0 = Release|Any CPU
		{B44D94B4-1E2A-4D3C-8B8F-4AE576E83E9B}.Release|iPhone.Deploy.0 = Release|Any CPU
		{B44D94B4-1E2A-4D3C-8B8F-4AE576E83E9B}.Release|iPhoneSimulator.ActiveCfg = Release|Any CPU
		{B44D94B4-1E2A-4D3C-8B8F-4AE576E83E9B}.Release|iPhoneSimulator.Build.0 = Release|Any CPU
		{B44D94B4-1E2A-4D3C-8B8F-4AE576E83E9B}.Release|iPhoneSimulator.Deploy.0 = Release|Any CPU
		{47590E6D-EC2D-4253-A056-86835D79C44F}.Ad-Hoc|Any CPU.ActiveCfg = Ad-Hoc|iPhone
		{47590E6D-EC2D-4253-A056-86835D79C44F}.Ad-Hoc|iPhone.ActiveCfg = Ad-Hoc|iPhone
		{47590E6D-EC2D-4253-A056-86835D79C44F}.Ad-Hoc|iPhone.Build.0 = Ad-Hoc|iPhone
		{47590E6D-EC2D-4253-A056-86835D79C44F}.Ad-Hoc|iPhoneSimulator.ActiveCfg = Ad-Hoc|iPhoneSimulator
		{47590E6D-EC2D-4253-A056-86835D79C44F}.Ad-Hoc|iPhoneSimulator.Build.0 = Ad-Hoc|iPhoneSimulator
		{47590E6D-EC2D-4253-A056-86835D79C44F}.AppStore|Any CPU.ActiveCfg = AppStore|iPhone
		{47590E6D-EC2D-4253-A056-86835D79C44F}.AppStore|iPhone.ActiveCfg = AppStore|iPhone
		{47590E6D-EC2D-4253-A056-86835D79C44F}.AppStore|iPhone.Build.0 = AppStore|iPhone
		{47590E6D-EC2D-4253-A056-86835D79C44F}.AppStore|iPhoneSimulator.ActiveCfg = AppStore|iPhoneSimulator
		{47590E6D-EC2D-4253-A056-86835D79C44F}.AppStore|iPhoneSimulator.Build.0 = AppStore|iPhoneSimulator
		{47590E6D-EC2D-4253-A056-86835D79C44F}.Debug|Any CPU.ActiveCfg = Debug|iPhone
		{47590E6D-EC2D-4253-A056-86835D79C44F}.Debug|iPhone.ActiveCfg = Debug|iPhone
		{47590E6D-EC2D-4253-A056-86835D79C44F}.Debug|iPhone.Build.0 = Debug|iPhone
		{47590E6D-EC2D-4253-A056-86835D79C44F}.Debug|iPhoneSimulator.ActiveCfg = Debug|iPhoneSimulator
		{47590E6D-EC2D-4253-A056-86835D79C44F}.Debug|iPhoneSimulator.Build.0 = Debug|iPhoneSimulator
		{47590E6D-EC2D-4253-A056-86835D79C44F}.Release|Any CPU.ActiveCfg = Release|iPhone
		{47590E6D-EC2D-4253-A056-86835D79C44F}.Release|iPhone.ActiveCfg = Release|iPhone
		{47590E6D-EC2D-4253-A056-86835D79C44F}.Release|iPhone.Build.0 = Release|iPhone
		{47590E6D-EC2D-4253-A056-86835D79C44F}.Release|iPhoneSimulator.ActiveCfg = Release|iPhoneSimulator
		{47590E6D-EC2D-4253-A056-86835D79C44F}.Release|iPhoneSimulator.Build.0 = Release|iPhoneSimulator
	EndGlobalSection
	GlobalSection(SolutionProperties) = preSolution
		HideSolutionNode = FALSE
	EndGlobalSection
	GlobalSection(ExtensibilityGlobals) = postSolution
		SolutionGuid = {51D6BFDA-FDC1-4183-B19D-3DAB797A63C3}
	EndGlobalSection
EndGlobal
